{
  "version": 4,
  "terraform_version": "1.8.1",
  "serial": 95,
  "lineage": "9ee5f66a-be24-fedc-15ed-d8b9a99efc46",
  "outputs": {},
  "resources": [
    {
      "module": "module.api",
      "mode": "managed",
      "type": "aws_api_gateway_deployment",
      "name": "this",
      "provider": "provider[\"registry.terraform.io/hashicorp/aws\"]",
      "instances": [
        {
          "schema_version": 0,
          "attributes": {
            "created_date": "2024-04-18T20:39:17Z",
            "description": "",
            "execution_arn": "arn:aws:execute-api:eu-central-1:637423285372:1mvv7womch/",
            "id": "aqdus3",
            "invoke_url": "https://1mvv7womch.execute-api.eu-central-1.amazonaws.com/",
            "rest_api_id": "1mvv7womch",
            "stage_description": null,
            "stage_name": null,
            "triggers": {
              "redeployment": "2be88ca4242c76e8253ac62474851065032d6833"
            },
            "variables": null
          },
          "sensitive_attributes": [],
          "private": "bnVsbA==",
          "dependencies": [
            "module.api.aws_api_gateway_integration.delete_course",
            "module.api.aws_api_gateway_integration.get_all_authors",
            "module.api.aws_api_gateway_integration.get_all_courses",
            "module.api.aws_api_gateway_integration.get_course",
            "module.api.aws_api_gateway_integration.post_course",
            "module.api.aws_api_gateway_integration.put_course",
            "module.api.aws_api_gateway_method.delete_course",
            "module.api.aws_api_gateway_method.get_all_authors",
            "module.api.aws_api_gateway_method.get_all_courses",
            "module.api.aws_api_gateway_method.get_course",
            "module.api.aws_api_gateway_method.post_course",
            "module.api.aws_api_gateway_method.put_course",
            "module.api.aws_api_gateway_model.post_course",
            "module.api.aws_api_gateway_model.put_course",
            "module.api.aws_api_gateway_resource.author",
            "module.api.aws_api_gateway_resource.author_all",
            "module.api.aws_api_gateway_resource.author_all_get",
            "module.api.aws_api_gateway_resource.course",
            "module.api.aws_api_gateway_resource.course_all",
            "module.api.aws_api_gateway_resource.course_all_get",
            "module.api.aws_api_gateway_resource.course_delete",
            "module.api.aws_api_gateway_resource.course_delete_id",
            "module.api.aws_api_gateway_resource.course_get",
            "module.api.aws_api_gateway_resource.course_get_id",
            "module.api.aws_api_gateway_resource.course_post",
            "module.api.aws_api_gateway_resource.course_put",
            "module.api.aws_api_gateway_rest_api.main",
            "module.iam.aws_iam_role.delete_course",
            "module.iam.aws_iam_role.get_all_authors",
            "module.iam.aws_iam_role.get_all_courses",
            "module.iam.aws_iam_role.get_course",
            "module.iam.aws_iam_role.put_course",
            "module.lambda.aws_lambda_function.delete_course",
            "module.lambda.aws_lambda_function.get_all_authors",
            "module.lambda.aws_lambda_function.get_all_courses",
            "module.lambda.aws_lambda_function.get_course",
            "module.lambda.aws_lambda_function.save_course",
            "module.lambda.aws_lambda_function.update_course",
            "module.lambda.data.archive_file.delete_course",
            "module.lambda.data.archive_file.get_all_authors",
            "module.lambda.data.archive_file.get_all_courses",
            "module.lambda.data.archive_file.get_course",
            "module.lambda.data.archive_file.save_course",
            "module.lambda.data.archive_file.update_course"
          ],
          "create_before_destroy": true
        }
      ]
    },
    {
      "module": "module.api",
      "mode": "managed",
      "type": "aws_api_gateway_integration",
      "name": "delete_course",
      "provider": "provider[\"registry.terraform.io/hashicorp/aws\"]",
      "instances": [
        {
          "schema_version": 0,
          "attributes": {
            "cache_key_parameters": null,
            "cache_namespace": "6l196o",
            "connection_id": "",
            "connection_type": "INTERNET",
            "content_handling": "",
            "credentials": "",
            "http_method": "DELETE",
            "id": "agi-1mvv7womch-6l196o-DELETE",
            "integration_http_method": "POST",
            "passthrough_behavior": "WHEN_NO_MATCH",
            "request_parameters": null,
            "request_templates": {
              "application/json": "{\"id\": \"$input.params('id')\"}"
            },
            "resource_id": "6l196o",
            "rest_api_id": "1mvv7womch",
            "timeout_milliseconds": 29000,
            "tls_config": [],
            "type": "AWS",
            "uri": "arn:aws:apigateway:eu-central-1:lambda:path/2015-03-31/functions/arn:aws:lambda:eu-central-1:637423285372:function:dev-lambda-delete-course/invocations"
          },
          "sensitive_attributes": [],
          "private": "bnVsbA==",
          "dependencies": [
            "module.api.aws_api_gateway_method.delete_course",
            "module.api.aws_api_gateway_resource.course",
            "module.api.aws_api_gateway_resource.course_delete",
            "module.api.aws_api_gateway_resource.course_delete_id",
            "module.api.aws_api_gateway_rest_api.main",
            "module.iam.aws_iam_role.delete_course",
            "module.lambda.aws_lambda_function.delete_course",
            "module.lambda.data.archive_file.delete_course"
          ],
          "create_before_destroy": true
        }
      ]
    },
    {
      "module": "module.api",
      "mode": "managed",
      "type": "aws_api_gateway_integration",
      "name": "get_all_authors",
      "provider": "provider[\"registry.terraform.io/hashicorp/aws\"]",
      "instances": [
        {
          "schema_version": 0,
          "attributes": {
            "cache_key_parameters": null,
            "cache_namespace": "qvvd7g",
            "connection_id": "",
            "connection_type": "INTERNET",
            "content_handling": "",
            "credentials": "",
            "http_method": "GET",
            "id": "agi-1mvv7womch-qvvd7g-GET",
            "integration_http_method": "POST",
            "passthrough_behavior": "WHEN_NO_MATCH",
            "request_parameters": null,
            "request_templates": null,
            "resource_id": "qvvd7g",
            "rest_api_id": "1mvv7womch",
            "timeout_milliseconds": 29000,
            "tls_config": [],
            "type": "AWS",
            "uri": "arn:aws:apigateway:eu-central-1:lambda:path/2015-03-31/functions/arn:aws:lambda:eu-central-1:637423285372:function:dev-lambda-get-all-authors/invocations"
          },
          "sensitive_attributes": [],
          "private": "bnVsbA==",
          "dependencies": [
            "module.api.aws_api_gateway_method.get_all_authors",
            "module.api.aws_api_gateway_resource.author",
            "module.api.aws_api_gateway_resource.author_all",
            "module.api.aws_api_gateway_resource.author_all_get",
            "module.api.aws_api_gateway_rest_api.main",
            "module.iam.aws_iam_role.get_all_authors",
            "module.lambda.aws_lambda_function.get_all_authors",
            "module.lambda.data.archive_file.get_all_authors"
          ],
          "create_before_destroy": true
        }
      ]
    },
    {
      "module": "module.api",
      "mode": "managed",
      "type": "aws_api_gateway_integration",
      "name": "get_all_courses",
      "provider": "provider[\"registry.terraform.io/hashicorp/aws\"]",
      "instances": [
        {
          "schema_version": 0,
          "attributes": {
            "cache_key_parameters": null,
            "cache_namespace": "dbf08e",
            "connection_id": "",
            "connection_type": "INTERNET",
            "content_handling": "",
            "credentials": "",
            "http_method": "GET",
            "id": "agi-1mvv7womch-dbf08e-GET",
            "integration_http_method": "POST",
            "passthrough_behavior": "WHEN_NO_MATCH",
            "request_parameters": null,
            "request_templates": null,
            "resource_id": "dbf08e",
            "rest_api_id": "1mvv7womch",
            "timeout_milliseconds": 29000,
            "tls_config": [],
            "type": "AWS",
            "uri": "arn:aws:apigateway:eu-central-1:lambda:path/2015-03-31/functions/arn:aws:lambda:eu-central-1:637423285372:function:dev-lambda-get-all-courses/invocations"
          },
          "sensitive_attributes": [],
          "private": "bnVsbA==",
          "dependencies": [
            "module.api.aws_api_gateway_method.get_all_courses",
            "module.api.aws_api_gateway_resource.course",
            "module.api.aws_api_gateway_resource.course_all",
            "module.api.aws_api_gateway_resource.course_all_get",
            "module.api.aws_api_gateway_rest_api.main",
            "module.iam.aws_iam_role.get_all_courses",
            "module.lambda.aws_lambda_function.get_all_courses",
            "module.lambda.data.archive_file.get_all_courses"
          ],
          "create_before_destroy": true
        }
      ]
    },
    {
      "module": "module.api",
      "mode": "managed",
      "type": "aws_api_gateway_integration",
      "name": "get_course",
      "provider": "provider[\"registry.terraform.io/hashicorp/aws\"]",
      "instances": [
        {
          "schema_version": 0,
          "attributes": {
            "cache_key_parameters": null,
            "cache_namespace": "kpb1jk",
            "connection_id": "",
            "connection_type": "INTERNET",
            "content_handling": "",
            "credentials": "",
            "http_method": "GET",
            "id": "agi-1mvv7womch-kpb1jk-GET",
            "integration_http_method": "POST",
            "passthrough_behavior": "WHEN_NO_MATCH",
            "request_parameters": null,
            "request_templates": {
              "application/json": "{\"id\": \"$input.params('id')\"}"
            },
            "resource_id": "kpb1jk",
            "rest_api_id": "1mvv7womch",
            "timeout_milliseconds": 29000,
            "tls_config": [],
            "type": "AWS",
            "uri": "arn:aws:apigateway:eu-central-1:lambda:path/2015-03-31/functions/arn:aws:lambda:eu-central-1:637423285372:function:dev-lambda-get-course/invocations"
          },
          "sensitive_attributes": [],
          "private": "bnVsbA==",
          "dependencies": [
            "module.api.aws_api_gateway_method.get_course",
            "module.api.aws_api_gateway_resource.course",
            "module.api.aws_api_gateway_resource.course_get",
            "module.api.aws_api_gateway_resource.course_get_id",
            "module.api.aws_api_gateway_rest_api.main",
            "module.iam.aws_iam_role.get_course",
            "module.lambda.aws_lambda_function.get_course",
            "module.lambda.data.archive_file.get_course"
          ],
          "create_before_destroy": true
        }
      ]
    },
    {
      "module": "module.api",
      "mode": "managed",
      "type": "aws_api_gateway_integration",
      "name": "options_author_all_get",
      "provider": "provider[\"registry.terraform.io/hashicorp/aws\"]",
      "instances": [
        {
          "schema_version": 0,
          "attributes": {
            "cache_key_parameters": null,
            "cache_namespace": "qvvd7g",
            "connection_id": "",
            "connection_type": "INTERNET",
            "content_handling": "",
            "credentials": "",
            "http_method": "OPTIONS",
            "id": "agi-1mvv7womch-qvvd7g-OPTIONS",
            "integration_http_method": "",
            "passthrough_behavior": "WHEN_NO_MATCH",
            "request_parameters": null,
            "request_templates": {
              "application/json": "{\"statusCode\": 200}"
            },
            "resource_id": "qvvd7g",
            "rest_api_id": "1mvv7womch",
            "timeout_milliseconds": 29000,
            "tls_config": [],
            "type": "MOCK",
            "uri": ""
          },
          "sensitive_attributes": [],
          "private": "bnVsbA==",
          "dependencies": [
            "module.api.aws_api_gateway_method.options_author_all_get",
            "module.api.aws_api_gateway_resource.author",
            "module.api.aws_api_gateway_resource.author_all",
            "module.api.aws_api_gateway_resource.author_all_get",
            "module.api.aws_api_gateway_rest_api.main"
          ]
        }
      ]
    },
    {
      "module": "module.api",
      "mode": "managed",
      "type": "aws_api_gateway_integration",
      "name": "options_course_all_get",
      "provider": "provider[\"registry.terraform.io/hashicorp/aws\"]",
      "instances": [
        {
          "schema_version": 0,
          "attributes": {
            "cache_key_parameters": null,
            "cache_namespace": "dbf08e",
            "connection_id": "",
            "connection_type": "INTERNET",
            "content_handling": "",
            "credentials": "",
            "http_method": "OPTIONS",
            "id": "agi-1mvv7womch-dbf08e-OPTIONS",
            "integration_http_method": "",
            "passthrough_behavior": "WHEN_NO_MATCH",
            "request_parameters": null,
            "request_templates": {
              "application/json": "{\"statusCode\": 200}"
            },
            "resource_id": "dbf08e",
            "rest_api_id": "1mvv7womch",
            "timeout_milliseconds": 29000,
            "tls_config": [],
            "type": "MOCK",
            "uri": ""
          },
          "sensitive_attributes": [],
          "private": "bnVsbA==",
          "dependencies": [
            "module.api.aws_api_gateway_method.options_course_all_get",
            "module.api.aws_api_gateway_resource.course",
            "module.api.aws_api_gateway_resource.course_all",
            "module.api.aws_api_gateway_resource.course_all_get",
            "module.api.aws_api_gateway_rest_api.main"
          ]
        }
      ]
    },
    {
      "module": "module.api",
      "mode": "managed",
      "type": "aws_api_gateway_integration",
      "name": "options_course_delete_id",
      "provider": "provider[\"registry.terraform.io/hashicorp/aws\"]",
      "instances": [
        {
          "schema_version": 0,
          "attributes": {
            "cache_key_parameters": null,
            "cache_namespace": "6l196o",
            "connection_id": "",
            "connection_type": "INTERNET",
            "content_handling": "",
            "credentials": "",
            "http_method": "OPTIONS",
            "id": "agi-1mvv7womch-6l196o-OPTIONS",
            "integration_http_method": "",
            "passthrough_behavior": "WHEN_NO_MATCH",
            "request_parameters": null,
            "request_templates": {
              "application/json": "{\"statusCode\": 200}"
            },
            "resource_id": "6l196o",
            "rest_api_id": "1mvv7womch",
            "timeout_milliseconds": 29000,
            "tls_config": [],
            "type": "MOCK",
            "uri": ""
          },
          "sensitive_attributes": [],
          "private": "bnVsbA==",
          "dependencies": [
            "module.api.aws_api_gateway_method.options_course_delete_id",
            "module.api.aws_api_gateway_resource.course",
            "module.api.aws_api_gateway_resource.course_delete",
            "module.api.aws_api_gateway_resource.course_delete_id",
            "module.api.aws_api_gateway_rest_api.main"
          ]
        }
      ]
    },
    {
      "module": "module.api",
      "mode": "managed",
      "type": "aws_api_gateway_integration",
      "name": "options_course_get_id",
      "provider": "provider[\"registry.terraform.io/hashicorp/aws\"]",
      "instances": [
        {
          "schema_version": 0,
          "attributes": {
            "cache_key_parameters": null,
            "cache_namespace": "kpb1jk",
            "connection_id": "",
            "connection_type": "INTERNET",
            "content_handling": "",
            "credentials": "",
            "http_method": "OPTIONS",
            "id": "agi-1mvv7womch-kpb1jk-OPTIONS",
            "integration_http_method": "",
            "passthrough_behavior": "WHEN_NO_MATCH",
            "request_parameters": null,
            "request_templates": {
              "application/json": "{\"statusCode\": 200}"
            },
            "resource_id": "kpb1jk",
            "rest_api_id": "1mvv7womch",
            "timeout_milliseconds": 29000,
            "tls_config": [],
            "type": "MOCK",
            "uri": ""
          },
          "sensitive_attributes": [],
          "private": "bnVsbA==",
          "dependencies": [
            "module.api.aws_api_gateway_method.options_course_get_id",
            "module.api.aws_api_gateway_resource.course",
            "module.api.aws_api_gateway_resource.course_get",
            "module.api.aws_api_gateway_resource.course_get_id",
            "module.api.aws_api_gateway_rest_api.main"
          ]
        }
      ]
    },
    {
      "module": "module.api",
      "mode": "managed",
      "type": "aws_api_gateway_integration",
      "name": "options_course_post",
      "provider": "provider[\"registry.terraform.io/hashicorp/aws\"]",
      "instances": [
        {
          "schema_version": 0,
          "attributes": {
            "cache_key_parameters": null,
            "cache_namespace": "t9kuux",
            "connection_id": "",
            "connection_type": "INTERNET",
            "content_handling": "",
            "credentials": "",
            "http_method": "OPTIONS",
            "id": "agi-1mvv7womch-t9kuux-OPTIONS",
            "integration_http_method": "",
            "passthrough_behavior": "WHEN_NO_MATCH",
            "request_parameters": null,
            "request_templates": {
              "application/json": "{\"statusCode\": 200}"
            },
            "resource_id": "t9kuux",
            "rest_api_id": "1mvv7womch",
            "timeout_milliseconds": 29000,
            "tls_config": [],
            "type": "MOCK",
            "uri": ""
          },
          "sensitive_attributes": [],
          "private": "bnVsbA==",
          "dependencies": [
            "module.api.aws_api_gateway_method.options_course_post",
            "module.api.aws_api_gateway_resource.course",
            "module.api.aws_api_gateway_resource.course_post",
            "module.api.aws_api_gateway_rest_api.main"
          ]
        }
      ]
    },
    {
      "module": "module.api",
      "mode": "managed",
      "type": "aws_api_gateway_integration",
      "name": "options_course_put",
      "provider": "provider[\"registry.terraform.io/hashicorp/aws\"]",
      "instances": [
        {
          "schema_version": 0,
          "attributes": {
            "cache_key_parameters": null,
            "cache_namespace": "aat3bp",
            "connection_id": "",
            "connection_type": "INTERNET",
            "content_handling": "",
            "credentials": "",
            "http_method": "OPTIONS",
            "id": "agi-1mvv7womch-aat3bp-OPTIONS",
            "integration_http_method": "",
            "passthrough_behavior": "WHEN_NO_MATCH",
            "request_parameters": null,
            "request_templates": {
              "application/json": "{\"statusCode\": 200}"
            },
            "resource_id": "aat3bp",
            "rest_api_id": "1mvv7womch",
            "timeout_milliseconds": 29000,
            "tls_config": [],
            "type": "MOCK",
            "uri": ""
          },
          "sensitive_attributes": [],
          "private": "bnVsbA==",
          "dependencies": [
            "module.api.aws_api_gateway_method.options_course_put",
            "module.api.aws_api_gateway_resource.course",
            "module.api.aws_api_gateway_resource.course_put",
            "module.api.aws_api_gateway_rest_api.main"
          ]
        }
      ]
    },
    {
      "module": "module.api",
      "mode": "managed",
      "type": "aws_api_gateway_integration",
      "name": "post_course",
      "provider": "provider[\"registry.terraform.io/hashicorp/aws\"]",
      "instances": [
        {
          "schema_version": 0,
          "attributes": {
            "cache_key_parameters": null,
            "cache_namespace": "t9kuux",
            "connection_id": "",
            "connection_type": "INTERNET",
            "content_handling": "",
            "credentials": "",
            "http_method": "POST",
            "id": "agi-1mvv7womch-t9kuux-POST",
            "integration_http_method": "POST",
            "passthrough_behavior": "WHEN_NO_MATCH",
            "request_parameters": null,
            "request_templates": {
              "application/xml": "{\r\n   \"body\": $input.json('$')\r\n}\r\n"
            },
            "resource_id": "t9kuux",
            "rest_api_id": "1mvv7womch",
            "timeout_milliseconds": 29000,
            "tls_config": [],
            "type": "AWS",
            "uri": "arn:aws:apigateway:eu-central-1:lambda:path/2015-03-31/functions/arn:aws:lambda:eu-central-1:637423285372:function:dev-lambda-save-course/invocations"
          },
          "sensitive_attributes": [],
          "private": "bnVsbA==",
          "dependencies": [
            "module.api.aws_api_gateway_method.post_course",
            "module.api.aws_api_gateway_model.post_course",
            "module.api.aws_api_gateway_resource.course",
            "module.api.aws_api_gateway_resource.course_post",
            "module.api.aws_api_gateway_rest_api.main",
            "module.iam.aws_iam_role.put_course",
            "module.lambda.aws_lambda_function.save_course",
            "module.lambda.data.archive_file.save_course"
          ],
          "create_before_destroy": true
        }
      ]
    },
    {
      "module": "module.api",
      "mode": "managed",
      "type": "aws_api_gateway_integration",
      "name": "put_course",
      "provider": "provider[\"registry.terraform.io/hashicorp/aws\"]",
      "instances": [
        {
          "schema_version": 0,
          "attributes": {
            "cache_key_parameters": null,
            "cache_namespace": "aat3bp",
            "connection_id": "",
            "connection_type": "INTERNET",
            "content_handling": "",
            "credentials": "",
            "http_method": "PUT",
            "id": "agi-1mvv7womch-aat3bp-PUT",
            "integration_http_method": "POST",
            "passthrough_behavior": "WHEN_NO_MATCH",
            "request_parameters": null,
            "request_templates": {
              "application/xml": "{\r\n   \"body\": $input.json('$')\r\n}\r\n"
            },
            "resource_id": "aat3bp",
            "rest_api_id": "1mvv7womch",
            "timeout_milliseconds": 29000,
            "tls_config": [],
            "type": "AWS",
            "uri": "arn:aws:apigateway:eu-central-1:lambda:path/2015-03-31/functions/arn:aws:lambda:eu-central-1:637423285372:function:dev-lambda-update-course/invocations"
          },
          "sensitive_attributes": [],
          "private": "bnVsbA==",
          "dependencies": [
            "module.api.aws_api_gateway_method.put_course",
            "module.api.aws_api_gateway_model.put_course",
            "module.api.aws_api_gateway_resource.course",
            "module.api.aws_api_gateway_resource.course_put",
            "module.api.aws_api_gateway_rest_api.main",
            "module.iam.aws_iam_role.put_course",
            "module.lambda.aws_lambda_function.update_course",
            "module.lambda.data.archive_file.update_course"
          ],
          "create_before_destroy": true
        }
      ]
    },
    {
      "module": "module.api",
      "mode": "managed",
      "type": "aws_api_gateway_integration_response",
      "name": "delete_course",
      "provider": "provider[\"registry.terraform.io/hashicorp/aws\"]",
      "instances": [
        {
          "schema_version": 0,
          "attributes": {
            "content_handling": "",
            "http_method": "DELETE",
            "id": "agir-1mvv7womch-6l196o-DELETE-200",
            "resource_id": "6l196o",
            "response_parameters": {
              "method.response.header.Access-Control-Allow-Headers": "'Content-Type,X-Amz-Date,Authorization,X-Api-Key,X-Amz-Security-Token,X-Amz-User-Agent'",
              "method.response.header.Access-Control-Allow-Methods": "'GET, OPTIONS, DELETE'",
              "method.response.header.Access-Control-Allow-Origin": "'*'"
            },
            "response_templates": null,
            "rest_api_id": "1mvv7womch",
            "selection_pattern": "",
            "status_code": "200"
          },
          "sensitive_attributes": [],
          "private": "bnVsbA==",
          "dependencies": [
            "module.api.aws_api_gateway_integration.delete_course",
            "module.api.aws_api_gateway_method.delete_course",
            "module.api.aws_api_gateway_method_response.delete_course",
            "module.api.aws_api_gateway_resource.course",
            "module.api.aws_api_gateway_resource.course_delete",
            "module.api.aws_api_gateway_resource.course_delete_id",
            "module.api.aws_api_gateway_rest_api.main",
            "module.iam.aws_iam_role.delete_course",
            "module.lambda.aws_lambda_function.delete_course",
            "module.lambda.data.archive_file.delete_course"
          ]
        }
      ]
    },
    {
      "module": "module.api",
      "mode": "managed",
      "type": "aws_api_gateway_integration_response",
      "name": "get_all_authors",
      "provider": "provider[\"registry.terraform.io/hashicorp/aws\"]",
      "instances": [
        {
          "schema_version": 0,
          "attributes": {
            "content_handling": "",
            "http_method": "GET",
            "id": "agir-1mvv7womch-qvvd7g-GET-200",
            "resource_id": "qvvd7g",
            "response_parameters": {
              "method.response.header.Access-Control-Allow-Headers": "'Content-Type,X-Amz-Date,Authorization,X-Api-Key,X-Amz-Security-Token,X-Amz-User-Agent'",
              "method.response.header.Access-Control-Allow-Methods": "'GET,OPTIONS'",
              "method.response.header.Access-Control-Allow-Origin": "'*'"
            },
            "response_templates": null,
            "rest_api_id": "1mvv7womch",
            "selection_pattern": "",
            "status_code": "200"
          },
          "sensitive_attributes": [],
          "private": "bnVsbA==",
          "dependencies": [
            "module.api.aws_api_gateway_integration.get_all_authors",
            "module.api.aws_api_gateway_method.get_all_authors",
            "module.api.aws_api_gateway_method_response.get_all_authors",
            "module.api.aws_api_gateway_resource.author",
            "module.api.aws_api_gateway_resource.author_all",
            "module.api.aws_api_gateway_resource.author_all_get",
            "module.api.aws_api_gateway_rest_api.main",
            "module.iam.aws_iam_role.get_all_authors",
            "module.lambda.aws_lambda_function.get_all_authors",
            "module.lambda.data.archive_file.get_all_authors"
          ]
        }
      ]
    },
    {
      "module": "module.api",
      "mode": "managed",
      "type": "aws_api_gateway_integration_response",
      "name": "get_all_courses",
      "provider": "provider[\"registry.terraform.io/hashicorp/aws\"]",
      "instances": [
        {
          "schema_version": 0,
          "attributes": {
            "content_handling": "",
            "http_method": "GET",
            "id": "agir-1mvv7womch-dbf08e-GET-200",
            "resource_id": "dbf08e",
            "response_parameters": {
              "method.response.header.Access-Control-Allow-Headers": "'Content-Type,X-Amz-Date,Authorization,X-Api-Key,X-Amz-Security-Token,X-Amz-User-Agent'",
              "method.response.header.Access-Control-Allow-Methods": "'GET, OPTIONS'",
              "method.response.header.Access-Control-Allow-Origin": "'*'"
            },
            "response_templates": null,
            "rest_api_id": "1mvv7womch",
            "selection_pattern": "",
            "status_code": "200"
          },
          "sensitive_attributes": [],
          "private": "bnVsbA==",
          "dependencies": [
            "module.api.aws_api_gateway_integration.get_all_courses",
            "module.api.aws_api_gateway_method.get_all_courses",
            "module.api.aws_api_gateway_method_response.get_all_courses",
            "module.api.aws_api_gateway_resource.course",
            "module.api.aws_api_gateway_resource.course_all",
            "module.api.aws_api_gateway_resource.course_all_get",
            "module.api.aws_api_gateway_rest_api.main",
            "module.iam.aws_iam_role.get_all_courses",
            "module.lambda.aws_lambda_function.get_all_courses",
            "module.lambda.data.archive_file.get_all_courses"
          ]
        }
      ]
    },
    {
      "module": "module.api",
      "mode": "managed",
      "type": "aws_api_gateway_integration_response",
      "name": "get_course",
      "provider": "provider[\"registry.terraform.io/hashicorp/aws\"]",
      "instances": [
        {
          "schema_version": 0,
          "attributes": {
            "content_handling": "",
            "http_method": "GET",
            "id": "agir-1mvv7womch-kpb1jk-GET-200",
            "resource_id": "kpb1jk",
            "response_parameters": {
              "method.response.header.Access-Control-Allow-Headers": "'Content-Type,X-Amz-Date,Authorization,X-Api-Key,X-Amz-Security-Token,X-Amz-User-Agent'",
              "method.response.header.Access-Control-Allow-Methods": "'GET, OPTIONS'",
              "method.response.header.Access-Control-Allow-Origin": "'*'"
            },
            "response_templates": null,
            "rest_api_id": "1mvv7womch",
            "selection_pattern": "",
            "status_code": "200"
          },
          "sensitive_attributes": [],
          "private": "bnVsbA==",
          "dependencies": [
            "module.api.aws_api_gateway_integration.get_course",
            "module.api.aws_api_gateway_method.get_course",
            "module.api.aws_api_gateway_method_response.get_course",
            "module.api.aws_api_gateway_resource.course",
            "module.api.aws_api_gateway_resource.course_get",
            "module.api.aws_api_gateway_resource.course_get_id",
            "module.api.aws_api_gateway_rest_api.main",
            "module.iam.aws_iam_role.get_course",
            "module.lambda.aws_lambda_function.get_course",
            "module.lambda.data.archive_file.get_course"
          ]
        }
      ]
    },
    {
      "module": "module.api",
      "mode": "managed",
      "type": "aws_api_gateway_integration_response",
      "name": "options_author_all_get",
      "provider": "provider[\"registry.terraform.io/hashicorp/aws\"]",
      "instances": [
        {
          "schema_version": 0,
          "attributes": {
            "content_handling": "",
            "http_method": "OPTIONS",
            "id": "agir-1mvv7womch-qvvd7g-OPTIONS-200",
            "resource_id": "qvvd7g",
            "response_parameters": {
              "method.response.header.Access-Control-Allow-Headers": "'Content-Type,X-Amz-Date,Authorization,X-Api-Key,X-Amz-Security-Token'",
              "method.response.header.Access-Control-Allow-Methods": "'GET,OPTIONS'",
              "method.response.header.Access-Control-Allow-Origin": "'*'"
            },
            "response_templates": null,
            "rest_api_id": "1mvv7womch",
            "selection_pattern": "",
            "status_code": "200"
          },
          "sensitive_attributes": [],
          "private": "bnVsbA==",
          "dependencies": [
            "module.api.aws_api_gateway_integration.options_author_all_get",
            "module.api.aws_api_gateway_method.options_author_all_get",
            "module.api.aws_api_gateway_method_response.options_author_all_get",
            "module.api.aws_api_gateway_resource.author",
            "module.api.aws_api_gateway_resource.author_all",
            "module.api.aws_api_gateway_resource.author_all_get",
            "module.api.aws_api_gateway_rest_api.main"
          ]
        }
      ]
    },
    {
      "module": "module.api",
      "mode": "managed",
      "type": "aws_api_gateway_integration_response",
      "name": "options_course_all_get",
      "provider": "provider[\"registry.terraform.io/hashicorp/aws\"]",
      "instances": [
        {
          "schema_version": 0,
          "attributes": {
            "content_handling": "",
            "http_method": "OPTIONS",
            "id": "agir-1mvv7womch-dbf08e-OPTIONS-200",
            "resource_id": "dbf08e",
            "response_parameters": {
              "method.response.header.Access-Control-Allow-Headers": "'Content-Type,X-Amz-Date,Authorization,X-Api-Key,X-Amz-Security-Token'",
              "method.response.header.Access-Control-Allow-Methods": "'GET,OPTIONS'",
              "method.response.header.Access-Control-Allow-Origin": "'*'"
            },
            "response_templates": null,
            "rest_api_id": "1mvv7womch",
            "selection_pattern": "",
            "status_code": "200"
          },
          "sensitive_attributes": [],
          "private": "bnVsbA==",
          "dependencies": [
            "module.api.aws_api_gateway_integration.options_course_all_get",
            "module.api.aws_api_gateway_method.options_course_all_get",
            "module.api.aws_api_gateway_method_response.options_course_all_get",
            "module.api.aws_api_gateway_resource.course",
            "module.api.aws_api_gateway_resource.course_all",
            "module.api.aws_api_gateway_resource.course_all_get",
            "module.api.aws_api_gateway_rest_api.main"
          ]
        }
      ]
    },
    {
      "module": "module.api",
      "mode": "managed",
      "type": "aws_api_gateway_integration_response",
      "name": "options_course_delete_id",
      "provider": "provider[\"registry.terraform.io/hashicorp/aws\"]",
      "instances": [
        {
          "schema_version": 0,
          "attributes": {
            "content_handling": "",
            "http_method": "OPTIONS",
            "id": "agir-1mvv7womch-6l196o-OPTIONS-200",
            "resource_id": "6l196o",
            "response_parameters": {
              "method.response.header.Access-Control-Allow-Headers": "'Content-Type,X-Amz-Date,Authorization,X-Api-Key,X-Amz-Security-Token'",
              "method.response.header.Access-Control-Allow-Methods": "'GET,OPTIONS,DELETE'",
              "method.response.header.Access-Control-Allow-Origin": "'*'"
            },
            "response_templates": null,
            "rest_api_id": "1mvv7womch",
            "selection_pattern": "",
            "status_code": "200"
          },
          "sensitive_attributes": [],
          "private": "bnVsbA==",
          "dependencies": [
            "module.api.aws_api_gateway_integration.options_course_delete_id",
            "module.api.aws_api_gateway_method.options_course_delete_id",
            "module.api.aws_api_gateway_method_response.options_course_delete_id",
            "module.api.aws_api_gateway_resource.course",
            "module.api.aws_api_gateway_resource.course_delete",
            "module.api.aws_api_gateway_resource.course_delete_id",
            "module.api.aws_api_gateway_rest_api.main"
          ]
        }
      ]
    },
    {
      "module": "module.api",
      "mode": "managed",
      "type": "aws_api_gateway_integration_response",
      "name": "options_course_get_id",
      "provider": "provider[\"registry.terraform.io/hashicorp/aws\"]",
      "instances": [
        {
          "schema_version": 0,
          "attributes": {
            "content_handling": "",
            "http_method": "OPTIONS",
            "id": "agir-1mvv7womch-kpb1jk-OPTIONS-200",
            "resource_id": "kpb1jk",
            "response_parameters": {
              "method.response.header.Access-Control-Allow-Headers": "'Content-Type,X-Amz-Date,Authorization,X-Api-Key,X-Amz-Security-Token'",
              "method.response.header.Access-Control-Allow-Methods": "'GET,OPTIONS'",
              "method.response.header.Access-Control-Allow-Origin": "'*'"
            },
            "response_templates": null,
            "rest_api_id": "1mvv7womch",
            "selection_pattern": "",
            "status_code": "200"
          },
          "sensitive_attributes": [],
          "private": "bnVsbA==",
          "dependencies": [
            "module.api.aws_api_gateway_integration.options_course_get_id",
            "module.api.aws_api_gateway_method.options_course_get_id",
            "module.api.aws_api_gateway_method_response.options_course_get_id",
            "module.api.aws_api_gateway_resource.course",
            "module.api.aws_api_gateway_resource.course_get",
            "module.api.aws_api_gateway_resource.course_get_id",
            "module.api.aws_api_gateway_rest_api.main"
          ]
        }
      ]
    },
    {
      "module": "module.api",
      "mode": "managed",
      "type": "aws_api_gateway_integration_response",
      "name": "options_course_post",
      "provider": "provider[\"registry.terraform.io/hashicorp/aws\"]",
      "instances": [
        {
          "schema_version": 0,
          "attributes": {
            "content_handling": "",
            "http_method": "OPTIONS",
            "id": "agir-1mvv7womch-t9kuux-OPTIONS-200",
            "resource_id": "t9kuux",
            "response_parameters": {
              "method.response.header.Access-Control-Allow-Headers": "'Content-Type,X-Amz-Date,Authorization,X-Api-Key,X-Amz-Security-Token'",
              "method.response.header.Access-Control-Allow-Methods": "'GET,POST,OPTIONS'",
              "method.response.header.Access-Control-Allow-Origin": "'*'"
            },
            "response_templates": null,
            "rest_api_id": "1mvv7womch",
            "selection_pattern": "",
            "status_code": "200"
          },
          "sensitive_attributes": [],
          "private": "bnVsbA==",
          "dependencies": [
            "module.api.aws_api_gateway_integration.options_course_post",
            "module.api.aws_api_gateway_method.options_course_post",
            "module.api.aws_api_gateway_method_response.options_course_post",
            "module.api.aws_api_gateway_resource.course",
            "module.api.aws_api_gateway_resource.course_post",
            "module.api.aws_api_gateway_rest_api.main"
          ]
        }
      ]
    },
    {
      "module": "module.api",
      "mode": "managed",
      "type": "aws_api_gateway_integration_response",
      "name": "options_course_put",
      "provider": "provider[\"registry.terraform.io/hashicorp/aws\"]",
      "instances": [
        {
          "schema_version": 0,
          "attributes": {
            "content_handling": "",
            "http_method": "OPTIONS",
            "id": "agir-1mvv7womch-aat3bp-OPTIONS-200",
            "resource_id": "aat3bp",
            "response_parameters": {
              "method.response.header.Access-Control-Allow-Headers": "'Content-Type,X-Amz-Date,Authorization,X-Api-Key,X-Amz-Security-Token'",
              "method.response.header.Access-Control-Allow-Methods": "'GET,OPTIONS,PUT'",
              "method.response.header.Access-Control-Allow-Origin": "'*'"
            },
            "response_templates": null,
            "rest_api_id": "1mvv7womch",
            "selection_pattern": "",
            "status_code": "200"
          },
          "sensitive_attributes": [],
          "private": "bnVsbA==",
          "dependencies": [
            "module.api.aws_api_gateway_integration.options_course_put",
            "module.api.aws_api_gateway_method.options_course_put",
            "module.api.aws_api_gateway_method_response.options_course_put",
            "module.api.aws_api_gateway_resource.course",
            "module.api.aws_api_gateway_resource.course_put",
            "module.api.aws_api_gateway_rest_api.main"
          ]
        }
      ]
    },
    {
      "module": "module.api",
      "mode": "managed",
      "type": "aws_api_gateway_integration_response",
      "name": "post_course",
      "provider": "provider[\"registry.terraform.io/hashicorp/aws\"]",
      "instances": [
        {
          "schema_version": 0,
          "attributes": {
            "content_handling": "",
            "http_method": "POST",
            "id": "agir-1mvv7womch-t9kuux-POST-200",
            "resource_id": "t9kuux",
            "response_parameters": {
              "method.response.header.Access-Control-Allow-Headers": "'Content-Type,X-Amz-Date,Authorization,X-Api-Key,X-Amz-Security-Token,X-Amz-User-Agent'",
              "method.response.header.Access-Control-Allow-Methods": "'GET, OPTIONS, POST'",
              "method.response.header.Access-Control-Allow-Origin": "'*'"
            },
            "response_templates": null,
            "rest_api_id": "1mvv7womch",
            "selection_pattern": "",
            "status_code": "200"
          },
          "sensitive_attributes": [],
          "private": "bnVsbA==",
          "dependencies": [
            "module.api.aws_api_gateway_integration.post_course",
            "module.api.aws_api_gateway_method.post_course",
            "module.api.aws_api_gateway_method_response.post_course",
            "module.api.aws_api_gateway_model.post_course",
            "module.api.aws_api_gateway_resource.course",
            "module.api.aws_api_gateway_resource.course_post",
            "module.api.aws_api_gateway_rest_api.main",
            "module.iam.aws_iam_role.put_course",
            "module.lambda.aws_lambda_function.save_course",
            "module.lambda.data.archive_file.save_course"
          ]
        }
      ]
    },
    {
      "module": "module.api",
      "mode": "managed",
      "type": "aws_api_gateway_integration_response",
      "name": "put_course",
      "provider": "provider[\"registry.terraform.io/hashicorp/aws\"]",
      "instances": [
        {
          "schema_version": 0,
          "attributes": {
            "content_handling": "",
            "http_method": "PUT",
            "id": "agir-1mvv7womch-aat3bp-PUT-200",
            "resource_id": "aat3bp",
            "response_parameters": {
              "method.response.header.Access-Control-Allow-Headers": "'Content-Type,X-Amz-Date,Authorization,X-Api-Key,X-Amz-Security-Token,X-Amz-User-Agent'",
              "method.response.header.Access-Control-Allow-Methods": "'GET, OPTIONS, PUT'",
              "method.response.header.Access-Control-Allow-Origin": "'*'"
            },
            "response_templates": null,
            "rest_api_id": "1mvv7womch",
            "selection_pattern": "",
            "status_code": "200"
          },
          "sensitive_attributes": [],
          "private": "bnVsbA==",
          "dependencies": [
            "module.api.aws_api_gateway_integration.put_course",
            "module.api.aws_api_gateway_method.put_course",
            "module.api.aws_api_gateway_method_response.put_course",
            "module.api.aws_api_gateway_model.put_course",
            "module.api.aws_api_gateway_resource.course",
            "module.api.aws_api_gateway_resource.course_put",
            "module.api.aws_api_gateway_rest_api.main",
            "module.iam.aws_iam_role.put_course",
            "module.lambda.aws_lambda_function.update_course",
            "module.lambda.data.archive_file.update_course"
          ]
        }
      ]
    },
    {
      "module": "module.api",
      "mode": "managed",
      "type": "aws_api_gateway_method",
      "name": "delete_course",
      "provider": "provider[\"registry.terraform.io/hashicorp/aws\"]",
      "instances": [
        {
          "schema_version": 0,
          "attributes": {
            "api_key_required": false,
            "authorization": "NONE",
            "authorization_scopes": null,
            "authorizer_id": null,
            "http_method": "DELETE",
            "id": "agm-1mvv7womch-6l196o-DELETE",
            "operation_name": null,
            "request_models": null,
            "request_parameters": null,
            "request_validator_id": null,
            "resource_id": "6l196o",
            "rest_api_id": "1mvv7womch"
          },
          "sensitive_attributes": [],
          "private": "bnVsbA==",
          "dependencies": [
            "module.api.aws_api_gateway_resource.course",
            "module.api.aws_api_gateway_resource.course_delete",
            "module.api.aws_api_gateway_resource.course_delete_id",
            "module.api.aws_api_gateway_rest_api.main"
          ],
          "create_before_destroy": true
        }
      ]
    },
    {
      "module": "module.api",
      "mode": "managed",
      "type": "aws_api_gateway_method",
      "name": "get_all_authors",
      "provider": "provider[\"registry.terraform.io/hashicorp/aws\"]",
      "instances": [
        {
          "schema_version": 0,
          "attributes": {
            "api_key_required": false,
            "authorization": "NONE",
            "authorization_scopes": null,
            "authorizer_id": null,
            "http_method": "GET",
            "id": "agm-1mvv7womch-qvvd7g-GET",
            "operation_name": null,
            "request_models": null,
            "request_parameters": null,
            "request_validator_id": null,
            "resource_id": "qvvd7g",
            "rest_api_id": "1mvv7womch"
          },
          "sensitive_attributes": [],
          "private": "bnVsbA==",
          "dependencies": [
            "module.api.aws_api_gateway_resource.author",
            "module.api.aws_api_gateway_resource.author_all",
            "module.api.aws_api_gateway_resource.author_all_get",
            "module.api.aws_api_gateway_rest_api.main"
          ],
          "create_before_destroy": true
        }
      ]
    },
    {
      "module": "module.api",
      "mode": "managed",
      "type": "aws_api_gateway_method",
      "name": "get_all_courses",
      "provider": "provider[\"registry.terraform.io/hashicorp/aws\"]",
      "instances": [
        {
          "schema_version": 0,
          "attributes": {
            "api_key_required": false,
            "authorization": "NONE",
            "authorization_scopes": null,
            "authorizer_id": null,
            "http_method": "GET",
            "id": "agm-1mvv7womch-dbf08e-GET",
            "operation_name": null,
            "request_models": null,
            "request_parameters": null,
            "request_validator_id": null,
            "resource_id": "dbf08e",
            "rest_api_id": "1mvv7womch"
          },
          "sensitive_attributes": [],
          "private": "bnVsbA==",
          "dependencies": [
            "module.api.aws_api_gateway_resource.course",
            "module.api.aws_api_gateway_resource.course_all",
            "module.api.aws_api_gateway_resource.course_all_get",
            "module.api.aws_api_gateway_rest_api.main"
          ],
          "create_before_destroy": true
        }
      ]
    },
    {
      "module": "module.api",
      "mode": "managed",
      "type": "aws_api_gateway_method",
      "name": "get_course",
      "provider": "provider[\"registry.terraform.io/hashicorp/aws\"]",
      "instances": [
        {
          "schema_version": 0,
          "attributes": {
            "api_key_required": false,
            "authorization": "NONE",
            "authorization_scopes": null,
            "authorizer_id": null,
            "http_method": "GET",
            "id": "agm-1mvv7womch-kpb1jk-GET",
            "operation_name": null,
            "request_models": null,
            "request_parameters": null,
            "request_validator_id": null,
            "resource_id": "kpb1jk",
            "rest_api_id": "1mvv7womch"
          },
          "sensitive_attributes": [],
          "private": "bnVsbA==",
          "dependencies": [
            "module.api.aws_api_gateway_resource.course",
            "module.api.aws_api_gateway_resource.course_get",
            "module.api.aws_api_gateway_resource.course_get_id",
            "module.api.aws_api_gateway_rest_api.main"
          ],
          "create_before_destroy": true
        }
      ]
    },
    {
      "module": "module.api",
      "mode": "managed",
      "type": "aws_api_gateway_method",
      "name": "options_author_all_get",
      "provider": "provider[\"registry.terraform.io/hashicorp/aws\"]",
      "instances": [
        {
          "schema_version": 0,
          "attributes": {
            "api_key_required": false,
            "authorization": "NONE",
            "authorization_scopes": null,
            "authorizer_id": null,
            "http_method": "OPTIONS",
            "id": "agm-1mvv7womch-qvvd7g-OPTIONS",
            "operation_name": null,
            "request_models": null,
            "request_parameters": null,
            "request_validator_id": null,
            "resource_id": "qvvd7g",
            "rest_api_id": "1mvv7womch"
          },
          "sensitive_attributes": [],
          "private": "bnVsbA==",
          "dependencies": [
            "module.api.aws_api_gateway_resource.author",
            "module.api.aws_api_gateway_resource.author_all",
            "module.api.aws_api_gateway_resource.author_all_get",
            "module.api.aws_api_gateway_rest_api.main"
          ]
        }
      ]
    },
    {
      "module": "module.api",
      "mode": "managed",
      "type": "aws_api_gateway_method",
      "name": "options_course_all_get",
      "provider": "provider[\"registry.terraform.io/hashicorp/aws\"]",
      "instances": [
        {
          "schema_version": 0,
          "attributes": {
            "api_key_required": false,
            "authorization": "NONE",
            "authorization_scopes": null,
            "authorizer_id": null,
            "http_method": "OPTIONS",
            "id": "agm-1mvv7womch-dbf08e-OPTIONS",
            "operation_name": null,
            "request_models": null,
            "request_parameters": null,
            "request_validator_id": null,
            "resource_id": "dbf08e",
            "rest_api_id": "1mvv7womch"
          },
          "sensitive_attributes": [],
          "private": "bnVsbA==",
          "dependencies": [
            "module.api.aws_api_gateway_resource.course",
            "module.api.aws_api_gateway_resource.course_all",
            "module.api.aws_api_gateway_resource.course_all_get",
            "module.api.aws_api_gateway_rest_api.main"
          ]
        }
      ]
    },
    {
      "module": "module.api",
      "mode": "managed",
      "type": "aws_api_gateway_method",
      "name": "options_course_delete_id",
      "provider": "provider[\"registry.terraform.io/hashicorp/aws\"]",
      "instances": [
        {
          "schema_version": 0,
          "attributes": {
            "api_key_required": false,
            "authorization": "NONE",
            "authorization_scopes": null,
            "authorizer_id": null,
            "http_method": "OPTIONS",
            "id": "agm-1mvv7womch-6l196o-OPTIONS",
            "operation_name": null,
            "request_models": null,
            "request_parameters": null,
            "request_validator_id": null,
            "resource_id": "6l196o",
            "rest_api_id": "1mvv7womch"
          },
          "sensitive_attributes": [],
          "private": "bnVsbA==",
          "dependencies": [
            "module.api.aws_api_gateway_resource.course",
            "module.api.aws_api_gateway_resource.course_delete",
            "module.api.aws_api_gateway_resource.course_delete_id",
            "module.api.aws_api_gateway_rest_api.main"
          ]
        }
      ]
    },
    {
      "module": "module.api",
      "mode": "managed",
      "type": "aws_api_gateway_method",
      "name": "options_course_get_id",
      "provider": "provider[\"registry.terraform.io/hashicorp/aws\"]",
      "instances": [
        {
          "schema_version": 0,
          "attributes": {
            "api_key_required": false,
            "authorization": "NONE",
            "authorization_scopes": null,
            "authorizer_id": null,
            "http_method": "OPTIONS",
            "id": "agm-1mvv7womch-kpb1jk-OPTIONS",
            "operation_name": null,
            "request_models": null,
            "request_parameters": null,
            "request_validator_id": null,
            "resource_id": "kpb1jk",
            "rest_api_id": "1mvv7womch"
          },
          "sensitive_attributes": [],
          "private": "bnVsbA==",
          "dependencies": [
            "module.api.aws_api_gateway_resource.course",
            "module.api.aws_api_gateway_resource.course_get",
            "module.api.aws_api_gateway_resource.course_get_id",
            "module.api.aws_api_gateway_rest_api.main"
          ]
        }
      ]
    },
    {
      "module": "module.api",
      "mode": "managed",
      "type": "aws_api_gateway_method",
      "name": "options_course_post",
      "provider": "provider[\"registry.terraform.io/hashicorp/aws\"]",
      "instances": [
        {
          "schema_version": 0,
          "attributes": {
            "api_key_required": false,
            "authorization": "NONE",
            "authorization_scopes": null,
            "authorizer_id": null,
            "http_method": "OPTIONS",
            "id": "agm-1mvv7womch-t9kuux-OPTIONS",
            "operation_name": null,
            "request_models": null,
            "request_parameters": null,
            "request_validator_id": null,
            "resource_id": "t9kuux",
            "rest_api_id": "1mvv7womch"
          },
          "sensitive_attributes": [],
          "private": "bnVsbA==",
          "dependencies": [
            "module.api.aws_api_gateway_resource.course",
            "module.api.aws_api_gateway_resource.course_post",
            "module.api.aws_api_gateway_rest_api.main"
          ]
        }
      ]
    },
    {
      "module": "module.api",
      "mode": "managed",
      "type": "aws_api_gateway_method",
      "name": "options_course_put",
      "provider": "provider[\"registry.terraform.io/hashicorp/aws\"]",
      "instances": [
        {
          "schema_version": 0,
          "attributes": {
            "api_key_required": false,
            "authorization": "NONE",
            "authorization_scopes": null,
            "authorizer_id": null,
            "http_method": "OPTIONS",
            "id": "agm-1mvv7womch-aat3bp-OPTIONS",
            "operation_name": null,
            "request_models": null,
            "request_parameters": null,
            "request_validator_id": null,
            "resource_id": "aat3bp",
            "rest_api_id": "1mvv7womch"
          },
          "sensitive_attributes": [],
          "private": "bnVsbA==",
          "dependencies": [
            "module.api.aws_api_gateway_resource.course",
            "module.api.aws_api_gateway_resource.course_put",
            "module.api.aws_api_gateway_rest_api.main"
          ]
        }
      ]
    },
    {
      "module": "module.api",
      "mode": "managed",
      "type": "aws_api_gateway_method",
      "name": "post_course",
      "provider": "provider[\"registry.terraform.io/hashicorp/aws\"]",
      "instances": [
        {
          "schema_version": 0,
          "attributes": {
            "api_key_required": false,
            "authorization": "NONE",
            "authorization_scopes": null,
            "authorizer_id": null,
            "http_method": "POST",
            "id": "agm-1mvv7womch-t9kuux-POST",
            "operation_name": null,
            "request_models": {
              "application/json": "CourseInputModel"
            },
            "request_parameters": null,
            "request_validator_id": null,
            "resource_id": "t9kuux",
            "rest_api_id": "1mvv7womch"
          },
          "sensitive_attributes": [],
          "private": "bnVsbA==",
          "dependencies": [
            "module.api.aws_api_gateway_model.post_course",
            "module.api.aws_api_gateway_resource.course",
            "module.api.aws_api_gateway_resource.course_post",
            "module.api.aws_api_gateway_rest_api.main"
          ],
          "create_before_destroy": true
        }
      ]
    },
    {
      "module": "module.api",
      "mode": "managed",
      "type": "aws_api_gateway_method",
      "name": "put_course",
      "provider": "provider[\"registry.terraform.io/hashicorp/aws\"]",
      "instances": [
        {
          "schema_version": 0,
          "attributes": {
            "api_key_required": false,
            "authorization": "NONE",
            "authorization_scopes": null,
            "authorizer_id": null,
            "http_method": "PUT",
            "id": "agm-1mvv7womch-aat3bp-PUT",
            "operation_name": null,
            "request_models": {
              "application/json": "CourseUpdateModel"
            },
            "request_parameters": null,
            "request_validator_id": null,
            "resource_id": "aat3bp",
            "rest_api_id": "1mvv7womch"
          },
          "sensitive_attributes": [],
          "private": "bnVsbA==",
          "dependencies": [
            "module.api.aws_api_gateway_model.put_course",
            "module.api.aws_api_gateway_resource.course",
            "module.api.aws_api_gateway_resource.course_put",
            "module.api.aws_api_gateway_rest_api.main"
          ],
          "create_before_destroy": true
        }
      ]
    },
    {
      "module": "module.api",
      "mode": "managed",
      "type": "aws_api_gateway_method_response",
      "name": "delete_course",
      "provider": "provider[\"registry.terraform.io/hashicorp/aws\"]",
      "instances": [
        {
          "schema_version": 0,
          "attributes": {
            "http_method": "DELETE",
            "id": "agmr-1mvv7womch-6l196o-DELETE-200",
            "resource_id": "6l196o",
            "response_models": {
              "application/json": "Empty"
            },
            "response_parameters": {
              "method.response.header.Access-Control-Allow-Headers": true,
              "method.response.header.Access-Control-Allow-Methods": true,
              "method.response.header.Access-Control-Allow-Origin": true
            },
            "rest_api_id": "1mvv7womch",
            "status_code": "200"
          },
          "sensitive_attributes": [],
          "private": "bnVsbA==",
          "dependencies": [
            "module.api.aws_api_gateway_method.delete_course",
            "module.api.aws_api_gateway_resource.course",
            "module.api.aws_api_gateway_resource.course_delete",
            "module.api.aws_api_gateway_resource.course_delete_id",
            "module.api.aws_api_gateway_rest_api.main"
          ]
        }
      ]
    },
    {
      "module": "module.api",
      "mode": "managed",
      "type": "aws_api_gateway_method_response",
      "name": "get_all_authors",
      "provider": "provider[\"registry.terraform.io/hashicorp/aws\"]",
      "instances": [
        {
          "schema_version": 0,
          "attributes": {
            "http_method": "GET",
            "id": "agmr-1mvv7womch-qvvd7g-GET-200",
            "resource_id": "qvvd7g",
            "response_models": null,
            "response_parameters": {
              "method.response.header.Access-Control-Allow-Headers": true,
              "method.response.header.Access-Control-Allow-Methods": true,
              "method.response.header.Access-Control-Allow-Origin": true
            },
            "rest_api_id": "1mvv7womch",
            "status_code": "200"
          },
          "sensitive_attributes": [],
          "private": "bnVsbA==",
          "dependencies": [
            "module.api.aws_api_gateway_method.get_all_authors",
            "module.api.aws_api_gateway_resource.author",
            "module.api.aws_api_gateway_resource.author_all",
            "module.api.aws_api_gateway_resource.author_all_get",
            "module.api.aws_api_gateway_rest_api.main"
          ]
        }
      ]
    },
    {
      "module": "module.api",
      "mode": "managed",
      "type": "aws_api_gateway_method_response",
      "name": "get_all_courses",
      "provider": "provider[\"registry.terraform.io/hashicorp/aws\"]",
      "instances": [
        {
          "schema_version": 0,
          "attributes": {
            "http_method": "GET",
            "id": "agmr-1mvv7womch-dbf08e-GET-200",
            "resource_id": "dbf08e",
            "response_models": null,
            "response_parameters": {
              "method.response.header.Access-Control-Allow-Headers": true,
              "method.response.header.Access-Control-Allow-Methods": true,
              "method.response.header.Access-Control-Allow-Origin": true
            },
            "rest_api_id": "1mvv7womch",
            "status_code": "200"
          },
          "sensitive_attributes": [],
          "private": "bnVsbA==",
          "dependencies": [
            "module.api.aws_api_gateway_method.get_all_courses",
            "module.api.aws_api_gateway_resource.course",
            "module.api.aws_api_gateway_resource.course_all",
            "module.api.aws_api_gateway_resource.course_all_get",
            "module.api.aws_api_gateway_rest_api.main"
          ]
        }
      ]
    },
    {
      "module": "module.api",
      "mode": "managed",
      "type": "aws_api_gateway_method_response",
      "name": "get_course",
      "provider": "provider[\"registry.terraform.io/hashicorp/aws\"]",
      "instances": [
        {
          "schema_version": 0,
          "attributes": {
            "http_method": "GET",
            "id": "agmr-1mvv7womch-kpb1jk-GET-200",
            "resource_id": "kpb1jk",
            "response_models": {
              "application/json": "Empty"
            },
            "response_parameters": {
              "method.response.header.Access-Control-Allow-Headers": true,
              "method.response.header.Access-Control-Allow-Methods": true,
              "method.response.header.Access-Control-Allow-Origin": true
            },
            "rest_api_id": "1mvv7womch",
            "status_code": "200"
          },
          "sensitive_attributes": [],
          "private": "bnVsbA==",
          "dependencies": [
            "module.api.aws_api_gateway_method.get_course",
            "module.api.aws_api_gateway_resource.course",
            "module.api.aws_api_gateway_resource.course_get",
            "module.api.aws_api_gateway_resource.course_get_id",
            "module.api.aws_api_gateway_rest_api.main"
          ]
        }
      ]
    },
    {
      "module": "module.api",
      "mode": "managed",
      "type": "aws_api_gateway_method_response",
      "name": "options_author_all_get",
      "provider": "provider[\"registry.terraform.io/hashicorp/aws\"]",
      "instances": [
        {
          "schema_version": 0,
          "attributes": {
            "http_method": "OPTIONS",
            "id": "agmr-1mvv7womch-qvvd7g-OPTIONS-200",
            "resource_id": "qvvd7g",
            "response_models": {
              "application/json": "Empty"
            },
            "response_parameters": {
              "method.response.header.Access-Control-Allow-Headers": true,
              "method.response.header.Access-Control-Allow-Methods": true,
              "method.response.header.Access-Control-Allow-Origin": true
            },
            "rest_api_id": "1mvv7womch",
            "status_code": "200"
          },
          "sensitive_attributes": [],
          "private": "bnVsbA==",
          "dependencies": [
            "module.api.aws_api_gateway_method.options_author_all_get",
            "module.api.aws_api_gateway_resource.author",
            "module.api.aws_api_gateway_resource.author_all",
            "module.api.aws_api_gateway_resource.author_all_get",
            "module.api.aws_api_gateway_rest_api.main"
          ]
        }
      ]
    },
    {
      "module": "module.api",
      "mode": "managed",
      "type": "aws_api_gateway_method_response",
      "name": "options_course_all_get",
      "provider": "provider[\"registry.terraform.io/hashicorp/aws\"]",
      "instances": [
        {
          "schema_version": 0,
          "attributes": {
            "http_method": "OPTIONS",
            "id": "agmr-1mvv7womch-dbf08e-OPTIONS-200",
            "resource_id": "dbf08e",
            "response_models": {
              "application/json": "Empty"
            },
            "response_parameters": {
              "method.response.header.Access-Control-Allow-Headers": true,
              "method.response.header.Access-Control-Allow-Methods": true,
              "method.response.header.Access-Control-Allow-Origin": true
            },
            "rest_api_id": "1mvv7womch",
            "status_code": "200"
          },
          "sensitive_attributes": [],
          "private": "bnVsbA==",
          "dependencies": [
            "module.api.aws_api_gateway_method.options_course_all_get",
            "module.api.aws_api_gateway_resource.course",
            "module.api.aws_api_gateway_resource.course_all",
            "module.api.aws_api_gateway_resource.course_all_get",
            "module.api.aws_api_gateway_rest_api.main"
          ]
        }
      ]
    },
    {
      "module": "module.api",
      "mode": "managed",
      "type": "aws_api_gateway_method_response",
      "name": "options_course_delete_id",
      "provider": "provider[\"registry.terraform.io/hashicorp/aws\"]",
      "instances": [
        {
          "schema_version": 0,
          "attributes": {
            "http_method": "OPTIONS",
            "id": "agmr-1mvv7womch-6l196o-OPTIONS-200",
            "resource_id": "6l196o",
            "response_models": {
              "application/json": "Empty"
            },
            "response_parameters": {
              "method.response.header.Access-Control-Allow-Headers": true,
              "method.response.header.Access-Control-Allow-Methods": true,
              "method.response.header.Access-Control-Allow-Origin": true
            },
            "rest_api_id": "1mvv7womch",
            "status_code": "200"
          },
          "sensitive_attributes": [],
          "private": "bnVsbA==",
          "dependencies": [
            "module.api.aws_api_gateway_method.options_course_delete_id",
            "module.api.aws_api_gateway_resource.course",
            "module.api.aws_api_gateway_resource.course_delete",
            "module.api.aws_api_gateway_resource.course_delete_id",
            "module.api.aws_api_gateway_rest_api.main"
          ]
        }
      ]
    },
    {
      "module": "module.api",
      "mode": "managed",
      "type": "aws_api_gateway_method_response",
      "name": "options_course_get_id",
      "provider": "provider[\"registry.terraform.io/hashicorp/aws\"]",
      "instances": [
        {
          "schema_version": 0,
          "attributes": {
            "http_method": "OPTIONS",
            "id": "agmr-1mvv7womch-kpb1jk-OPTIONS-200",
            "resource_id": "kpb1jk",
            "response_models": {
              "application/json": "Empty"
            },
            "response_parameters": {
              "method.response.header.Access-Control-Allow-Headers": true,
              "method.response.header.Access-Control-Allow-Methods": true,
              "method.response.header.Access-Control-Allow-Origin": true
            },
            "rest_api_id": "1mvv7womch",
            "status_code": "200"
          },
          "sensitive_attributes": [],
          "private": "bnVsbA==",
          "dependencies": [
            "module.api.aws_api_gateway_method.options_course_get_id",
            "module.api.aws_api_gateway_resource.course",
            "module.api.aws_api_gateway_resource.course_get",
            "module.api.aws_api_gateway_resource.course_get_id",
            "module.api.aws_api_gateway_rest_api.main"
          ]
        }
      ]
    },
    {
      "module": "module.api",
      "mode": "managed",
      "type": "aws_api_gateway_method_response",
      "name": "options_course_post",
      "provider": "provider[\"registry.terraform.io/hashicorp/aws\"]",
      "instances": [
        {
          "schema_version": 0,
          "attributes": {
            "http_method": "OPTIONS",
            "id": "agmr-1mvv7womch-t9kuux-OPTIONS-200",
            "resource_id": "t9kuux",
            "response_models": {
              "application/json": "Empty"
            },
            "response_parameters": {
              "method.response.header.Access-Control-Allow-Headers": true,
              "method.response.header.Access-Control-Allow-Methods": true,
              "method.response.header.Access-Control-Allow-Origin": true
            },
            "rest_api_id": "1mvv7womch",
            "status_code": "200"
          },
          "sensitive_attributes": [],
          "private": "bnVsbA==",
          "dependencies": [
            "module.api.aws_api_gateway_method.options_course_post",
            "module.api.aws_api_gateway_resource.course",
            "module.api.aws_api_gateway_resource.course_post",
            "module.api.aws_api_gateway_rest_api.main"
          ]
        }
      ]
    },
    {
      "module": "module.api",
      "mode": "managed",
      "type": "aws_api_gateway_method_response",
      "name": "options_course_put",
      "provider": "provider[\"registry.terraform.io/hashicorp/aws\"]",
      "instances": [
        {
          "schema_version": 0,
          "attributes": {
            "http_method": "OPTIONS",
            "id": "agmr-1mvv7womch-aat3bp-OPTIONS-200",
            "resource_id": "aat3bp",
            "response_models": {
              "application/json": "Empty"
            },
            "response_parameters": {
              "method.response.header.Access-Control-Allow-Headers": true,
              "method.response.header.Access-Control-Allow-Methods": true,
              "method.response.header.Access-Control-Allow-Origin": true
            },
            "rest_api_id": "1mvv7womch",
            "status_code": "200"
          },
          "sensitive_attributes": [],
          "private": "bnVsbA==",
          "dependencies": [
            "module.api.aws_api_gateway_method.options_course_put",
            "module.api.aws_api_gateway_resource.course",
            "module.api.aws_api_gateway_resource.course_put",
            "module.api.aws_api_gateway_rest_api.main"
          ]
        }
      ]
    },
    {
      "module": "module.api",
      "mode": "managed",
      "type": "aws_api_gateway_method_response",
      "name": "post_course",
      "provider": "provider[\"registry.terraform.io/hashicorp/aws\"]",
      "instances": [
        {
          "schema_version": 0,
          "attributes": {
            "http_method": "POST",
            "id": "agmr-1mvv7womch-t9kuux-POST-200",
            "resource_id": "t9kuux",
            "response_models": {
              "application/json": "Empty"
            },
            "response_parameters": {
              "method.response.header.Access-Control-Allow-Headers": true,
              "method.response.header.Access-Control-Allow-Methods": true,
              "method.response.header.Access-Control-Allow-Origin": true
            },
            "rest_api_id": "1mvv7womch",
            "status_code": "200"
          },
          "sensitive_attributes": [],
          "private": "bnVsbA==",
          "dependencies": [
            "module.api.aws_api_gateway_method.post_course",
            "module.api.aws_api_gateway_model.post_course",
            "module.api.aws_api_gateway_resource.course",
            "module.api.aws_api_gateway_resource.course_post",
            "module.api.aws_api_gateway_rest_api.main"
          ]
        }
      ]
    },
    {
      "module": "module.api",
      "mode": "managed",
      "type": "aws_api_gateway_method_response",
      "name": "put_course",
      "provider": "provider[\"registry.terraform.io/hashicorp/aws\"]",
      "instances": [
        {
          "schema_version": 0,
          "attributes": {
            "http_method": "PUT",
            "id": "agmr-1mvv7womch-aat3bp-PUT-200",
            "resource_id": "aat3bp",
            "response_models": {
              "application/json": "Empty"
            },
            "response_parameters": {
              "method.response.header.Access-Control-Allow-Headers": true,
              "method.response.header.Access-Control-Allow-Methods": true,
              "method.response.header.Access-Control-Allow-Origin": true
            },
            "rest_api_id": "1mvv7womch",
            "status_code": "200"
          },
          "sensitive_attributes": [],
          "private": "bnVsbA==",
          "dependencies": [
            "module.api.aws_api_gateway_method.put_course",
            "module.api.aws_api_gateway_model.put_course",
            "module.api.aws_api_gateway_resource.course",
            "module.api.aws_api_gateway_resource.course_put",
            "module.api.aws_api_gateway_rest_api.main"
          ]
        }
      ]
    },
    {
      "module": "module.api",
      "mode": "managed",
      "type": "aws_api_gateway_model",
      "name": "post_course",
      "provider": "provider[\"registry.terraform.io/hashicorp/aws\"]",
      "instances": [
        {
          "schema_version": 0,
          "attributes": {
            "content_type": "application/json",
            "description": null,
            "id": "klwyyp",
            "name": "CourseInputModel",
            "rest_api_id": "1mvv7womch",
            "schema": "{\"$schema\":\"http://json-schema.org/schema#\",\"properties\":{\"authorId\":{\"type\":\"string\"},\"category\":{\"type\":\"string\"},\"length\":{\"type\":\"string\"},\"title\":{\"type\":\"string\"}},\"required\":[\"title\",\"authorId\",\"length\",\"category\"],\"title\":\"CourseInputModel\",\"type\":\"object\"}"
          },
          "sensitive_attributes": [],
          "private": "bnVsbA==",
          "dependencies": [
            "module.api.aws_api_gateway_rest_api.main"
          ],
          "create_before_destroy": true
        }
      ]
    },
    {
      "module": "module.api",
      "mode": "managed",
      "type": "aws_api_gateway_model",
      "name": "put_course",
      "provider": "provider[\"registry.terraform.io/hashicorp/aws\"]",
      "instances": [
        {
          "schema_version": 0,
          "attributes": {
            "content_type": "application/json",
            "description": null,
            "id": "9s5e9l",
            "name": "CourseUpdateModel",
            "rest_api_id": "1mvv7womch",
            "schema": "{\"$schema\":\"http://json-schema.org/schema#\",\"properties\":{\"authorId\":{\"type\":\"string\"},\"category\":{\"type\":\"string\"},\"id\":{\"type\":\"string\"},\"length\":{\"type\":\"string\"},\"title\":{\"type\":\"string\"},\"watchHref\":{\"type\":\"string\"}},\"required\":[\"id\",\"title\",\"watchHref\",\"authorId\",\"length\",\"category\"],\"title\":\"CourseInputModel\",\"type\":\"object\"}"
          },
          "sensitive_attributes": [],
          "private": "bnVsbA==",
          "dependencies": [
            "module.api.aws_api_gateway_rest_api.main"
          ],
          "create_before_destroy": true
        }
      ]
    },
    {
      "module": "module.api",
      "mode": "managed",
      "type": "aws_api_gateway_resource",
      "name": "author",
      "provider": "provider[\"registry.terraform.io/hashicorp/aws\"]",
      "instances": [
        {
          "schema_version": 0,
          "attributes": {
            "id": "b51uqp",
            "parent_id": "bq8t03szo0",
            "path": "/author",
            "path_part": "author",
            "rest_api_id": "1mvv7womch"
          },
          "sensitive_attributes": [],
          "private": "bnVsbA==",
          "dependencies": [
            "module.api.aws_api_gateway_rest_api.main"
          ],
          "create_before_destroy": true
        }
      ]
    },
    {
      "module": "module.api",
      "mode": "managed",
      "type": "aws_api_gateway_resource",
      "name": "author_all",
      "provider": "provider[\"registry.terraform.io/hashicorp/aws\"]",
      "instances": [
        {
          "schema_version": 0,
          "attributes": {
            "id": "ralg9w",
            "parent_id": "b51uqp",
            "path": "/author/all",
            "path_part": "all",
            "rest_api_id": "1mvv7womch"
          },
          "sensitive_attributes": [],
          "private": "bnVsbA==",
          "dependencies": [
            "module.api.aws_api_gateway_resource.author",
            "module.api.aws_api_gateway_rest_api.main"
          ],
          "create_before_destroy": true
        }
      ]
    },
    {
      "module": "module.api",
      "mode": "managed",
      "type": "aws_api_gateway_resource",
      "name": "author_all_get",
      "provider": "provider[\"registry.terraform.io/hashicorp/aws\"]",
      "instances": [
        {
          "schema_version": 0,
          "attributes": {
            "id": "qvvd7g",
            "parent_id": "ralg9w",
            "path": "/author/all/get",
            "path_part": "get",
            "rest_api_id": "1mvv7womch"
          },
          "sensitive_attributes": [],
          "private": "bnVsbA==",
          "dependencies": [
            "module.api.aws_api_gateway_resource.author",
            "module.api.aws_api_gateway_resource.author_all",
            "module.api.aws_api_gateway_rest_api.main"
          ],
          "create_before_destroy": true
        }
      ]
    },
    {
      "module": "module.api",
      "mode": "managed",
      "type": "aws_api_gateway_resource",
      "name": "course",
      "provider": "provider[\"registry.terraform.io/hashicorp/aws\"]",
      "instances": [
        {
          "schema_version": 0,
          "attributes": {
            "id": "ueioqk",
            "parent_id": "bq8t03szo0",
            "path": "/course",
            "path_part": "course",
            "rest_api_id": "1mvv7womch"
          },
          "sensitive_attributes": [],
          "private": "bnVsbA==",
          "dependencies": [
            "module.api.aws_api_gateway_rest_api.main"
          ],
          "create_before_destroy": true
        }
      ]
    },
    {
      "module": "module.api",
      "mode": "managed",
      "type": "aws_api_gateway_resource",
      "name": "course_all",
      "provider": "provider[\"registry.terraform.io/hashicorp/aws\"]",
      "instances": [
        {
          "schema_version": 0,
          "attributes": {
            "id": "jkv305",
            "parent_id": "ueioqk",
            "path": "/course/all",
            "path_part": "all",
            "rest_api_id": "1mvv7womch"
          },
          "sensitive_attributes": [],
          "private": "bnVsbA==",
          "dependencies": [
            "module.api.aws_api_gateway_resource.course",
            "module.api.aws_api_gateway_rest_api.main"
          ],
          "create_before_destroy": true
        }
      ]
    },
    {
      "module": "module.api",
      "mode": "managed",
      "type": "aws_api_gateway_resource",
      "name": "course_all_get",
      "provider": "provider[\"registry.terraform.io/hashicorp/aws\"]",
      "instances": [
        {
          "schema_version": 0,
          "attributes": {
            "id": "dbf08e",
            "parent_id": "jkv305",
            "path": "/course/all/get",
            "path_part": "get",
            "rest_api_id": "1mvv7womch"
          },
          "sensitive_attributes": [],
          "private": "bnVsbA==",
          "dependencies": [
            "module.api.aws_api_gateway_resource.course",
            "module.api.aws_api_gateway_resource.course_all",
            "module.api.aws_api_gateway_rest_api.main"
          ],
          "create_before_destroy": true
        }
      ]
    },
    {
      "module": "module.api",
      "mode": "managed",
      "type": "aws_api_gateway_resource",
      "name": "course_delete",
      "provider": "provider[\"registry.terraform.io/hashicorp/aws\"]",
      "instances": [
        {
          "schema_version": 0,
          "attributes": {
            "id": "8jlaza",
            "parent_id": "ueioqk",
            "path": "/course/delete",
            "path_part": "delete",
            "rest_api_id": "1mvv7womch"
          },
          "sensitive_attributes": [],
          "private": "bnVsbA==",
          "dependencies": [
            "module.api.aws_api_gateway_resource.course",
            "module.api.aws_api_gateway_rest_api.main"
          ],
          "create_before_destroy": true
        }
      ]
    },
    {
      "module": "module.api",
      "mode": "managed",
      "type": "aws_api_gateway_resource",
      "name": "course_delete_id",
      "provider": "provider[\"registry.terraform.io/hashicorp/aws\"]",
      "instances": [
        {
          "schema_version": 0,
          "attributes": {
            "id": "6l196o",
            "parent_id": "8jlaza",
            "path": "/course/delete/{id}",
            "path_part": "{id}",
            "rest_api_id": "1mvv7womch"
          },
          "sensitive_attributes": [],
          "private": "bnVsbA==",
          "dependencies": [
            "module.api.aws_api_gateway_resource.course",
            "module.api.aws_api_gateway_resource.course_delete",
            "module.api.aws_api_gateway_rest_api.main"
          ],
          "create_before_destroy": true
        }
      ]
    },
    {
      "module": "module.api",
      "mode": "managed",
      "type": "aws_api_gateway_resource",
      "name": "course_get",
      "provider": "provider[\"registry.terraform.io/hashicorp/aws\"]",
      "instances": [
        {
          "schema_version": 0,
          "attributes": {
            "id": "2ebzow",
            "parent_id": "ueioqk",
            "path": "/course/get",
            "path_part": "get",
            "rest_api_id": "1mvv7womch"
          },
          "sensitive_attributes": [],
          "private": "bnVsbA==",
          "dependencies": [
            "module.api.aws_api_gateway_resource.course",
            "module.api.aws_api_gateway_rest_api.main"
          ],
          "create_before_destroy": true
        }
      ]
    },
    {
      "module": "module.api",
      "mode": "managed",
      "type": "aws_api_gateway_resource",
      "name": "course_get_id",
      "provider": "provider[\"registry.terraform.io/hashicorp/aws\"]",
      "instances": [
        {
          "schema_version": 0,
          "attributes": {
            "id": "kpb1jk",
            "parent_id": "2ebzow",
            "path": "/course/get/{id}",
            "path_part": "{id}",
            "rest_api_id": "1mvv7womch"
          },
          "sensitive_attributes": [],
          "private": "bnVsbA==",
          "dependencies": [
            "module.api.aws_api_gateway_resource.course",
            "module.api.aws_api_gateway_resource.course_get",
            "module.api.aws_api_gateway_rest_api.main"
          ],
          "create_before_destroy": true
        }
      ]
    },
    {
      "module": "module.api",
      "mode": "managed",
      "type": "aws_api_gateway_resource",
      "name": "course_post",
      "provider": "provider[\"registry.terraform.io/hashicorp/aws\"]",
      "instances": [
        {
          "schema_version": 0,
          "attributes": {
            "id": "t9kuux",
            "parent_id": "ueioqk",
            "path": "/course/post",
            "path_part": "post",
            "rest_api_id": "1mvv7womch"
          },
          "sensitive_attributes": [],
          "private": "bnVsbA==",
          "dependencies": [
            "module.api.aws_api_gateway_resource.course",
            "module.api.aws_api_gateway_rest_api.main"
          ],
          "create_before_destroy": true
        }
      ]
    },
    {
      "module": "module.api",
      "mode": "managed",
      "type": "aws_api_gateway_resource",
      "name": "course_put",
      "provider": "provider[\"registry.terraform.io/hashicorp/aws\"]",
      "instances": [
        {
          "schema_version": 0,
          "attributes": {
            "id": "aat3bp",
            "parent_id": "ueioqk",
            "path": "/course/put",
            "path_part": "put",
            "rest_api_id": "1mvv7womch"
          },
          "sensitive_attributes": [],
          "private": "bnVsbA==",
          "dependencies": [
            "module.api.aws_api_gateway_resource.course",
            "module.api.aws_api_gateway_rest_api.main"
          ],
          "create_before_destroy": true
        }
      ]
    },
    {
      "module": "module.api",
      "mode": "managed",
      "type": "aws_api_gateway_rest_api",
      "name": "main",
      "provider": "provider[\"registry.terraform.io/hashicorp/aws\"]",
      "instances": [
        {
          "schema_version": 0,
          "attributes": {
            "api_key_source": "HEADER",
            "arn": "arn:aws:apigateway:eu-central-1::/restapis/1mvv7womch",
            "binary_media_types": [],
            "body": null,
            "created_date": "2024-04-18T20:38:34Z",
            "description": "",
            "disable_execute_api_endpoint": false,
            "endpoint_configuration": [
              {
                "types": [
                  "REGIONAL"
                ],
                "vpc_endpoint_ids": []
              }
            ],
            "execution_arn": "arn:aws:execute-api:eu-central-1:637423285372:1mvv7womch",
            "fail_on_warnings": null,
            "id": "1mvv7womch",
            "minimum_compression_size": "",
            "name": "dev-api",
            "parameters": null,
            "policy": "",
            "put_rest_api_mode": null,
            "root_resource_id": "bq8t03szo0",
            "tags": null,
            "tags_all": {}
          },
          "sensitive_attributes": [],
          "private": "bnVsbA==",
          "create_before_destroy": true
        }
      ]
    },
    {
      "module": "module.api",
      "mode": "managed",
      "type": "aws_api_gateway_stage",
      "name": "dev",
      "provider": "provider[\"registry.terraform.io/hashicorp/aws\"]",
      "instances": [
        {
          "schema_version": 0,
          "attributes": {
            "access_log_settings": [],
            "arn": "arn:aws:apigateway:eu-central-1::/restapis/1mvv7womch/stages/dev-stage",
            "cache_cluster_enabled": false,
            "cache_cluster_size": "",
            "canary_settings": [],
            "client_certificate_id": "",
            "deployment_id": "aqdus3",
            "description": "",
            "documentation_version": "",
            "execution_arn": "arn:aws:execute-api:eu-central-1:637423285372:1mvv7womch/dev-stage",
            "id": "ags-1mvv7womch-dev-stage",
            "invoke_url": "https://1mvv7womch.execute-api.eu-central-1.amazonaws.com/dev-stage",
            "rest_api_id": "1mvv7womch",
            "stage_name": "dev-stage",
            "tags": null,
            "tags_all": {},
            "variables": null,
            "web_acl_arn": "",
            "xray_tracing_enabled": false
          },
          "sensitive_attributes": [],
          "private": "bnVsbA==",
          "dependencies": [
            "module.api.aws_api_gateway_deployment.this",
            "module.api.aws_api_gateway_integration.delete_course",
            "module.api.aws_api_gateway_integration.get_all_authors",
            "module.api.aws_api_gateway_integration.get_all_courses",
            "module.api.aws_api_gateway_integration.get_course",
            "module.api.aws_api_gateway_integration.post_course",
            "module.api.aws_api_gateway_integration.put_course",
            "module.api.aws_api_gateway_method.delete_course",
            "module.api.aws_api_gateway_method.get_all_authors",
            "module.api.aws_api_gateway_method.get_all_courses",
            "module.api.aws_api_gateway_method.get_course",
            "module.api.aws_api_gateway_method.post_course",
            "module.api.aws_api_gateway_method.put_course",
            "module.api.aws_api_gateway_model.post_course",
            "module.api.aws_api_gateway_model.put_course",
            "module.api.aws_api_gateway_resource.author",
            "module.api.aws_api_gateway_resource.author_all",
            "module.api.aws_api_gateway_resource.author_all_get",
            "module.api.aws_api_gateway_resource.course",
            "module.api.aws_api_gateway_resource.course_all",
            "module.api.aws_api_gateway_resource.course_all_get",
            "module.api.aws_api_gateway_resource.course_delete",
            "module.api.aws_api_gateway_resource.course_delete_id",
            "module.api.aws_api_gateway_resource.course_get",
            "module.api.aws_api_gateway_resource.course_get_id",
            "module.api.aws_api_gateway_resource.course_post",
            "module.api.aws_api_gateway_resource.course_put",
            "module.api.aws_api_gateway_rest_api.main",
            "module.iam.aws_iam_role.delete_course",
            "module.iam.aws_iam_role.get_all_authors",
            "module.iam.aws_iam_role.get_all_courses",
            "module.iam.aws_iam_role.get_course",
            "module.iam.aws_iam_role.put_course",
            "module.lambda.aws_lambda_function.delete_course",
            "module.lambda.aws_lambda_function.get_all_authors",
            "module.lambda.aws_lambda_function.get_all_courses",
            "module.lambda.aws_lambda_function.get_course",
            "module.lambda.aws_lambda_function.save_course",
            "module.lambda.aws_lambda_function.update_course",
            "module.lambda.data.archive_file.delete_course",
            "module.lambda.data.archive_file.get_all_authors",
            "module.lambda.data.archive_file.get_all_courses",
            "module.lambda.data.archive_file.get_course",
            "module.lambda.data.archive_file.save_course",
            "module.lambda.data.archive_file.update_course"
          ]
        }
      ]
    },
    {
      "module": "module.api",
      "mode": "managed",
      "type": "aws_lambda_permission",
      "name": "delete_course",
      "provider": "provider[\"registry.terraform.io/hashicorp/aws\"]",
      "instances": [
        {
          "schema_version": 0,
          "attributes": {
            "action": "lambda:InvokeFunction",
            "event_source_token": null,
            "function_name": "arn:aws:lambda:eu-central-1:637423285372:function:dev-lambda-delete-course",
            "function_url_auth_type": null,
            "id": "AllowAPIGatewayInvoke",
            "principal": "apigateway.amazonaws.com",
            "principal_org_id": null,
            "qualifier": "",
            "source_account": null,
            "source_arn": "arn:aws:execute-api:eu-central-1:637423285372:1mvv7womch/*/*",
            "statement_id": "AllowAPIGatewayInvoke",
            "statement_id_prefix": ""
          },
          "sensitive_attributes": [],
          "private": "bnVsbA==",
          "dependencies": [
            "module.api.aws_api_gateway_rest_api.main",
            "module.iam.aws_iam_role.delete_course",
            "module.lambda.aws_lambda_function.delete_course",
            "module.lambda.data.archive_file.delete_course"
          ]
        }
      ]
    },
    {
      "module": "module.api",
      "mode": "managed",
      "type": "aws_lambda_permission",
      "name": "get_all_authors",
      "provider": "provider[\"registry.terraform.io/hashicorp/aws\"]",
      "instances": [
        {
          "schema_version": 0,
          "attributes": {
            "action": "lambda:InvokeFunction",
            "event_source_token": null,
            "function_name": "arn:aws:lambda:eu-central-1:637423285372:function:dev-lambda-get-all-authors",
            "function_url_auth_type": null,
            "id": "AllowAPIGatewayInvoke",
            "principal": "apigateway.amazonaws.com",
            "principal_org_id": null,
            "qualifier": "",
            "source_account": null,
            "source_arn": "arn:aws:execute-api:eu-central-1:637423285372:1mvv7womch/*/*",
            "statement_id": "AllowAPIGatewayInvoke",
            "statement_id_prefix": ""
          },
          "sensitive_attributes": [],
          "private": "bnVsbA==",
          "dependencies": [
            "module.api.aws_api_gateway_rest_api.main",
            "module.iam.aws_iam_role.get_all_authors",
            "module.lambda.aws_lambda_function.get_all_authors",
            "module.lambda.data.archive_file.get_all_authors"
          ]
        }
      ]
    },
    {
      "module": "module.api",
      "mode": "managed",
      "type": "aws_lambda_permission",
      "name": "get_all_courses",
      "provider": "provider[\"registry.terraform.io/hashicorp/aws\"]",
      "instances": [
        {
          "schema_version": 0,
          "attributes": {
            "action": "lambda:InvokeFunction",
            "event_source_token": null,
            "function_name": "arn:aws:lambda:eu-central-1:637423285372:function:dev-lambda-get-all-courses",
            "function_url_auth_type": null,
            "id": "AllowAPIGatewayInvoke",
            "principal": "apigateway.amazonaws.com",
            "principal_org_id": null,
            "qualifier": "",
            "source_account": null,
            "source_arn": "arn:aws:execute-api:eu-central-1:637423285372:1mvv7womch/*/*",
            "statement_id": "AllowAPIGatewayInvoke",
            "statement_id_prefix": ""
          },
          "sensitive_attributes": [],
          "private": "bnVsbA==",
          "dependencies": [
            "module.api.aws_api_gateway_rest_api.main",
            "module.iam.aws_iam_role.get_all_courses",
            "module.lambda.aws_lambda_function.get_all_courses",
            "module.lambda.data.archive_file.get_all_courses"
          ]
        }
      ]
    },
    {
      "module": "module.api",
      "mode": "managed",
      "type": "aws_lambda_permission",
      "name": "get_course",
      "provider": "provider[\"registry.terraform.io/hashicorp/aws\"]",
      "instances": [
        {
          "schema_version": 0,
          "attributes": {
            "action": "lambda:InvokeFunction",
            "event_source_token": null,
            "function_name": "arn:aws:lambda:eu-central-1:637423285372:function:dev-lambda-get-course",
            "function_url_auth_type": null,
            "id": "AllowAPIGatewayInvoke",
            "principal": "apigateway.amazonaws.com",
            "principal_org_id": null,
            "qualifier": "",
            "source_account": null,
            "source_arn": "arn:aws:execute-api:eu-central-1:637423285372:1mvv7womch/*/*",
            "statement_id": "AllowAPIGatewayInvoke",
            "statement_id_prefix": ""
          },
          "sensitive_attributes": [],
          "private": "bnVsbA==",
          "dependencies": [
            "module.api.aws_api_gateway_rest_api.main",
            "module.iam.aws_iam_role.get_course",
            "module.lambda.aws_lambda_function.get_course",
            "module.lambda.data.archive_file.get_course"
          ]
        }
      ]
    },
    {
      "module": "module.api",
      "mode": "managed",
      "type": "aws_lambda_permission",
      "name": "post_course",
      "provider": "provider[\"registry.terraform.io/hashicorp/aws\"]",
      "instances": [
        {
          "schema_version": 0,
          "attributes": {
            "action": "lambda:InvokeFunction",
            "event_source_token": null,
            "function_name": "arn:aws:lambda:eu-central-1:637423285372:function:dev-lambda-save-course",
            "function_url_auth_type": null,
            "id": "AllowAPIGatewayInvoke",
            "principal": "apigateway.amazonaws.com",
            "principal_org_id": null,
            "qualifier": "",
            "source_account": null,
            "source_arn": "arn:aws:execute-api:eu-central-1:637423285372:1mvv7womch/*/*",
            "statement_id": "AllowAPIGatewayInvoke",
            "statement_id_prefix": ""
          },
          "sensitive_attributes": [],
          "private": "bnVsbA==",
          "dependencies": [
            "module.api.aws_api_gateway_rest_api.main",
            "module.iam.aws_iam_role.put_course",
            "module.lambda.aws_lambda_function.save_course",
            "module.lambda.data.archive_file.save_course"
          ]
        }
      ]
    },
    {
      "module": "module.api",
      "mode": "managed",
      "type": "aws_lambda_permission",
      "name": "put_course",
      "provider": "provider[\"registry.terraform.io/hashicorp/aws\"]",
      "instances": [
        {
          "schema_version": 0,
          "attributes": {
            "action": "lambda:InvokeFunction",
            "event_source_token": null,
            "function_name": "arn:aws:lambda:eu-central-1:637423285372:function:dev-lambda-update-course",
            "function_url_auth_type": null,
            "id": "AllowAPIGatewayInvoke",
            "principal": "apigateway.amazonaws.com",
            "principal_org_id": null,
            "qualifier": "",
            "source_account": null,
            "source_arn": "arn:aws:execute-api:eu-central-1:637423285372:1mvv7womch/*/*",
            "statement_id": "AllowAPIGatewayInvoke",
            "statement_id_prefix": ""
          },
          "sensitive_attributes": [],
          "private": "bnVsbA==",
          "dependencies": [
            "module.api.aws_api_gateway_rest_api.main",
            "module.iam.aws_iam_role.put_course",
            "module.lambda.aws_lambda_function.update_course",
            "module.lambda.data.archive_file.update_course"
          ]
        }
      ]
    },
    {
      "module": "module.dynamodb_author",
      "mode": "managed",
      "type": "aws_dynamodb_table",
      "name": "this",
      "provider": "provider[\"registry.terraform.io/hashicorp/aws\"]",
      "instances": [
        {
          "schema_version": 1,
          "attributes": {
            "arn": "arn:aws:dynamodb:eu-central-1:637423285372:table/author",
            "attribute": [
              {
                "name": "id",
                "type": "S"
              }
            ],
            "billing_mode": "PAY_PER_REQUEST",
            "deletion_protection_enabled": false,
            "global_secondary_index": [],
            "hash_key": "id",
            "id": "author",
            "import_table": [],
            "local_secondary_index": [],
            "name": "author",
            "point_in_time_recovery": [
              {
                "enabled": false
              }
            ],
            "range_key": null,
            "read_capacity": 0,
            "replica": [],
            "restore_date_time": null,
            "restore_source_name": null,
            "restore_to_latest_time": null,
            "server_side_encryption": [],
            "stream_arn": "",
            "stream_enabled": false,
            "stream_label": "",
            "stream_view_type": "",
            "table_class": "STANDARD",
            "tags": null,
            "tags_all": {},
            "timeouts": null,
            "ttl": [
              {
                "attribute_name": "",
                "enabled": false
              }
            ],
            "write_capacity": 0
          },
          "sensitive_attributes": [],
          "private": "eyJlMmJmYjczMC1lY2FhLTExZTYtOGY4OC0zNDM2M2JjN2M0YzAiOnsiY3JlYXRlIjoxODAwMDAwMDAwMDAwLCJkZWxldGUiOjYwMDAwMDAwMDAwMCwidXBkYXRlIjozNjAwMDAwMDAwMDAwfSwic2NoZW1hX3ZlcnNpb24iOiIxIn0="
        }
      ]
    },
    {
      "module": "module.dynamodb_course",
      "mode": "managed",
      "type": "aws_dynamodb_table",
      "name": "this",
      "provider": "provider[\"registry.terraform.io/hashicorp/aws\"]",
      "instances": [
        {
          "schema_version": 1,
          "attributes": {
            "arn": "arn:aws:dynamodb:eu-central-1:637423285372:table/course",
            "attribute": [
              {
                "name": "id",
                "type": "S"
              }
            ],
            "billing_mode": "PAY_PER_REQUEST",
            "deletion_protection_enabled": false,
            "global_secondary_index": [],
            "hash_key": "id",
            "id": "course",
            "import_table": [],
            "local_secondary_index": [],
            "name": "course",
            "point_in_time_recovery": [
              {
                "enabled": false
              }
            ],
            "range_key": null,
            "read_capacity": 0,
            "replica": [],
            "restore_date_time": null,
            "restore_source_name": null,
            "restore_to_latest_time": null,
            "server_side_encryption": [],
            "stream_arn": "",
            "stream_enabled": false,
            "stream_label": "",
            "stream_view_type": "",
            "table_class": "STANDARD",
            "tags": null,
            "tags_all": {},
            "timeouts": null,
            "ttl": [
              {
                "attribute_name": "",
                "enabled": false
              }
            ],
            "write_capacity": 0
          },
          "sensitive_attributes": [],
          "private": "eyJlMmJmYjczMC1lY2FhLTExZTYtOGY4OC0zNDM2M2JjN2M0YzAiOnsiY3JlYXRlIjoxODAwMDAwMDAwMDAwLCJkZWxldGUiOjYwMDAwMDAwMDAwMCwidXBkYXRlIjozNjAwMDAwMDAwMDAwfSwic2NoZW1hX3ZlcnNpb24iOiIxIn0="
        }
      ]
    },
    {
      "module": "module.iam",
      "mode": "managed",
      "type": "aws_iam_policy",
      "name": "delete_course",
      "provider": "provider[\"registry.terraform.io/hashicorp/aws\"]",
      "instances": [
        {
          "schema_version": 0,
          "attributes": {
            "arn": "arn:aws:iam::637423285372:policy/dev-iam-delete-course-policy",
            "description": "",
            "id": "arn:aws:iam::637423285372:policy/dev-iam-delete-course-policy",
            "name": "dev-iam-delete-course-policy",
            "name_prefix": "",
            "path": "/",
            "policy": "{\"Statement\":[{\"Action\":[\"dynamodb:DeleteItem\"],\"Effect\":\"Allow\",\"Resource\":\"arn:aws:dynamodb:eu-central-1:637423285372:table/course\"},{\"Action\":[\"logs:CreateLogGroup\",\"logs:CreateLogStream\",\"logs:PutLogEvents\"],\"Effect\":\"Allow\",\"Resource\":\"arn:aws:logs:*:*:*\"}],\"Version\":\"2012-10-17\"}",
            "policy_id": "ANPAZI2LDOR6HSCKWY2XP",
            "tags": null,
            "tags_all": {}
          },
          "sensitive_attributes": [],
          "private": "bnVsbA==",
          "dependencies": [
            "module.dynamodb_course.aws_dynamodb_table.this"
          ]
        }
      ]
    },
    {
      "module": "module.iam",
      "mode": "managed",
      "type": "aws_iam_policy",
      "name": "get_all_authors",
      "provider": "provider[\"registry.terraform.io/hashicorp/aws\"]",
      "instances": [
        {
          "schema_version": 0,
          "attributes": {
            "arn": "arn:aws:iam::637423285372:policy/dev-iam-get-all-authors-policy",
            "description": "",
            "id": "arn:aws:iam::637423285372:policy/dev-iam-get-all-authors-policy",
            "name": "dev-iam-get-all-authors-policy",
            "name_prefix": "",
            "path": "/",
            "policy": "{\"Statement\":[{\"Action\":[\"dynamodb:Scan\"],\"Effect\":\"Allow\",\"Resource\":\"arn:aws:dynamodb:eu-central-1:637423285372:table/author\"},{\"Action\":[\"logs:CreateLogGroup\",\"logs:CreateLogStream\",\"logs:PutLogEvents\"],\"Effect\":\"Allow\",\"Resource\":\"arn:aws:logs:*:*:*\"}],\"Version\":\"2012-10-17\"}",
            "policy_id": "ANPAZI2LDOR6BXHUNCAAB",
            "tags": null,
            "tags_all": {}
          },
          "sensitive_attributes": [],
          "private": "bnVsbA==",
          "dependencies": [
            "module.dynamodb_author.aws_dynamodb_table.this"
          ]
        }
      ]
    },
    {
      "module": "module.iam",
      "mode": "managed",
      "type": "aws_iam_policy",
      "name": "get_all_courses",
      "provider": "provider[\"registry.terraform.io/hashicorp/aws\"]",
      "instances": [
        {
          "schema_version": 0,
          "attributes": {
            "arn": "arn:aws:iam::637423285372:policy/dev-iam-get-all-courses-policy",
            "description": "",
            "id": "arn:aws:iam::637423285372:policy/dev-iam-get-all-courses-policy",
            "name": "dev-iam-get-all-courses-policy",
            "name_prefix": "",
            "path": "/",
            "policy": "{\"Statement\":[{\"Action\":[\"dynamodb:Scan\"],\"Effect\":\"Allow\",\"Resource\":\"arn:aws:dynamodb:eu-central-1:637423285372:table/course\"},{\"Action\":[\"logs:CreateLogGroup\",\"logs:CreateLogStream\",\"logs:PutLogEvents\"],\"Effect\":\"Allow\",\"Resource\":\"arn:aws:logs:*:*:*\"}],\"Version\":\"2012-10-17\"}",
            "policy_id": "ANPAZI2LDOR6JYFW2LCY3",
            "tags": null,
            "tags_all": {}
          },
          "sensitive_attributes": [],
          "private": "bnVsbA==",
          "dependencies": [
            "module.dynamodb_course.aws_dynamodb_table.this"
          ]
        }
      ]
    },
    {
      "module": "module.iam",
      "mode": "managed",
      "type": "aws_iam_policy",
      "name": "get_course",
      "provider": "provider[\"registry.terraform.io/hashicorp/aws\"]",
      "instances": [
        {
          "schema_version": 0,
          "attributes": {
            "arn": "arn:aws:iam::637423285372:policy/dev-iam-get-course-policy",
            "description": "",
            "id": "arn:aws:iam::637423285372:policy/dev-iam-get-course-policy",
            "name": "dev-iam-get-course-policy",
            "name_prefix": "",
            "path": "/",
            "policy": "{\"Statement\":[{\"Action\":[\"dynamodb:GetItem\"],\"Effect\":\"Allow\",\"Resource\":\"arn:aws:dynamodb:eu-central-1:637423285372:table/course\"},{\"Action\":[\"logs:CreateLogGroup\",\"logs:CreateLogStream\",\"logs:PutLogEvents\"],\"Effect\":\"Allow\",\"Resource\":\"arn:aws:logs:*:*:*\"}],\"Version\":\"2012-10-17\"}",
            "policy_id": "ANPAZI2LDOR6KP6VNCL2Q",
            "tags": null,
            "tags_all": {}
          },
          "sensitive_attributes": [],
          "private": "bnVsbA==",
          "dependencies": [
            "module.dynamodb_course.aws_dynamodb_table.this"
          ]
        }
      ]
    },
    {
      "module": "module.iam",
      "mode": "managed",
      "type": "aws_iam_policy",
      "name": "put_course",
      "provider": "provider[\"registry.terraform.io/hashicorp/aws\"]",
      "instances": [
        {
          "schema_version": 0,
          "attributes": {
            "arn": "arn:aws:iam::637423285372:policy/dev-iam-put-course-policy",
            "description": "",
            "id": "arn:aws:iam::637423285372:policy/dev-iam-put-course-policy",
            "name": "dev-iam-put-course-policy",
            "name_prefix": "",
            "path": "/",
            "policy": "{\"Statement\":[{\"Action\":[\"dynamodb:PutItem\"],\"Effect\":\"Allow\",\"Resource\":\"arn:aws:dynamodb:eu-central-1:637423285372:table/course\"},{\"Action\":[\"logs:CreateLogGroup\",\"logs:CreateLogStream\",\"logs:PutLogEvents\"],\"Effect\":\"Allow\",\"Resource\":\"arn:aws:logs:*:*:*\"}],\"Version\":\"2012-10-17\"}",
            "policy_id": "ANPAZI2LDOR6K7EGTCH6F",
            "tags": null,
            "tags_all": {}
          },
          "sensitive_attributes": [],
          "private": "bnVsbA==",
          "dependencies": [
            "module.dynamodb_course.aws_dynamodb_table.this"
          ]
        }
      ]
    },
    {
      "module": "module.iam",
      "mode": "managed",
      "type": "aws_iam_role",
      "name": "delete_course",
      "provider": "provider[\"registry.terraform.io/hashicorp/aws\"]",
      "instances": [
        {
          "schema_version": 0,
          "attributes": {
            "arn": "arn:aws:iam::637423285372:role/dev-iam-delete-course-role",
            "assume_role_policy": "{\"Statement\":[{\"Action\":\"sts:AssumeRole\",\"Effect\":\"Allow\",\"Principal\":{\"Service\":\"lambda.amazonaws.com\"}}],\"Version\":\"2012-10-17\"}",
            "create_date": "2024-04-18T20:38:34Z",
            "description": "",
            "force_detach_policies": false,
            "id": "dev-iam-delete-course-role",
            "inline_policy": [],
            "managed_policy_arns": [],
            "max_session_duration": 3600,
            "name": "dev-iam-delete-course-role",
            "name_prefix": "",
            "path": "/",
            "permissions_boundary": "",
            "tags": null,
            "tags_all": {},
            "unique_id": "AROAZI2LDOR6ACF77CT5V"
          },
          "sensitive_attributes": [],
          "private": "bnVsbA==",
          "create_before_destroy": true
        }
      ]
    },
    {
      "module": "module.iam",
      "mode": "managed",
      "type": "aws_iam_role",
      "name": "get_all_authors",
      "provider": "provider[\"registry.terraform.io/hashicorp/aws\"]",
      "instances": [
        {
          "schema_version": 0,
          "attributes": {
            "arn": "arn:aws:iam::637423285372:role/dev-iam-get-all-authors-role",
            "assume_role_policy": "{\"Statement\":[{\"Action\":\"sts:AssumeRole\",\"Effect\":\"Allow\",\"Principal\":{\"Service\":\"lambda.amazonaws.com\"}}],\"Version\":\"2012-10-17\"}",
            "create_date": "2024-04-18T20:38:34Z",
            "description": "",
            "force_detach_policies": false,
            "id": "dev-iam-get-all-authors-role",
            "inline_policy": [],
            "managed_policy_arns": [],
            "max_session_duration": 3600,
            "name": "dev-iam-get-all-authors-role",
            "name_prefix": "",
            "path": "/",
            "permissions_boundary": "",
            "tags": null,
            "tags_all": {},
            "unique_id": "AROAZI2LDOR6BBXED3X6P"
          },
          "sensitive_attributes": [],
          "private": "bnVsbA==",
          "create_before_destroy": true
        }
      ]
    },
    {
      "module": "module.iam",
      "mode": "managed",
      "type": "aws_iam_role",
      "name": "get_all_courses",
      "provider": "provider[\"registry.terraform.io/hashicorp/aws\"]",
      "instances": [
        {
          "schema_version": 0,
          "attributes": {
            "arn": "arn:aws:iam::637423285372:role/dev-iam-get-all-courses-role",
            "assume_role_policy": "{\"Statement\":[{\"Action\":\"sts:AssumeRole\",\"Effect\":\"Allow\",\"Principal\":{\"Service\":\"lambda.amazonaws.com\"}}],\"Version\":\"2012-10-17\"}",
            "create_date": "2024-04-18T20:38:34Z",
            "description": "",
            "force_detach_policies": false,
            "id": "dev-iam-get-all-courses-role",
            "inline_policy": [],
            "managed_policy_arns": [],
            "max_session_duration": 3600,
            "name": "dev-iam-get-all-courses-role",
            "name_prefix": "",
            "path": "/",
            "permissions_boundary": "",
            "tags": null,
            "tags_all": {},
            "unique_id": "AROAZI2LDOR6KCBFPEVH3"
          },
          "sensitive_attributes": [],
          "private": "bnVsbA==",
          "create_before_destroy": true
        }
      ]
    },
    {
      "module": "module.iam",
      "mode": "managed",
      "type": "aws_iam_role",
      "name": "get_course",
      "provider": "provider[\"registry.terraform.io/hashicorp/aws\"]",
      "instances": [
        {
          "schema_version": 0,
          "attributes": {
            "arn": "arn:aws:iam::637423285372:role/dev-iam-get-course-role",
            "assume_role_policy": "{\"Statement\":[{\"Action\":\"sts:AssumeRole\",\"Effect\":\"Allow\",\"Principal\":{\"Service\":\"lambda.amazonaws.com\"}}],\"Version\":\"2012-10-17\"}",
            "create_date": "2024-04-18T20:38:34Z",
            "description": "",
            "force_detach_policies": false,
            "id": "dev-iam-get-course-role",
            "inline_policy": [],
            "managed_policy_arns": [],
            "max_session_duration": 3600,
            "name": "dev-iam-get-course-role",
            "name_prefix": "",
            "path": "/",
            "permissions_boundary": "",
            "tags": null,
            "tags_all": {},
            "unique_id": "AROAZI2LDOR6GLYRNZGBZ"
          },
          "sensitive_attributes": [],
          "private": "bnVsbA==",
          "create_before_destroy": true
        }
      ]
    },
    {
      "module": "module.iam",
      "mode": "managed",
      "type": "aws_iam_role",
      "name": "put_course",
      "provider": "provider[\"registry.terraform.io/hashicorp/aws\"]",
      "instances": [
        {
          "schema_version": 0,
          "attributes": {
            "arn": "arn:aws:iam::637423285372:role/dev-iam-put-course-role",
            "assume_role_policy": "{\"Statement\":[{\"Action\":\"sts:AssumeRole\",\"Effect\":\"Allow\",\"Principal\":{\"Service\":\"lambda.amazonaws.com\"}}],\"Version\":\"2012-10-17\"}",
            "create_date": "2024-04-18T20:38:34Z",
            "description": "",
            "force_detach_policies": false,
            "id": "dev-iam-put-course-role",
            "inline_policy": [],
            "managed_policy_arns": [],
            "max_session_duration": 3600,
            "name": "dev-iam-put-course-role",
            "name_prefix": "",
            "path": "/",
            "permissions_boundary": "",
            "tags": null,
            "tags_all": {},
            "unique_id": "AROAZI2LDOR6KDZZPNPXA"
          },
          "sensitive_attributes": [],
          "private": "bnVsbA==",
          "create_before_destroy": true
        }
      ]
    },
    {
      "module": "module.iam",
      "mode": "managed",
      "type": "aws_iam_role_policy_attachment",
      "name": "delete_course",
      "provider": "provider[\"registry.terraform.io/hashicorp/aws\"]",
      "instances": [
        {
          "schema_version": 0,
          "attributes": {
            "id": "dev-iam-delete-course-role-20240418203841673200000004",
            "policy_arn": "arn:aws:iam::637423285372:policy/dev-iam-delete-course-policy",
            "role": "dev-iam-delete-course-role"
          },
          "sensitive_attributes": [],
          "private": "bnVsbA==",
          "dependencies": [
            "module.dynamodb_course.aws_dynamodb_table.this",
            "module.iam.aws_iam_policy.delete_course",
            "module.iam.aws_iam_role.delete_course"
          ]
        }
      ]
    },
    {
      "module": "module.iam",
      "mode": "managed",
      "type": "aws_iam_role_policy_attachment",
      "name": "get_all_authors",
      "provider": "provider[\"registry.terraform.io/hashicorp/aws\"]",
      "instances": [
        {
          "schema_version": 0,
          "attributes": {
            "id": "dev-iam-get-all-authors-role-20240418203842019300000005",
            "policy_arn": "arn:aws:iam::637423285372:policy/dev-iam-get-all-authors-policy",
            "role": "dev-iam-get-all-authors-role"
          },
          "sensitive_attributes": [],
          "private": "bnVsbA==",
          "dependencies": [
            "module.dynamodb_author.aws_dynamodb_table.this",
            "module.iam.aws_iam_policy.get_all_authors",
            "module.iam.aws_iam_role.get_all_authors"
          ]
        }
      ]
    },
    {
      "module": "module.iam",
      "mode": "managed",
      "type": "aws_iam_role_policy_attachment",
      "name": "get_all_courses",
      "provider": "provider[\"registry.terraform.io/hashicorp/aws\"]",
      "instances": [
        {
          "schema_version": 0,
          "attributes": {
            "id": "dev-iam-get-all-courses-role-20240418203840998300000001",
            "policy_arn": "arn:aws:iam::637423285372:policy/dev-iam-get-all-courses-policy",
            "role": "dev-iam-get-all-courses-role"
          },
          "sensitive_attributes": [],
          "private": "bnVsbA==",
          "dependencies": [
            "module.dynamodb_course.aws_dynamodb_table.this",
            "module.iam.aws_iam_policy.get_all_courses",
            "module.iam.aws_iam_role.get_all_courses"
          ]
        }
      ]
    },
    {
      "module": "module.iam",
      "mode": "managed",
      "type": "aws_iam_role_policy_attachment",
      "name": "get_course",
      "provider": "provider[\"registry.terraform.io/hashicorp/aws\"]",
      "instances": [
        {
          "schema_version": 0,
          "attributes": {
            "id": "dev-iam-get-course-role-20240418203841037100000002",
            "policy_arn": "arn:aws:iam::637423285372:policy/dev-iam-get-course-policy",
            "role": "dev-iam-get-course-role"
          },
          "sensitive_attributes": [],
          "private": "bnVsbA==",
          "dependencies": [
            "module.dynamodb_course.aws_dynamodb_table.this",
            "module.iam.aws_iam_policy.get_course",
            "module.iam.aws_iam_role.get_course"
          ]
        }
      ]
    },
    {
      "module": "module.iam",
      "mode": "managed",
      "type": "aws_iam_role_policy_attachment",
      "name": "put_course",
      "provider": "provider[\"registry.terraform.io/hashicorp/aws\"]",
      "instances": [
        {
          "schema_version": 0,
          "attributes": {
            "id": "dev-iam-put-course-role-20240418203841438500000003",
            "policy_arn": "arn:aws:iam::637423285372:policy/dev-iam-put-course-policy",
            "role": "dev-iam-put-course-role"
          },
          "sensitive_attributes": [],
          "private": "bnVsbA==",
          "dependencies": [
            "module.dynamodb_course.aws_dynamodb_table.this",
            "module.iam.aws_iam_policy.put_course",
            "module.iam.aws_iam_role.put_course"
          ]
        }
      ]
    },
    {
      "module": "module.lambda",
      "mode": "data",
      "type": "archive_file",
      "name": "delete_course",
      "provider": "provider[\"registry.terraform.io/hashicorp/archive\"]",
      "instances": [
        {
          "schema_version": 0,
          "attributes": {
            "excludes": null,
            "id": "efaf4452fbd702ed68ef6fef5f1b83fdb72811b0",
            "output_base64sha256": "EJUR35Y2oy97l/FIV2FWk0ceC1neeK7G9vUt4KyV4Zw=",
            "output_file_mode": null,
            "output_md5": "faf8fb734e5932b7e372a8e6955570c8",
            "output_path": "lambda/functions/delete-course/delete-course.zip",
            "output_sha": "efaf4452fbd702ed68ef6fef5f1b83fdb72811b0",
            "output_size": 423,
            "source": [],
            "source_content": null,
            "source_content_filename": null,
            "source_dir": null,
            "source_file": "lambda/functions/delete-course/delete-course.js",
            "type": "zip"
          },
          "sensitive_attributes": []
        }
      ]
    },
    {
      "module": "module.lambda",
      "mode": "data",
      "type": "archive_file",
      "name": "get_all_authors",
      "provider": "provider[\"registry.terraform.io/hashicorp/archive\"]",
      "instances": [
        {
          "schema_version": 0,
          "attributes": {
            "excludes": null,
            "id": "3b4acbb5e998566957e9e13bdb2d5d7c0997ae61",
            "output_base64sha256": "wxS/32TXhBJ+O/1zVoKZ9b2AsRQLYjK9Fij/TZV1WpU=",
            "output_file_mode": null,
            "output_md5": "abf3be0d0a5b3ccf88d8962c6a00a00f",
            "output_path": "lambda/functions/get-all-authors/get-all-authors.zip",
            "output_sha": "3b4acbb5e998566957e9e13bdb2d5d7c0997ae61",
            "output_size": 462,
            "source": [],
            "source_content": null,
            "source_content_filename": null,
            "source_dir": null,
            "source_file": "lambda/functions/get-all-authors/get-all-authors.js",
            "type": "zip"
          },
          "sensitive_attributes": []
        }
      ]
    },
    {
      "module": "module.lambda",
      "mode": "data",
      "type": "archive_file",
      "name": "get_all_courses",
      "provider": "provider[\"registry.terraform.io/hashicorp/archive\"]",
      "instances": [
        {
          "schema_version": 0,
          "attributes": {
            "excludes": null,
            "id": "07f18dcc43fd92883cf535a3c4a48769a5201264",
            "output_base64sha256": "xtymYiu3wzTe4l/pZ+ZtRxeEHhf7c/ROV38TsleOaMU=",
            "output_file_mode": null,
            "output_md5": "1dc5719e5f02a848afe5ea97fd6a4055",
            "output_path": "lambda/functions/get-all-courses/get-all-courses.zip",
            "output_sha": "07f18dcc43fd92883cf535a3c4a48769a5201264",
            "output_size": 497,
            "source": [],
            "source_content": null,
            "source_content_filename": null,
            "source_dir": null,
            "source_file": "lambda/functions/get-all-courses/get-all-courses.js",
            "type": "zip"
          },
          "sensitive_attributes": []
        }
      ]
    },
    {
      "module": "module.lambda",
      "mode": "data",
      "type": "archive_file",
      "name": "get_course",
      "provider": "provider[\"registry.terraform.io/hashicorp/archive\"]",
      "instances": [
        {
          "schema_version": 0,
          "attributes": {
            "excludes": null,
            "id": "f0a14b64d18d3a234c6bee8746715cf2b12e8b53",
            "output_base64sha256": "2Z3mPYkQYh5MqsFcClgp/KzFOuBXUd+n70+9uAWBxqs=",
            "output_file_mode": null,
            "output_md5": "4876ad5c6debbc145c7f5ca00d6d4616",
            "output_path": "lambda/functions/get-course/get-course.zip",
            "output_sha": "f0a14b64d18d3a234c6bee8746715cf2b12e8b53",
            "output_size": 484,
            "source": [],
            "source_content": null,
            "source_content_filename": null,
            "source_dir": null,
            "source_file": "lambda/functions/get-course/get-course.js",
            "type": "zip"
          },
          "sensitive_attributes": []
        }
      ]
    },
    {
      "module": "module.lambda",
      "mode": "data",
      "type": "archive_file",
      "name": "save_course",
      "provider": "provider[\"registry.terraform.io/hashicorp/archive\"]",
      "instances": [
        {
          "schema_version": 0,
          "attributes": {
            "excludes": null,
            "id": "e8ae3097d96df682b56305d60497326b398cc529",
            "output_base64sha256": "PvafQ5K/Y8lpx4jg7CEr1LUDJS9PsafgeJ9fnuHHn8M=",
            "output_file_mode": null,
            "output_md5": "ce4d599c0840b6501438966fe88246a2",
            "output_path": "lambda/functions/save-course/save-course.zip",
            "output_sha": "e8ae3097d96df682b56305d60497326b398cc529",
            "output_size": 632,
            "source": [],
            "source_content": null,
            "source_content_filename": null,
            "source_dir": null,
            "source_file": "lambda/functions/save-course/save-course.js",
            "type": "zip"
          },
          "sensitive_attributes": []
        }
      ]
    },
    {
      "module": "module.lambda",
      "mode": "data",
      "type": "archive_file",
      "name": "update_course",
      "provider": "provider[\"registry.terraform.io/hashicorp/archive\"]",
      "instances": [
        {
          "schema_version": 0,
          "attributes": {
            "excludes": null,
            "id": "4a95423507c55d83f9490771910d7060ea9e02e2",
            "output_base64sha256": "ajg2V47aetI1lPF78guWGUs1gBv3v3hys5mW94TzIjw=",
            "output_file_mode": null,
            "output_md5": "b843154692e8753b6d8d15e3f38e5c14",
            "output_path": "lambda/functions/update-course/update-course.zip",
            "output_sha": "4a95423507c55d83f9490771910d7060ea9e02e2",
            "output_size": 530,
            "source": [],
            "source_content": null,
            "source_content_filename": null,
            "source_dir": null,
            "source_file": "lambda/functions/update-course/update-course.js",
            "type": "zip"
          },
          "sensitive_attributes": []
        }
      ]
    },
    {
      "module": "module.lambda",
      "mode": "managed",
      "type": "aws_lambda_function",
      "name": "delete_course",
      "provider": "provider[\"registry.terraform.io/hashicorp/aws\"]",
      "instances": [
        {
          "schema_version": 0,
          "attributes": {
            "architectures": [
              "x86_64"
            ],
            "arn": "arn:aws:lambda:eu-central-1:637423285372:function:dev-lambda-delete-course",
            "code_signing_config_arn": "",
            "dead_letter_config": [],
            "description": "",
            "environment": [
              {
                "variables": {
                  "TABLE_NAME": "course"
                }
              }
            ],
            "ephemeral_storage": [
              {
                "size": 512
              }
            ],
            "file_system_config": [],
            "filename": "lambda/functions/delete-course/delete-course.zip",
            "function_name": "dev-lambda-delete-course",
            "handler": "delete-course.handler",
            "id": "dev-lambda-delete-course",
            "image_config": [],
            "image_uri": "",
            "invoke_arn": "arn:aws:apigateway:eu-central-1:lambda:path/2015-03-31/functions/arn:aws:lambda:eu-central-1:637423285372:function:dev-lambda-delete-course/invocations",
            "kms_key_arn": "",
            "last_modified": "2024-04-18T20:39:11.690+0000",
            "layers": null,
            "logging_config": [
              {
                "application_log_level": "",
                "log_format": "Text",
                "log_group": "/aws/lambda/dev-lambda-delete-course",
                "system_log_level": ""
              }
            ],
            "memory_size": 128,
            "package_type": "Zip",
            "publish": false,
            "qualified_arn": "arn:aws:lambda:eu-central-1:637423285372:function:dev-lambda-delete-course:$LATEST",
            "qualified_invoke_arn": "arn:aws:apigateway:eu-central-1:lambda:path/2015-03-31/functions/arn:aws:lambda:eu-central-1:637423285372:function:dev-lambda-delete-course:$LATEST/invocations",
            "replace_security_groups_on_destroy": null,
            "replacement_security_group_ids": null,
            "reserved_concurrent_executions": -1,
            "role": "arn:aws:iam::637423285372:role/dev-iam-delete-course-role",
            "runtime": "nodejs16.x",
            "s3_bucket": null,
            "s3_key": null,
            "s3_object_version": null,
            "signing_job_arn": "",
            "signing_profile_version_arn": "",
            "skip_destroy": false,
            "snap_start": [],
            "source_code_hash": "EJUR35Y2oy97l/FIV2FWk0ceC1neeK7G9vUt4KyV4Zw=",
            "source_code_size": 423,
            "tags": null,
            "tags_all": {},
            "timeout": 3,
            "timeouts": null,
            "tracing_config": [
              {
                "mode": "PassThrough"
              }
            ],
            "version": "$LATEST",
            "vpc_config": []
          },
          "sensitive_attributes": [],
          "private": "eyJlMmJmYjczMC1lY2FhLTExZTYtOGY4OC0zNDM2M2JjN2M0YzAiOnsiY3JlYXRlIjo2MDAwMDAwMDAwMDAsImRlbGV0ZSI6NjAwMDAwMDAwMDAwLCJ1cGRhdGUiOjYwMDAwMDAwMDAwMH19",
          "dependencies": [
            "module.iam.aws_iam_role.delete_course",
            "module.lambda.data.archive_file.delete_course"
          ],
          "create_before_destroy": true
        }
      ]
    },
    {
      "module": "module.lambda",
      "mode": "managed",
      "type": "aws_lambda_function",
      "name": "get_all_authors",
      "provider": "provider[\"registry.terraform.io/hashicorp/aws\"]",
      "instances": [
        {
          "schema_version": 0,
          "attributes": {
            "architectures": [
              "x86_64"
            ],
            "arn": "arn:aws:lambda:eu-central-1:637423285372:function:dev-lambda-get-all-authors",
            "code_signing_config_arn": "",
            "dead_letter_config": [],
            "description": "",
            "environment": [
              {
                "variables": {
                  "TABLE_NAME": "author"
                }
              }
            ],
            "ephemeral_storage": [
              {
                "size": 512
              }
            ],
            "file_system_config": [],
            "filename": "lambda/functions/get-all-authors/get-all-authors.zip",
            "function_name": "dev-lambda-get-all-authors",
            "handler": "get-all-authors.handler",
            "id": "dev-lambda-get-all-authors",
            "image_config": [],
            "image_uri": "",
            "invoke_arn": "arn:aws:apigateway:eu-central-1:lambda:path/2015-03-31/functions/arn:aws:lambda:eu-central-1:637423285372:function:dev-lambda-get-all-authors/invocations",
            "kms_key_arn": "",
            "last_modified": "2024-04-18T20:38:54.699+0000",
            "layers": null,
            "logging_config": [
              {
                "application_log_level": "",
                "log_format": "Text",
                "log_group": "/aws/lambda/dev-lambda-get-all-authors",
                "system_log_level": ""
              }
            ],
            "memory_size": 128,
            "package_type": "Zip",
            "publish": false,
            "qualified_arn": "arn:aws:lambda:eu-central-1:637423285372:function:dev-lambda-get-all-authors:$LATEST",
            "qualified_invoke_arn": "arn:aws:apigateway:eu-central-1:lambda:path/2015-03-31/functions/arn:aws:lambda:eu-central-1:637423285372:function:dev-lambda-get-all-authors:$LATEST/invocations",
            "replace_security_groups_on_destroy": null,
            "replacement_security_group_ids": null,
            "reserved_concurrent_executions": -1,
            "role": "arn:aws:iam::637423285372:role/dev-iam-get-all-authors-role",
            "runtime": "nodejs16.x",
            "s3_bucket": null,
            "s3_key": null,
            "s3_object_version": null,
            "signing_job_arn": "",
            "signing_profile_version_arn": "",
            "skip_destroy": false,
            "snap_start": [],
            "source_code_hash": "wxS/32TXhBJ+O/1zVoKZ9b2AsRQLYjK9Fij/TZV1WpU=",
            "source_code_size": 462,
            "tags": null,
            "tags_all": {},
            "timeout": 3,
            "timeouts": null,
            "tracing_config": [
              {
                "mode": "PassThrough"
              }
            ],
            "version": "$LATEST",
            "vpc_config": []
          },
          "sensitive_attributes": [],
          "private": "eyJlMmJmYjczMC1lY2FhLTExZTYtOGY4OC0zNDM2M2JjN2M0YzAiOnsiY3JlYXRlIjo2MDAwMDAwMDAwMDAsImRlbGV0ZSI6NjAwMDAwMDAwMDAwLCJ1cGRhdGUiOjYwMDAwMDAwMDAwMH19",
          "dependencies": [
            "module.iam.aws_iam_role.get_all_authors",
            "module.lambda.data.archive_file.get_all_authors"
          ],
          "create_before_destroy": true
        }
      ]
    },
    {
      "module": "module.lambda",
      "mode": "managed",
      "type": "aws_lambda_function",
      "name": "get_all_courses",
      "provider": "provider[\"registry.terraform.io/hashicorp/aws\"]",
      "instances": [
        {
          "schema_version": 0,
          "attributes": {
            "architectures": [
              "x86_64"
            ],
            "arn": "arn:aws:lambda:eu-central-1:637423285372:function:dev-lambda-get-all-courses",
            "code_signing_config_arn": "",
            "dead_letter_config": [],
            "description": "",
            "environment": [
              {
                "variables": {
                  "TABLE_NAME": "course"
                }
              }
            ],
            "ephemeral_storage": [
              {
                "size": 512
              }
            ],
            "file_system_config": [],
            "filename": "lambda/functions/get-all-courses/get-all-courses.zip",
            "function_name": "dev-lambda-get-all-courses",
            "handler": "get-all-courses.handler",
            "id": "dev-lambda-get-all-courses",
            "image_config": [],
            "image_uri": "",
            "invoke_arn": "arn:aws:apigateway:eu-central-1:lambda:path/2015-03-31/functions/arn:aws:lambda:eu-central-1:637423285372:function:dev-lambda-get-all-courses/invocations",
            "kms_key_arn": "",
            "last_modified": "2024-04-18T20:38:43.179+0000",
            "layers": null,
            "logging_config": [
              {
                "application_log_level": "",
                "log_format": "Text",
                "log_group": "/aws/lambda/dev-lambda-get-all-courses",
                "system_log_level": ""
              }
            ],
            "memory_size": 128,
            "package_type": "Zip",
            "publish": false,
            "qualified_arn": "arn:aws:lambda:eu-central-1:637423285372:function:dev-lambda-get-all-courses:$LATEST",
            "qualified_invoke_arn": "arn:aws:apigateway:eu-central-1:lambda:path/2015-03-31/functions/arn:aws:lambda:eu-central-1:637423285372:function:dev-lambda-get-all-courses:$LATEST/invocations",
            "replace_security_groups_on_destroy": null,
            "replacement_security_group_ids": null,
            "reserved_concurrent_executions": -1,
            "role": "arn:aws:iam::637423285372:role/dev-iam-get-all-courses-role",
            "runtime": "nodejs16.x",
            "s3_bucket": null,
            "s3_key": null,
            "s3_object_version": null,
            "signing_job_arn": "",
            "signing_profile_version_arn": "",
            "skip_destroy": false,
            "snap_start": [],
            "source_code_hash": "xtymYiu3wzTe4l/pZ+ZtRxeEHhf7c/ROV38TsleOaMU=",
            "source_code_size": 497,
            "tags": null,
            "tags_all": {},
            "timeout": 3,
            "timeouts": null,
            "tracing_config": [
              {
                "mode": "PassThrough"
              }
            ],
            "version": "$LATEST",
            "vpc_config": []
          },
          "sensitive_attributes": [],
          "private": "eyJlMmJmYjczMC1lY2FhLTExZTYtOGY4OC0zNDM2M2JjN2M0YzAiOnsiY3JlYXRlIjo2MDAwMDAwMDAwMDAsImRlbGV0ZSI6NjAwMDAwMDAwMDAwLCJ1cGRhdGUiOjYwMDAwMDAwMDAwMH19",
          "dependencies": [
            "module.iam.aws_iam_role.get_all_courses",
            "module.lambda.data.archive_file.get_all_courses"
          ],
          "create_before_destroy": true
        }
      ]
    },
    {
      "module": "module.lambda",
      "mode": "managed",
      "type": "aws_lambda_function",
      "name": "get_course",
      "provider": "provider[\"registry.terraform.io/hashicorp/aws\"]",
      "instances": [
        {
          "schema_version": 0,
          "attributes": {
            "architectures": [
              "x86_64"
            ],
            "arn": "arn:aws:lambda:eu-central-1:637423285372:function:dev-lambda-get-course",
            "code_signing_config_arn": "",
            "dead_letter_config": [],
            "description": "",
            "environment": [
              {
                "variables": {
                  "TABLE_NAME": "course"
                }
              }
            ],
            "ephemeral_storage": [
              {
                "size": 512
              }
            ],
            "file_system_config": [],
            "filename": "lambda/functions/get-course/get-course.zip",
            "function_name": "dev-lambda-get-course",
            "handler": "get-course.handler",
            "id": "dev-lambda-get-course",
            "image_config": [],
            "image_uri": "",
            "invoke_arn": "arn:aws:apigateway:eu-central-1:lambda:path/2015-03-31/functions/arn:aws:lambda:eu-central-1:637423285372:function:dev-lambda-get-course/invocations",
            "kms_key_arn": "",
            "last_modified": "2024-04-18T20:38:49.020+0000",
            "layers": null,
            "logging_config": [
              {
                "application_log_level": "",
                "log_format": "Text",
                "log_group": "/aws/lambda/dev-lambda-get-course",
                "system_log_level": ""
              }
            ],
            "memory_size": 128,
            "package_type": "Zip",
            "publish": false,
            "qualified_arn": "arn:aws:lambda:eu-central-1:637423285372:function:dev-lambda-get-course:$LATEST",
            "qualified_invoke_arn": "arn:aws:apigateway:eu-central-1:lambda:path/2015-03-31/functions/arn:aws:lambda:eu-central-1:637423285372:function:dev-lambda-get-course:$LATEST/invocations",
            "replace_security_groups_on_destroy": null,
            "replacement_security_group_ids": null,
            "reserved_concurrent_executions": -1,
            "role": "arn:aws:iam::637423285372:role/dev-iam-get-course-role",
            "runtime": "nodejs16.x",
            "s3_bucket": null,
            "s3_key": null,
            "s3_object_version": null,
            "signing_job_arn": "",
            "signing_profile_version_arn": "",
            "skip_destroy": false,
            "snap_start": [],
            "source_code_hash": "2Z3mPYkQYh5MqsFcClgp/KzFOuBXUd+n70+9uAWBxqs=",
            "source_code_size": 484,
            "tags": null,
            "tags_all": {},
            "timeout": 3,
            "timeouts": null,
            "tracing_config": [
              {
                "mode": "PassThrough"
              }
            ],
            "version": "$LATEST",
            "vpc_config": []
          },
          "sensitive_attributes": [],
          "private": "eyJlMmJmYjczMC1lY2FhLTExZTYtOGY4OC0zNDM2M2JjN2M0YzAiOnsiY3JlYXRlIjo2MDAwMDAwMDAwMDAsImRlbGV0ZSI6NjAwMDAwMDAwMDAwLCJ1cGRhdGUiOjYwMDAwMDAwMDAwMH19",
          "dependencies": [
            "module.iam.aws_iam_role.get_course",
            "module.lambda.data.archive_file.get_course"
          ],
          "create_before_destroy": true
        }
      ]
    },
    {
      "module": "module.lambda",
      "mode": "managed",
      "type": "aws_lambda_function",
      "name": "save_course",
      "provider": "provider[\"registry.terraform.io/hashicorp/aws\"]",
      "instances": [
        {
          "schema_version": 0,
          "attributes": {
            "architectures": [
              "x86_64"
            ],
            "arn": "arn:aws:lambda:eu-central-1:637423285372:function:dev-lambda-save-course",
            "code_signing_config_arn": "",
            "dead_letter_config": [],
            "description": "",
            "environment": [
              {
                "variables": {
                  "TABLE_NAME": "course"
                }
              }
            ],
            "ephemeral_storage": [
              {
                "size": 512
              }
            ],
            "file_system_config": [],
            "filename": "lambda/functions/save-course/save-course.zip",
            "function_name": "dev-lambda-save-course",
            "handler": "save-course.handler",
            "id": "dev-lambda-save-course",
            "image_config": [],
            "image_uri": "",
            "invoke_arn": "arn:aws:apigateway:eu-central-1:lambda:path/2015-03-31/functions/arn:aws:lambda:eu-central-1:637423285372:function:dev-lambda-save-course/invocations",
            "kms_key_arn": "",
            "last_modified": "2024-04-18T20:39:00.360+0000",
            "layers": null,
            "logging_config": [
              {
                "application_log_level": "",
                "log_format": "Text",
                "log_group": "/aws/lambda/dev-lambda-save-course",
                "system_log_level": ""
              }
            ],
            "memory_size": 128,
            "package_type": "Zip",
            "publish": false,
            "qualified_arn": "arn:aws:lambda:eu-central-1:637423285372:function:dev-lambda-save-course:$LATEST",
            "qualified_invoke_arn": "arn:aws:apigateway:eu-central-1:lambda:path/2015-03-31/functions/arn:aws:lambda:eu-central-1:637423285372:function:dev-lambda-save-course:$LATEST/invocations",
            "replace_security_groups_on_destroy": null,
            "replacement_security_group_ids": null,
            "reserved_concurrent_executions": -1,
            "role": "arn:aws:iam::637423285372:role/dev-iam-put-course-role",
            "runtime": "nodejs16.x",
            "s3_bucket": null,
            "s3_key": null,
            "s3_object_version": null,
            "signing_job_arn": "",
            "signing_profile_version_arn": "",
            "skip_destroy": false,
            "snap_start": [],
            "source_code_hash": "PvafQ5K/Y8lpx4jg7CEr1LUDJS9PsafgeJ9fnuHHn8M=",
            "source_code_size": 632,
            "tags": null,
            "tags_all": {},
            "timeout": 3,
            "timeouts": null,
            "tracing_config": [
              {
                "mode": "PassThrough"
              }
            ],
            "version": "$LATEST",
            "vpc_config": []
          },
          "sensitive_attributes": [],
          "private": "eyJlMmJmYjczMC1lY2FhLTExZTYtOGY4OC0zNDM2M2JjN2M0YzAiOnsiY3JlYXRlIjo2MDAwMDAwMDAwMDAsImRlbGV0ZSI6NjAwMDAwMDAwMDAwLCJ1cGRhdGUiOjYwMDAwMDAwMDAwMH19",
          "dependencies": [
            "module.iam.aws_iam_role.put_course",
            "module.lambda.data.archive_file.save_course"
          ],
          "create_before_destroy": true
        }
      ]
    },
    {
      "module": "module.lambda",
      "mode": "managed",
      "type": "aws_lambda_function",
      "name": "update_course",
      "provider": "provider[\"registry.terraform.io/hashicorp/aws\"]",
      "instances": [
        {
          "schema_version": 0,
          "attributes": {
            "architectures": [
              "x86_64"
            ],
            "arn": "arn:aws:lambda:eu-central-1:637423285372:function:dev-lambda-update-course",
            "code_signing_config_arn": "",
            "dead_letter_config": [],
            "description": "",
            "environment": [
              {
                "variables": {
                  "TABLE_NAME": "course"
                }
              }
            ],
            "ephemeral_storage": [
              {
                "size": 512
              }
            ],
            "file_system_config": [],
            "filename": "lambda/functions/update-course/update-course.zip",
            "function_name": "dev-lambda-update-course",
            "handler": "update-course.handler",
            "id": "dev-lambda-update-course",
            "image_config": [],
            "image_uri": "",
            "invoke_arn": "arn:aws:apigateway:eu-central-1:lambda:path/2015-03-31/functions/arn:aws:lambda:eu-central-1:637423285372:function:dev-lambda-update-course/invocations",
            "kms_key_arn": "",
            "last_modified": "2024-04-18T20:39:06.006+0000",
            "layers": null,
            "logging_config": [
              {
                "application_log_level": "",
                "log_format": "Text",
                "log_group": "/aws/lambda/dev-lambda-update-course",
                "system_log_level": ""
              }
            ],
            "memory_size": 128,
            "package_type": "Zip",
            "publish": false,
            "qualified_arn": "arn:aws:lambda:eu-central-1:637423285372:function:dev-lambda-update-course:$LATEST",
            "qualified_invoke_arn": "arn:aws:apigateway:eu-central-1:lambda:path/2015-03-31/functions/arn:aws:lambda:eu-central-1:637423285372:function:dev-lambda-update-course:$LATEST/invocations",
            "replace_security_groups_on_destroy": null,
            "replacement_security_group_ids": null,
            "reserved_concurrent_executions": -1,
            "role": "arn:aws:iam::637423285372:role/dev-iam-put-course-role",
            "runtime": "nodejs16.x",
            "s3_bucket": null,
            "s3_key": null,
            "s3_object_version": null,
            "signing_job_arn": "",
            "signing_profile_version_arn": "",
            "skip_destroy": false,
            "snap_start": [],
            "source_code_hash": "ajg2V47aetI1lPF78guWGUs1gBv3v3hys5mW94TzIjw=",
            "source_code_size": 530,
            "tags": null,
            "tags_all": {},
            "timeout": 3,
            "timeouts": null,
            "tracing_config": [
              {
                "mode": "PassThrough"
              }
            ],
            "version": "$LATEST",
            "vpc_config": []
          },
          "sensitive_attributes": [],
          "private": "eyJlMmJmYjczMC1lY2FhLTExZTYtOGY4OC0zNDM2M2JjN2M0YzAiOnsiY3JlYXRlIjo2MDAwMDAwMDAwMDAsImRlbGV0ZSI6NjAwMDAwMDAwMDAwLCJ1cGRhdGUiOjYwMDAwMDAwMDAwMH19",
          "dependencies": [
            "module.iam.aws_iam_role.put_course",
            "module.lambda.data.archive_file.update_course"
          ],
          "create_before_destroy": true
        }
      ]
    }
  ],
  "check_results": [
    {
      "object_kind": "var",
      "config_addr": "module.dynamodb_author.var.label_key_case",
      "status": "unknown",
      "objects": [
        {
          "object_addr": "module.dynamodb_author.var.label_key_case",
          "status": "unknown"
        }
      ]
    },
    {
      "object_kind": "var",
      "config_addr": "module.iam.var.label_key_case",
      "status": "unknown",
      "objects": [
        {
          "object_addr": "module.iam.var.label_key_case",
          "status": "unknown"
        }
      ]
    },
    {
      "object_kind": "var",
      "config_addr": "module.dynamodb_course.module.this.var.id_length_limit",
      "status": "unknown",
      "objects": [
        {
          "object_addr": "module.dynamodb_course.module.this.var.id_length_limit",
          "status": "unknown"
        }
      ]
    },
    {
      "object_kind": "var",
      "config_addr": "module.dynamodb_course.var.id_length_limit",
      "status": "unknown",
      "objects": [
        {
          "object_addr": "module.dynamodb_course.var.id_length_limit",
          "status": "unknown"
        }
      ]
    },
    {
      "object_kind": "var",
      "config_addr": "module.dynamodb_author.var.label_value_case",
      "status": "unknown",
      "objects": [
        {
          "object_addr": "module.dynamodb_author.var.label_value_case",
          "status": "unknown"
        }
      ]
    },
    {
      "object_kind": "var",
      "config_addr": "module.lambda.module.labels.var.label_key_case",
      "status": "pass",
      "objects": [
        {
          "object_addr": "module.lambda.module.labels.var.label_key_case",
          "status": "pass"
        }
      ]
    },
    {
      "object_kind": "var",
      "config_addr": "module.iam.module.labels.var.context",
      "status": "pass",
      "objects": [
        {
          "object_addr": "module.iam.module.labels.var.context",
          "status": "pass"
        }
      ]
    },
    {
      "object_kind": "var",
      "config_addr": "module.lambda.module.this.var.label_value_case",
      "status": "unknown",
      "objects": [
        {
          "object_addr": "module.lambda.module.this.var.label_value_case",
          "status": "unknown"
        }
      ]
    },
    {
      "object_kind": "var",
      "config_addr": "module.iam.module.this.var.context",
      "status": "unknown",
      "objects": [
        {
          "object_addr": "module.iam.module.this.var.context",
          "status": "unknown"
        }
      ]
    },
    {
      "object_kind": "var",
      "config_addr": "module.api.var.label_value_case",
      "status": "unknown",
      "objects": [
        {
          "object_addr": "module.api.var.label_value_case",
          "status": "unknown"
        }
      ]
    },
    {
      "object_kind": "var",
      "config_addr": "module.lambda.var.label_value_case",
      "status": "unknown",
      "objects": [
        {
          "object_addr": "module.lambda.var.label_value_case",
          "status": "unknown"
        }
      ]
    },
    {
      "object_kind": "var",
      "config_addr": "module.lambda.var.context",
      "status": "unknown",
      "objects": [
        {
          "object_addr": "module.lambda.var.context",
          "status": "unknown"
        }
      ]
    },
    {
      "object_kind": "var",
      "config_addr": "module.lambda.module.labels.var.context",
      "status": "pass",
      "objects": [
        {
          "object_addr": "module.lambda.module.labels.var.context",
          "status": "pass"
        }
      ]
    },
    {
      "object_kind": "var",
      "config_addr": "module.iam.var.context",
      "status": "unknown",
      "objects": [
        {
          "object_addr": "module.iam.var.context",
          "status": "unknown"
        }
      ]
    },
    {
      "object_kind": "var",
      "config_addr": "module.dynamodb_author.var.context",
      "status": "unknown",
      "objects": [
        {
          "object_addr": "module.dynamodb_author.var.context",
          "status": "unknown"
        }
      ]
    },
    {
      "object_kind": "var",
      "config_addr": "module.api.module.this.var.context",
      "status": "unknown",
      "objects": [
        {
          "object_addr": "module.api.module.this.var.context",
          "status": "unknown"
        }
      ]
    },
    {
      "object_kind": "var",
      "config_addr": "module.dynamodb_author.module.this.var.label_key_case",
      "status": "unknown",
      "objects": [
        {
          "object_addr": "module.dynamodb_author.module.this.var.label_key_case",
          "status": "unknown"
        }
      ]
    },
    {
      "object_kind": "var",
      "config_addr": "module.lambda.module.labels.var.id_length_limit",
      "status": "pass",
      "objects": [
        {
          "object_addr": "module.lambda.module.labels.var.id_length_limit",
          "status": "pass"
        }
      ]
    },
    {
      "object_kind": "var",
      "config_addr": "module.iam.var.label_value_case",
      "status": "unknown",
      "objects": [
        {
          "object_addr": "module.iam.var.label_value_case",
          "status": "unknown"
        }
      ]
    },
    {
      "object_kind": "var",
      "config_addr": "module.iam.module.this.var.id_length_limit",
      "status": "unknown",
      "objects": [
        {
          "object_addr": "module.iam.module.this.var.id_length_limit",
          "status": "unknown"
        }
      ]
    },
    {
      "object_kind": "var",
      "config_addr": "module.dynamodb_course.module.labels.var.label_value_case",
      "status": "pass",
      "objects": [
        {
          "object_addr": "module.dynamodb_course.module.labels.var.label_value_case",
          "status": "pass"
        }
      ]
    },
    {
      "object_kind": "var",
      "config_addr": "module.api.module.labels.var.label_key_case",
      "status": "pass",
      "objects": [
        {
          "object_addr": "module.api.module.labels.var.label_key_case",
          "status": "pass"
        }
      ]
    },
    {
      "object_kind": "var",
      "config_addr": "module.iam.module.this.var.label_value_case",
      "status": "unknown",
      "objects": [
        {
          "object_addr": "module.iam.module.this.var.label_value_case",
          "status": "unknown"
        }
      ]
    },
    {
      "object_kind": "var",
      "config_addr": "module.iam.var.id_length_limit",
      "status": "unknown",
      "objects": [
        {
          "object_addr": "module.iam.var.id_length_limit",
          "status": "unknown"
        }
      ]
    },
    {
      "object_kind": "var",
      "config_addr": "module.api.module.this.var.id_length_limit",
      "status": "unknown",
      "objects": [
        {
          "object_addr": "module.api.module.this.var.id_length_limit",
          "status": "unknown"
        }
      ]
    },
    {
      "object_kind": "var",
      "config_addr": "module.api.var.id_length_limit",
      "status": "unknown",
      "objects": [
        {
          "object_addr": "module.api.var.id_length_limit",
          "status": "unknown"
        }
      ]
    },
    {
      "object_kind": "var",
      "config_addr": "module.dynamodb_course.module.this.var.context",
      "status": "unknown",
      "objects": [
        {
          "object_addr": "module.dynamodb_course.module.this.var.context",
          "status": "unknown"
        }
      ]
    },
    {
      "object_kind": "var",
      "config_addr": "module.lambda.module.this.var.context",
      "status": "unknown",
      "objects": [
        {
          "object_addr": "module.lambda.module.this.var.context",
          "status": "unknown"
        }
      ]
    },
    {
      "object_kind": "var",
      "config_addr": "module.lambda.module.this.var.label_key_case",
      "status": "unknown",
      "objects": [
        {
          "object_addr": "module.lambda.module.this.var.label_key_case",
          "status": "unknown"
        }
      ]
    },
    {
      "object_kind": "var",
      "config_addr": "module.dynamodb_author.module.labels.var.label_value_case",
      "status": "pass",
      "objects": [
        {
          "object_addr": "module.dynamodb_author.module.labels.var.label_value_case",
          "status": "pass"
        }
      ]
    },
    {
      "object_kind": "var",
      "config_addr": "module.dynamodb_course.module.labels.var.label_key_case",
      "status": "pass",
      "objects": [
        {
          "object_addr": "module.dynamodb_course.module.labels.var.label_key_case",
          "status": "pass"
        }
      ]
    },
    {
      "object_kind": "var",
      "config_addr": "module.dynamodb_author.module.this.var.id_length_limit",
      "status": "unknown",
      "objects": [
        {
          "object_addr": "module.dynamodb_author.module.this.var.id_length_limit",
          "status": "unknown"
        }
      ]
    },
    {
      "object_kind": "var",
      "config_addr": "module.dynamodb_course.module.this.var.label_value_case",
      "status": "unknown",
      "objects": [
        {
          "object_addr": "module.dynamodb_course.module.this.var.label_value_case",
          "status": "unknown"
        }
      ]
    },
    {
      "object_kind": "var",
      "config_addr": "module.api.module.labels.var.label_value_case",
      "status": "pass",
      "objects": [
        {
          "object_addr": "module.api.module.labels.var.label_value_case",
          "status": "pass"
        }
      ]
    },
    {
      "object_kind": "var",
      "config_addr": "module.lambda.var.id_length_limit",
      "status": "unknown",
      "objects": [
        {
          "object_addr": "module.lambda.var.id_length_limit",
          "status": "unknown"
        }
      ]
    },
    {
      "object_kind": "var",
      "config_addr": "module.iam.module.labels.var.label_key_case",
      "status": "pass",
      "objects": [
        {
          "object_addr": "module.iam.module.labels.var.label_key_case",
          "status": "pass"
        }
      ]
    },
    {
      "object_kind": "var",
      "config_addr": "module.api.var.label_key_case",
      "status": "unknown",
      "objects": [
        {
          "object_addr": "module.api.var.label_key_case",
          "status": "unknown"
        }
      ]
    },
    {
      "object_kind": "var",
      "config_addr": "module.api.var.context",
      "status": "unknown",
      "objects": [
        {
          "object_addr": "module.api.var.context",
          "status": "unknown"
        }
      ]
    },
    {
      "object_kind": "var",
      "config_addr": "module.dynamodb_course.module.this.var.label_key_case",
      "status": "unknown",
      "objects": [
        {
          "object_addr": "module.dynamodb_course.module.this.var.label_key_case",
          "status": "unknown"
        }
      ]
    },
    {
      "object_kind": "var",
      "config_addr": "module.dynamodb_author.module.labels.var.context",
      "status": "pass",
      "objects": [
        {
          "object_addr": "module.dynamodb_author.module.labels.var.context",
          "status": "pass"
        }
      ]
    },
    {
      "object_kind": "var",
      "config_addr": "module.api.module.this.var.label_value_case",
      "status": "unknown",
      "objects": [
        {
          "object_addr": "module.api.module.this.var.label_value_case",
          "status": "unknown"
        }
      ]
    },
    {
      "object_kind": "var",
      "config_addr": "module.dynamodb_author.module.this.var.context",
      "status": "unknown",
      "objects": [
        {
          "object_addr": "module.dynamodb_author.module.this.var.context",
          "status": "unknown"
        }
      ]
    },
    {
      "object_kind": "var",
      "config_addr": "module.api.module.labels.var.context",
      "status": "pass",
      "objects": [
        {
          "object_addr": "module.api.module.labels.var.context",
          "status": "pass"
        }
      ]
    },
    {
      "object_kind": "var",
      "config_addr": "module.dynamodb_author.module.labels.var.label_key_case",
      "status": "pass",
      "objects": [
        {
          "object_addr": "module.dynamodb_author.module.labels.var.label_key_case",
          "status": "pass"
        }
      ]
    },
    {
      "object_kind": "var",
      "config_addr": "module.lambda.module.this.var.id_length_limit",
      "status": "unknown",
      "objects": [
        {
          "object_addr": "module.lambda.module.this.var.id_length_limit",
          "status": "unknown"
        }
      ]
    },
    {
      "object_kind": "var",
      "config_addr": "module.dynamodb_course.module.labels.var.id_length_limit",
      "status": "pass",
      "objects": [
        {
          "object_addr": "module.dynamodb_course.module.labels.var.id_length_limit",
          "status": "pass"
        }
      ]
    },
    {
      "object_kind": "var",
      "config_addr": "module.dynamodb_course.module.labels.var.context",
      "status": "pass",
      "objects": [
        {
          "object_addr": "module.dynamodb_course.module.labels.var.context",
          "status": "pass"
        }
      ]
    },
    {
      "object_kind": "var",
      "config_addr": "module.dynamodb_author.var.id_length_limit",
      "status": "unknown",
      "objects": [
        {
          "object_addr": "module.dynamodb_author.var.id_length_limit",
          "status": "unknown"
        }
      ]
    },
    {
      "object_kind": "var",
      "config_addr": "module.iam.module.labels.var.label_value_case",
      "status": "pass",
      "objects": [
        {
          "object_addr": "module.iam.module.labels.var.label_value_case",
          "status": "pass"
        }
      ]
    },
    {
      "object_kind": "var",
      "config_addr": "module.api.module.labels.var.id_length_limit",
      "status": "pass",
      "objects": [
        {
          "object_addr": "module.api.module.labels.var.id_length_limit",
          "status": "pass"
        }
      ]
    },
    {
      "object_kind": "var",
      "config_addr": "module.iam.module.labels.var.id_length_limit",
      "status": "pass",
      "objects": [
        {
          "object_addr": "module.iam.module.labels.var.id_length_limit",
          "status": "pass"
        }
      ]
    },
    {
      "object_kind": "var",
      "config_addr": "module.dynamodb_author.module.labels.var.id_length_limit",
      "status": "pass",
      "objects": [
        {
          "object_addr": "module.dynamodb_author.module.labels.var.id_length_limit",
          "status": "pass"
        }
      ]
    },
    {
      "object_kind": "var",
      "config_addr": "module.iam.module.this.var.label_key_case",
      "status": "unknown",
      "objects": [
        {
          "object_addr": "module.iam.module.this.var.label_key_case",
          "status": "unknown"
        }
      ]
    },
    {
      "object_kind": "var",
      "config_addr": "module.dynamodb_author.module.this.var.label_value_case",
      "status": "unknown",
      "objects": [
        {
          "object_addr": "module.dynamodb_author.module.this.var.label_value_case",
          "status": "unknown"
        }
      ]
    },
    {
      "object_kind": "var",
      "config_addr": "module.api.module.this.var.label_key_case",
      "status": "unknown",
      "objects": [
        {
          "object_addr": "module.api.module.this.var.label_key_case",
          "status": "unknown"
        }
      ]
    },
    {
      "object_kind": "var",
      "config_addr": "module.dynamodb_course.var.label_key_case",
      "status": "unknown",
      "objects": [
        {
          "object_addr": "module.dynamodb_course.var.label_key_case",
          "status": "unknown"
        }
      ]
    },
    {
      "object_kind": "var",
      "config_addr": "module.lambda.module.labels.var.label_value_case",
      "status": "pass",
      "objects": [
        {
          "object_addr": "module.lambda.module.labels.var.label_value_case",
          "status": "pass"
        }
      ]
    },
    {
      "object_kind": "var",
      "config_addr": "module.dynamodb_course.var.label_value_case",
      "status": "unknown",
      "objects": [
        {
          "object_addr": "module.dynamodb_course.var.label_value_case",
          "status": "unknown"
        }
      ]
    },
    {
      "object_kind": "var",
      "config_addr": "module.dynamodb_course.var.context",
      "status": "unknown",
      "objects": [
        {
          "object_addr": "module.dynamodb_course.var.context",
          "status": "unknown"
        }
      ]
    },
    {
      "object_kind": "var",
      "config_addr": "module.lambda.var.label_key_case",
      "status": "unknown",
      "objects": [
        {
          "object_addr": "module.lambda.var.label_key_case",
          "status": "unknown"
        }
      ]
    }
  ]
}
