{
  "version": 4,
  "terraform_version": "1.8.3",
  "serial": 941,
  "lineage": "7b8b891f-378a-ddaf-c807-33a6dde216aa",
  "outputs": {
    "authors_table_arn": {
      "value": "arn:aws:dynamodb:eu-central-1:637423285372:table/authors",
      "type": "string"
    },
    "authors_table_name": {
      "value": "authors",
      "type": "string"
    },
    "courses_table_arn": {
      "value": "arn:aws:dynamodb:eu-central-1:637423285372:table/courses",
      "type": "string"
    },
    "table_table_name": {
      "value": "courses",
      "type": "string"
    }
  },
  "resources": [
    {
      "module": "module.api",
      "mode": "managed",
      "type": "aws_api_gateway_deployment",
      "name": "this",
      "provider": "provider[\"registry.terraform.io/hashicorp/aws\"]",
      "instances": [
        {
          "schema_version": 0,
          "attributes": {
            "created_date": "2024-05-23T20:56:14Z",
            "description": "",
            "execution_arn": "arn:aws:execute-api:eu-central-1:637423285372:gpjae3zjdb/",
            "id": "ipcq05",
            "invoke_url": "https://gpjae3zjdb.execute-api.eu-central-1.amazonaws.com/",
            "rest_api_id": "gpjae3zjdb",
            "stage_description": null,
            "stage_name": null,
            "triggers": {
              "redeployment": "2be88ca4242c76e8253ac62474851065032d6833"
            },
            "variables": null
          },
          "sensitive_attributes": [],
          "private": "bnVsbA==",
          "dependencies": [
            "module.api.aws_api_gateway_integration.delete_course",
            "module.api.aws_api_gateway_integration.get_all_authors",
            "module.api.aws_api_gateway_integration.get_all_courses",
            "module.api.aws_api_gateway_integration.get_course",
            "module.api.aws_api_gateway_integration.save_course",
            "module.api.aws_api_gateway_integration.update_course",
            "module.api.aws_api_gateway_method.delete_course",
            "module.api.aws_api_gateway_method.get_all_authors",
            "module.api.aws_api_gateway_method.get_all_courses",
            "module.api.aws_api_gateway_method.get_course",
            "module.api.aws_api_gateway_method.save_course",
            "module.api.aws_api_gateway_method.update_course",
            "module.api.aws_api_gateway_resource.deleteCourse",
            "module.api.aws_api_gateway_resource.delete_course",
            "module.api.aws_api_gateway_resource.getCourse",
            "module.api.aws_api_gateway_resource.get_all_authors",
            "module.api.aws_api_gateway_resource.get_all_courses",
            "module.api.aws_api_gateway_resource.get_course",
            "module.api.aws_api_gateway_resource.save_course",
            "module.api.aws_api_gateway_resource.update_course",
            "module.api.aws_api_gateway_rest_api.api",
            "module.iam.aws_iam_role.delete_course_role",
            "module.iam.aws_iam_role.get_all_authors_role",
            "module.iam.aws_iam_role.get_all_courses_role",
            "module.iam.aws_iam_role.get_course_role",
            "module.iam.aws_iam_role.save_course_role",
            "module.iam.aws_iam_role.update_course_role",
            "module.lambda.aws_lambda_function.delete-course",
            "module.lambda.aws_lambda_function.get-course",
            "module.lambda.aws_lambda_function.get_all_authors",
            "module.lambda.aws_lambda_function.get_all_courses",
            "module.lambda.aws_lambda_function.save-course",
            "module.lambda.aws_lambda_function.update-course",
            "module.lambda.data.archive_file.delete-course",
            "module.lambda.data.archive_file.get-course",
            "module.lambda.data.archive_file.get_all_authors",
            "module.lambda.data.archive_file.get_all_courses",
            "module.lambda.data.archive_file.save-course",
            "module.lambda.data.archive_file.update-course"
          ],
          "create_before_destroy": true
        }
      ]
    },
    {
      "module": "module.api",
      "mode": "managed",
      "type": "aws_api_gateway_integration",
      "name": "delete_course",
      "provider": "provider[\"registry.terraform.io/hashicorp/aws\"]",
      "instances": [
        {
          "schema_version": 0,
          "attributes": {
            "cache_key_parameters": null,
            "cache_namespace": "qhmfsa",
            "connection_id": "",
            "connection_type": "INTERNET",
            "content_handling": "",
            "credentials": "",
            "http_method": "DELETE",
            "id": "agi-gpjae3zjdb-qhmfsa-DELETE",
            "integration_http_method": "POST",
            "passthrough_behavior": "WHEN_NO_MATCH",
            "request_parameters": null,
            "request_templates": {
              "application/json": "{\"id\": \"$input.params('id')\"}"
            },
            "resource_id": "qhmfsa",
            "rest_api_id": "gpjae3zjdb",
            "timeout_milliseconds": 29000,
            "tls_config": [],
            "type": "AWS",
            "uri": "arn:aws:apigateway:eu-central-1:lambda:path/2015-03-31/functions/arn:aws:lambda:eu-central-1:637423285372:function:delete-course/invocations"
          },
          "sensitive_attributes": [],
          "private": "bnVsbA==",
          "dependencies": [
            "module.api.aws_api_gateway_method.delete_course",
            "module.api.aws_api_gateway_resource.deleteCourse",
            "module.api.aws_api_gateway_resource.delete_course",
            "module.api.aws_api_gateway_resource.get_all_courses",
            "module.api.aws_api_gateway_rest_api.api",
            "module.iam.aws_iam_role.delete_course_role",
            "module.lambda.aws_lambda_function.delete-course",
            "module.lambda.data.archive_file.delete-course"
          ],
          "create_before_destroy": true
        }
      ]
    },
    {
      "module": "module.api",
      "mode": "managed",
      "type": "aws_api_gateway_integration",
      "name": "get_all_authors",
      "provider": "provider[\"registry.terraform.io/hashicorp/aws\"]",
      "instances": [
        {
          "schema_version": 0,
          "attributes": {
            "cache_key_parameters": null,
            "cache_namespace": "b8i9ri",
            "connection_id": "",
            "connection_type": "INTERNET",
            "content_handling": "",
            "credentials": "",
            "http_method": "GET",
            "id": "agi-gpjae3zjdb-b8i9ri-GET",
            "integration_http_method": "POST",
            "passthrough_behavior": "WHEN_NO_MATCH",
            "request_parameters": null,
            "request_templates": null,
            "resource_id": "b8i9ri",
            "rest_api_id": "gpjae3zjdb",
            "timeout_milliseconds": 29000,
            "tls_config": [],
            "type": "AWS",
            "uri": "arn:aws:apigateway:eu-central-1:lambda:path/2015-03-31/functions/arn:aws:lambda:eu-central-1:637423285372:function:get-all-authors/invocations"
          },
          "sensitive_attributes": [],
          "private": "bnVsbA==",
          "dependencies": [
            "module.api.aws_api_gateway_method.get_all_authors",
            "module.api.aws_api_gateway_resource.get_all_authors",
            "module.api.aws_api_gateway_rest_api.api",
            "module.iam.aws_iam_role.get_all_authors_role",
            "module.lambda.aws_lambda_function.get_all_authors",
            "module.lambda.data.archive_file.get_all_authors"
          ],
          "create_before_destroy": true
        }
      ]
    },
    {
      "module": "module.api",
      "mode": "managed",
      "type": "aws_api_gateway_integration",
      "name": "get_all_courses",
      "provider": "provider[\"registry.terraform.io/hashicorp/aws\"]",
      "instances": [
        {
          "schema_version": 0,
          "attributes": {
            "cache_key_parameters": null,
            "cache_namespace": "ya11j2",
            "connection_id": "",
            "connection_type": "INTERNET",
            "content_handling": "",
            "credentials": "",
            "http_method": "GET",
            "id": "agi-gpjae3zjdb-ya11j2-GET",
            "integration_http_method": "POST",
            "passthrough_behavior": "WHEN_NO_MATCH",
            "request_parameters": null,
            "request_templates": null,
            "resource_id": "ya11j2",
            "rest_api_id": "gpjae3zjdb",
            "timeout_milliseconds": 29000,
            "tls_config": [],
            "type": "AWS",
            "uri": "arn:aws:apigateway:eu-central-1:lambda:path/2015-03-31/functions/arn:aws:lambda:eu-central-1:637423285372:function:get-all-courses/invocations"
          },
          "sensitive_attributes": [],
          "private": "bnVsbA==",
          "dependencies": [
            "module.api.aws_api_gateway_method.get_all_courses",
            "module.api.aws_api_gateway_resource.get_all_courses",
            "module.api.aws_api_gateway_rest_api.api",
            "module.iam.aws_iam_role.get_all_courses_role",
            "module.lambda.aws_lambda_function.get_all_courses",
            "module.lambda.data.archive_file.get_all_courses"
          ],
          "create_before_destroy": true
        }
      ]
    },
    {
      "module": "module.api",
      "mode": "managed",
      "type": "aws_api_gateway_integration",
      "name": "get_course",
      "provider": "provider[\"registry.terraform.io/hashicorp/aws\"]",
      "instances": [
        {
          "schema_version": 0,
          "attributes": {
            "cache_key_parameters": null,
            "cache_namespace": "cu0zpb",
            "connection_id": "",
            "connection_type": "INTERNET",
            "content_handling": "",
            "credentials": "",
            "http_method": "GET",
            "id": "agi-gpjae3zjdb-cu0zpb-GET",
            "integration_http_method": "POST",
            "passthrough_behavior": "WHEN_NO_MATCH",
            "request_parameters": null,
            "request_templates": {
              "application/json": "{\"id\": \"$input.params('id')\"}"
            },
            "resource_id": "cu0zpb",
            "rest_api_id": "gpjae3zjdb",
            "timeout_milliseconds": 29000,
            "tls_config": [],
            "type": "AWS",
            "uri": "arn:aws:apigateway:eu-central-1:lambda:path/2015-03-31/functions/arn:aws:lambda:eu-central-1:637423285372:function:get-course/invocations"
          },
          "sensitive_attributes": [],
          "private": "bnVsbA==",
          "dependencies": [
            "module.api.aws_api_gateway_method.get_course",
            "module.api.aws_api_gateway_resource.getCourse",
            "module.api.aws_api_gateway_resource.get_all_courses",
            "module.api.aws_api_gateway_resource.get_course",
            "module.api.aws_api_gateway_rest_api.api",
            "module.iam.aws_iam_role.get_course_role",
            "module.lambda.aws_lambda_function.get-course",
            "module.lambda.data.archive_file.get-course"
          ],
          "create_before_destroy": true
        }
      ]
    },
    {
      "module": "module.api",
      "mode": "managed",
      "type": "aws_api_gateway_integration",
      "name": "options_delete_course",
      "provider": "provider[\"registry.terraform.io/hashicorp/aws\"]",
      "instances": [
        {
          "schema_version": 0,
          "attributes": {
            "cache_key_parameters": null,
            "cache_namespace": "qhmfsa",
            "connection_id": "",
            "connection_type": "INTERNET",
            "content_handling": "",
            "credentials": "",
            "http_method": "OPTIONS",
            "id": "agi-gpjae3zjdb-qhmfsa-OPTIONS",
            "integration_http_method": "",
            "passthrough_behavior": "WHEN_NO_MATCH",
            "request_parameters": null,
            "request_templates": {
              "application/json": "{\"statusCode\": 200}"
            },
            "resource_id": "qhmfsa",
            "rest_api_id": "gpjae3zjdb",
            "timeout_milliseconds": 29000,
            "tls_config": [],
            "type": "MOCK",
            "uri": ""
          },
          "sensitive_attributes": [],
          "private": "bnVsbA==",
          "dependencies": [
            "module.api.aws_api_gateway_method.options_delete_course",
            "module.api.aws_api_gateway_resource.deleteCourse",
            "module.api.aws_api_gateway_resource.delete_course",
            "module.api.aws_api_gateway_resource.get_all_courses",
            "module.api.aws_api_gateway_rest_api.api"
          ]
        }
      ]
    },
    {
      "module": "module.api",
      "mode": "managed",
      "type": "aws_api_gateway_integration",
      "name": "options_get_all_authors",
      "provider": "provider[\"registry.terraform.io/hashicorp/aws\"]",
      "instances": [
        {
          "schema_version": 0,
          "attributes": {
            "cache_key_parameters": null,
            "cache_namespace": "b8i9ri",
            "connection_id": "",
            "connection_type": "INTERNET",
            "content_handling": "",
            "credentials": "",
            "http_method": "OPTIONS",
            "id": "agi-gpjae3zjdb-b8i9ri-OPTIONS",
            "integration_http_method": "",
            "passthrough_behavior": "WHEN_NO_MATCH",
            "request_parameters": null,
            "request_templates": {
              "application/json": "{\"statusCode\": 200}"
            },
            "resource_id": "b8i9ri",
            "rest_api_id": "gpjae3zjdb",
            "timeout_milliseconds": 29000,
            "tls_config": [],
            "type": "MOCK",
            "uri": ""
          },
          "sensitive_attributes": [],
          "private": "bnVsbA==",
          "dependencies": [
            "module.api.aws_api_gateway_method.options_get_all_authors",
            "module.api.aws_api_gateway_resource.get_all_authors",
            "module.api.aws_api_gateway_rest_api.api"
          ]
        }
      ]
    },
    {
      "module": "module.api",
      "mode": "managed",
      "type": "aws_api_gateway_integration",
      "name": "options_get_all_courses",
      "provider": "provider[\"registry.terraform.io/hashicorp/aws\"]",
      "instances": [
        {
          "schema_version": 0,
          "attributes": {
            "cache_key_parameters": null,
            "cache_namespace": "ya11j2",
            "connection_id": "",
            "connection_type": "INTERNET",
            "content_handling": "",
            "credentials": "",
            "http_method": "OPTIONS",
            "id": "agi-gpjae3zjdb-ya11j2-OPTIONS",
            "integration_http_method": "",
            "passthrough_behavior": "WHEN_NO_MATCH",
            "request_parameters": null,
            "request_templates": {
              "application/json": "{\"statusCode\": 200}"
            },
            "resource_id": "ya11j2",
            "rest_api_id": "gpjae3zjdb",
            "timeout_milliseconds": 29000,
            "tls_config": [],
            "type": "MOCK",
            "uri": ""
          },
          "sensitive_attributes": [],
          "private": "bnVsbA==",
          "dependencies": [
            "module.api.aws_api_gateway_method.options_get_all_courses",
            "module.api.aws_api_gateway_resource.get_all_courses",
            "module.api.aws_api_gateway_rest_api.api"
          ]
        }
      ]
    },
    {
      "module": "module.api",
      "mode": "managed",
      "type": "aws_api_gateway_integration",
      "name": "options_get_course",
      "provider": "provider[\"registry.terraform.io/hashicorp/aws\"]",
      "instances": [
        {
          "schema_version": 0,
          "attributes": {
            "cache_key_parameters": null,
            "cache_namespace": "cu0zpb",
            "connection_id": "",
            "connection_type": "INTERNET",
            "content_handling": "",
            "credentials": "",
            "http_method": "OPTIONS",
            "id": "agi-gpjae3zjdb-cu0zpb-OPTIONS",
            "integration_http_method": "",
            "passthrough_behavior": "WHEN_NO_MATCH",
            "request_parameters": null,
            "request_templates": {
              "application/json": "{\"statusCode\": 200}"
            },
            "resource_id": "cu0zpb",
            "rest_api_id": "gpjae3zjdb",
            "timeout_milliseconds": 29000,
            "tls_config": [],
            "type": "MOCK",
            "uri": ""
          },
          "sensitive_attributes": [],
          "private": "bnVsbA==",
          "dependencies": [
            "module.api.aws_api_gateway_method.options_get_course",
            "module.api.aws_api_gateway_resource.getCourse",
            "module.api.aws_api_gateway_resource.get_all_courses",
            "module.api.aws_api_gateway_resource.get_course",
            "module.api.aws_api_gateway_rest_api.api"
          ]
        }
      ]
    },
    {
      "module": "module.api",
      "mode": "managed",
      "type": "aws_api_gateway_integration",
      "name": "options_save_course",
      "provider": "provider[\"registry.terraform.io/hashicorp/aws\"]",
      "instances": [
        {
          "schema_version": 0,
          "attributes": {
            "cache_key_parameters": null,
            "cache_namespace": "b3d1e6",
            "connection_id": "",
            "connection_type": "INTERNET",
            "content_handling": "",
            "credentials": "",
            "http_method": "OPTIONS",
            "id": "agi-gpjae3zjdb-b3d1e6-OPTIONS",
            "integration_http_method": "",
            "passthrough_behavior": "WHEN_NO_MATCH",
            "request_parameters": null,
            "request_templates": {
              "application/json": "{\"statusCode\": 200}"
            },
            "resource_id": "b3d1e6",
            "rest_api_id": "gpjae3zjdb",
            "timeout_milliseconds": 29000,
            "tls_config": [],
            "type": "MOCK",
            "uri": ""
          },
          "sensitive_attributes": [],
          "private": "bnVsbA==",
          "dependencies": [
            "module.api.aws_api_gateway_method.options_save_course",
            "module.api.aws_api_gateway_resource.get_all_courses",
            "module.api.aws_api_gateway_resource.save_course",
            "module.api.aws_api_gateway_rest_api.api"
          ]
        }
      ]
    },
    {
      "module": "module.api",
      "mode": "managed",
      "type": "aws_api_gateway_integration",
      "name": "options_update_course",
      "provider": "provider[\"registry.terraform.io/hashicorp/aws\"]",
      "instances": [
        {
          "schema_version": 0,
          "attributes": {
            "cache_key_parameters": null,
            "cache_namespace": "i6j7e3",
            "connection_id": "",
            "connection_type": "INTERNET",
            "content_handling": "",
            "credentials": "",
            "http_method": "OPTIONS",
            "id": "agi-gpjae3zjdb-i6j7e3-OPTIONS",
            "integration_http_method": "",
            "passthrough_behavior": "WHEN_NO_MATCH",
            "request_parameters": null,
            "request_templates": {
              "application/json": "{\"statusCode\": 200}"
            },
            "resource_id": "i6j7e3",
            "rest_api_id": "gpjae3zjdb",
            "timeout_milliseconds": 29000,
            "tls_config": [],
            "type": "MOCK",
            "uri": ""
          },
          "sensitive_attributes": [],
          "private": "bnVsbA==",
          "dependencies": [
            "module.api.aws_api_gateway_method.options_update_course",
            "module.api.aws_api_gateway_resource.get_all_courses",
            "module.api.aws_api_gateway_resource.update_course",
            "module.api.aws_api_gateway_rest_api.api"
          ]
        }
      ]
    },
    {
      "module": "module.api",
      "mode": "managed",
      "type": "aws_api_gateway_integration",
      "name": "save_course",
      "provider": "provider[\"registry.terraform.io/hashicorp/aws\"]",
      "instances": [
        {
          "schema_version": 0,
          "attributes": {
            "cache_key_parameters": null,
            "cache_namespace": "b3d1e6",
            "connection_id": "",
            "connection_type": "INTERNET",
            "content_handling": "",
            "credentials": "",
            "http_method": "POST",
            "id": "agi-gpjae3zjdb-b3d1e6-POST",
            "integration_http_method": "POST",
            "passthrough_behavior": "WHEN_NO_MATCH",
            "request_parameters": null,
            "request_templates": null,
            "resource_id": "b3d1e6",
            "rest_api_id": "gpjae3zjdb",
            "timeout_milliseconds": 29000,
            "tls_config": [],
            "type": "AWS",
            "uri": "arn:aws:apigateway:eu-central-1:lambda:path/2015-03-31/functions/arn:aws:lambda:eu-central-1:637423285372:function:save-course/invocations"
          },
          "sensitive_attributes": [],
          "private": "bnVsbA==",
          "dependencies": [
            "module.api.aws_api_gateway_method.save_course",
            "module.api.aws_api_gateway_resource.get_all_courses",
            "module.api.aws_api_gateway_resource.save_course",
            "module.api.aws_api_gateway_rest_api.api",
            "module.iam.aws_iam_role.save_course_role",
            "module.lambda.aws_lambda_function.save-course",
            "module.lambda.data.archive_file.save-course"
          ],
          "create_before_destroy": true
        }
      ]
    },
    {
      "module": "module.api",
      "mode": "managed",
      "type": "aws_api_gateway_integration",
      "name": "update_course",
      "provider": "provider[\"registry.terraform.io/hashicorp/aws\"]",
      "instances": [
        {
          "schema_version": 0,
          "attributes": {
            "cache_key_parameters": null,
            "cache_namespace": "i6j7e3",
            "connection_id": "",
            "connection_type": "INTERNET",
            "content_handling": "",
            "credentials": "",
            "http_method": "PUT",
            "id": "agi-gpjae3zjdb-i6j7e3-PUT",
            "integration_http_method": "POST",
            "passthrough_behavior": "WHEN_NO_MATCH",
            "request_parameters": null,
            "request_templates": null,
            "resource_id": "i6j7e3",
            "rest_api_id": "gpjae3zjdb",
            "timeout_milliseconds": 29000,
            "tls_config": [],
            "type": "AWS",
            "uri": "arn:aws:apigateway:eu-central-1:lambda:path/2015-03-31/functions/arn:aws:lambda:eu-central-1:637423285372:function:update-course/invocations"
          },
          "sensitive_attributes": [],
          "private": "bnVsbA==",
          "dependencies": [
            "module.api.aws_api_gateway_method.update_course",
            "module.api.aws_api_gateway_resource.get_all_courses",
            "module.api.aws_api_gateway_resource.update_course",
            "module.api.aws_api_gateway_rest_api.api",
            "module.iam.aws_iam_role.update_course_role",
            "module.lambda.aws_lambda_function.update-course",
            "module.lambda.data.archive_file.update-course"
          ],
          "create_before_destroy": true
        }
      ]
    },
    {
      "module": "module.api",
      "mode": "managed",
      "type": "aws_api_gateway_integration_response",
      "name": "delete_course",
      "provider": "provider[\"registry.terraform.io/hashicorp/aws\"]",
      "instances": [
        {
          "schema_version": 0,
          "attributes": {
            "content_handling": "",
            "http_method": "DELETE",
            "id": "agir-gpjae3zjdb-qhmfsa-DELETE-200",
            "resource_id": "qhmfsa",
            "response_parameters": {
              "method.response.header.Access-Control-Allow-Headers": "'Content-Type,X-Amz-Date,Authorization,X-Api-Key,X-Amz-Security-Token'",
              "method.response.header.Access-Control-Allow-Methods": "'GET,OPTIONS,POST,PUT,DELETE'",
              "method.response.header.Access-Control-Allow-Origin": "'*'"
            },
            "response_templates": null,
            "rest_api_id": "gpjae3zjdb",
            "selection_pattern": "",
            "status_code": "200"
          },
          "sensitive_attributes": [],
          "private": "bnVsbA==",
          "dependencies": [
            "module.api.aws_api_gateway_integration.delete_course",
            "module.api.aws_api_gateway_method.delete_course",
            "module.api.aws_api_gateway_method_response.delete_course",
            "module.api.aws_api_gateway_resource.deleteCourse",
            "module.api.aws_api_gateway_resource.delete_course",
            "module.api.aws_api_gateway_resource.get_all_courses",
            "module.api.aws_api_gateway_rest_api.api",
            "module.iam.aws_iam_role.delete_course_role",
            "module.lambda.aws_lambda_function.delete-course",
            "module.lambda.data.archive_file.delete-course"
          ]
        }
      ]
    },
    {
      "module": "module.api",
      "mode": "managed",
      "type": "aws_api_gateway_integration_response",
      "name": "get_all_authors",
      "provider": "provider[\"registry.terraform.io/hashicorp/aws\"]",
      "instances": [
        {
          "schema_version": 0,
          "attributes": {
            "content_handling": "",
            "http_method": "GET",
            "id": "agir-gpjae3zjdb-b8i9ri-GET-200",
            "resource_id": "b8i9ri",
            "response_parameters": {
              "method.response.header.Access-Control-Allow-Headers": "'Content-Type,X-Amz-Date,Authorization,X-Api-Key,X-Amz-Security-Token'",
              "method.response.header.Access-Control-Allow-Methods": "'GET,OPTIONS,POST,PUT,DELETE'",
              "method.response.header.Access-Control-Allow-Origin": "'*'"
            },
            "response_templates": null,
            "rest_api_id": "gpjae3zjdb",
            "selection_pattern": "",
            "status_code": "200"
          },
          "sensitive_attributes": [],
          "private": "bnVsbA==",
          "dependencies": [
            "module.api.aws_api_gateway_integration.get_all_authors",
            "module.api.aws_api_gateway_method.get_all_authors",
            "module.api.aws_api_gateway_method_response.get_all_authors",
            "module.api.aws_api_gateway_resource.get_all_authors",
            "module.api.aws_api_gateway_rest_api.api",
            "module.iam.aws_iam_role.get_all_authors_role",
            "module.lambda.aws_lambda_function.get_all_authors",
            "module.lambda.data.archive_file.get_all_authors"
          ]
        }
      ]
    },
    {
      "module": "module.api",
      "mode": "managed",
      "type": "aws_api_gateway_integration_response",
      "name": "get_all_courses",
      "provider": "provider[\"registry.terraform.io/hashicorp/aws\"]",
      "instances": [
        {
          "schema_version": 0,
          "attributes": {
            "content_handling": "",
            "http_method": "GET",
            "id": "agir-gpjae3zjdb-ya11j2-GET-200",
            "resource_id": "ya11j2",
            "response_parameters": {
              "method.response.header.Access-Control-Allow-Headers": "'Content-Type,X-Amz-Date,Authorization,X-Api-Key,X-Amz-Security-Token'",
              "method.response.header.Access-Control-Allow-Methods": "'GET,OPTIONS,POST,PUT,DELETE'",
              "method.response.header.Access-Control-Allow-Origin": "'*'"
            },
            "response_templates": null,
            "rest_api_id": "gpjae3zjdb",
            "selection_pattern": "",
            "status_code": "200"
          },
          "sensitive_attributes": [],
          "private": "bnVsbA==",
          "dependencies": [
            "module.api.aws_api_gateway_integration.get_all_courses",
            "module.api.aws_api_gateway_method.get_all_courses",
            "module.api.aws_api_gateway_method_response.get_all_courses",
            "module.api.aws_api_gateway_resource.get_all_courses",
            "module.api.aws_api_gateway_rest_api.api",
            "module.iam.aws_iam_role.get_all_courses_role",
            "module.lambda.aws_lambda_function.get_all_courses",
            "module.lambda.data.archive_file.get_all_courses"
          ]
        }
      ]
    },
    {
      "module": "module.api",
      "mode": "managed",
      "type": "aws_api_gateway_integration_response",
      "name": "get_course",
      "provider": "provider[\"registry.terraform.io/hashicorp/aws\"]",
      "instances": [
        {
          "schema_version": 0,
          "attributes": {
            "content_handling": "",
            "http_method": "GET",
            "id": "agir-gpjae3zjdb-cu0zpb-GET-200",
            "resource_id": "cu0zpb",
            "response_parameters": {
              "method.response.header.Access-Control-Allow-Headers": "'Content-Type,X-Amz-Date,Authorization,X-Api-Key,X-Amz-Security-Token'",
              "method.response.header.Access-Control-Allow-Methods": "'GET,OPTIONS,POST,PUT,DELETE'",
              "method.response.header.Access-Control-Allow-Origin": "'*'"
            },
            "response_templates": null,
            "rest_api_id": "gpjae3zjdb",
            "selection_pattern": "",
            "status_code": "200"
          },
          "sensitive_attributes": [],
          "private": "bnVsbA==",
          "dependencies": [
            "module.api.aws_api_gateway_integration.get_course",
            "module.api.aws_api_gateway_method.get_course",
            "module.api.aws_api_gateway_method_response.get_course",
            "module.api.aws_api_gateway_resource.getCourse",
            "module.api.aws_api_gateway_resource.get_all_courses",
            "module.api.aws_api_gateway_resource.get_course",
            "module.api.aws_api_gateway_rest_api.api",
            "module.iam.aws_iam_role.get_course_role",
            "module.lambda.aws_lambda_function.get-course",
            "module.lambda.data.archive_file.get-course"
          ]
        }
      ]
    },
    {
      "module": "module.api",
      "mode": "managed",
      "type": "aws_api_gateway_integration_response",
      "name": "options_delete_course",
      "provider": "provider[\"registry.terraform.io/hashicorp/aws\"]",
      "instances": [
        {
          "schema_version": 0,
          "attributes": {
            "content_handling": "",
            "http_method": "OPTIONS",
            "id": "agir-gpjae3zjdb-qhmfsa-OPTIONS-200",
            "resource_id": "qhmfsa",
            "response_parameters": {
              "method.response.header.Access-Control-Allow-Headers": "'Content-Type,X-Amz-Date,Authorization,X-Api-Key,X-Amz-Security-Token'",
              "method.response.header.Access-Control-Allow-Methods": "'GET,OPTIONS,POST,PUT,DELETE'",
              "method.response.header.Access-Control-Allow-Origin": "'*'"
            },
            "response_templates": null,
            "rest_api_id": "gpjae3zjdb",
            "selection_pattern": "",
            "status_code": "200"
          },
          "sensitive_attributes": [],
          "private": "bnVsbA==",
          "dependencies": [
            "module.api.aws_api_gateway_integration.options_delete_course",
            "module.api.aws_api_gateway_method.options_delete_course",
            "module.api.aws_api_gateway_resource.deleteCourse",
            "module.api.aws_api_gateway_resource.delete_course",
            "module.api.aws_api_gateway_resource.get_all_courses",
            "module.api.aws_api_gateway_rest_api.api"
          ]
        }
      ]
    },
    {
      "module": "module.api",
      "mode": "managed",
      "type": "aws_api_gateway_integration_response",
      "name": "options_get_all_authors",
      "provider": "provider[\"registry.terraform.io/hashicorp/aws\"]",
      "instances": [
        {
          "schema_version": 0,
          "attributes": {
            "content_handling": "",
            "http_method": "OPTIONS",
            "id": "agir-gpjae3zjdb-b8i9ri-OPTIONS-200",
            "resource_id": "b8i9ri",
            "response_parameters": {
              "method.response.header.Access-Control-Allow-Headers": "'Content-Type,X-Amz-Date,Authorization,X-Api-Key,X-Amz-Security-Token'",
              "method.response.header.Access-Control-Allow-Methods": "'GET,OPTIONS,POST,PUT,DELETE'",
              "method.response.header.Access-Control-Allow-Origin": "'*'"
            },
            "response_templates": null,
            "rest_api_id": "gpjae3zjdb",
            "selection_pattern": "",
            "status_code": "200"
          },
          "sensitive_attributes": [],
          "private": "bnVsbA==",
          "dependencies": [
            "module.api.aws_api_gateway_integration.options_get_all_authors",
            "module.api.aws_api_gateway_method.options_get_all_authors",
            "module.api.aws_api_gateway_resource.get_all_authors",
            "module.api.aws_api_gateway_rest_api.api"
          ]
        }
      ]
    },
    {
      "module": "module.api",
      "mode": "managed",
      "type": "aws_api_gateway_integration_response",
      "name": "options_get_all_courses",
      "provider": "provider[\"registry.terraform.io/hashicorp/aws\"]",
      "instances": [
        {
          "schema_version": 0,
          "attributes": {
            "content_handling": "",
            "http_method": "OPTIONS",
            "id": "agir-gpjae3zjdb-ya11j2-OPTIONS-200",
            "resource_id": "ya11j2",
            "response_parameters": {
              "method.response.header.Access-Control-Allow-Headers": "'Content-Type,X-Amz-Date,Authorization,X-Api-Key,X-Amz-Security-Token'",
              "method.response.header.Access-Control-Allow-Methods": "'GET,OPTIONS,POST,PUT,DELETE'",
              "method.response.header.Access-Control-Allow-Origin": "'*'"
            },
            "response_templates": null,
            "rest_api_id": "gpjae3zjdb",
            "selection_pattern": "",
            "status_code": "200"
          },
          "sensitive_attributes": [],
          "private": "bnVsbA==",
          "dependencies": [
            "module.api.aws_api_gateway_integration.options_get_all_courses",
            "module.api.aws_api_gateway_method.options_get_all_courses",
            "module.api.aws_api_gateway_resource.get_all_courses",
            "module.api.aws_api_gateway_rest_api.api"
          ]
        }
      ]
    },
    {
      "module": "module.api",
      "mode": "managed",
      "type": "aws_api_gateway_integration_response",
      "name": "options_get_course",
      "provider": "provider[\"registry.terraform.io/hashicorp/aws\"]",
      "instances": [
        {
          "schema_version": 0,
          "attributes": {
            "content_handling": "",
            "http_method": "OPTIONS",
            "id": "agir-gpjae3zjdb-cu0zpb-OPTIONS-200",
            "resource_id": "cu0zpb",
            "response_parameters": {
              "method.response.header.Access-Control-Allow-Headers": "'Content-Type,X-Amz-Date,Authorization,X-Api-Key,X-Amz-Security-Token'",
              "method.response.header.Access-Control-Allow-Methods": "'GET,OPTIONS,POST,PUT,DELETE'",
              "method.response.header.Access-Control-Allow-Origin": "'*'"
            },
            "response_templates": null,
            "rest_api_id": "gpjae3zjdb",
            "selection_pattern": "",
            "status_code": "200"
          },
          "sensitive_attributes": [],
          "private": "bnVsbA==",
          "dependencies": [
            "module.api.aws_api_gateway_integration.options_get_course",
            "module.api.aws_api_gateway_method.options_get_course",
            "module.api.aws_api_gateway_resource.getCourse",
            "module.api.aws_api_gateway_resource.get_all_courses",
            "module.api.aws_api_gateway_resource.get_course",
            "module.api.aws_api_gateway_rest_api.api"
          ]
        }
      ]
    },
    {
      "module": "module.api",
      "mode": "managed",
      "type": "aws_api_gateway_integration_response",
      "name": "options_save_course",
      "provider": "provider[\"registry.terraform.io/hashicorp/aws\"]",
      "instances": [
        {
          "schema_version": 0,
          "attributes": {
            "content_handling": "",
            "http_method": "OPTIONS",
            "id": "agir-gpjae3zjdb-b3d1e6-OPTIONS-200",
            "resource_id": "b3d1e6",
            "response_parameters": {
              "method.response.header.Access-Control-Allow-Headers": "'Content-Type,X-Amz-Date,Authorization,X-Api-Key,X-Amz-Security-Token'",
              "method.response.header.Access-Control-Allow-Methods": "'GET,OPTIONS,POST,PUT,DELETE'",
              "method.response.header.Access-Control-Allow-Origin": "'*'"
            },
            "response_templates": null,
            "rest_api_id": "gpjae3zjdb",
            "selection_pattern": "",
            "status_code": "200"
          },
          "sensitive_attributes": [],
          "private": "bnVsbA==",
          "dependencies": [
            "module.api.aws_api_gateway_integration.options_save_course",
            "module.api.aws_api_gateway_method.options_save_course",
            "module.api.aws_api_gateway_resource.get_all_courses",
            "module.api.aws_api_gateway_resource.save_course",
            "module.api.aws_api_gateway_rest_api.api"
          ]
        }
      ]
    },
    {
      "module": "module.api",
      "mode": "managed",
      "type": "aws_api_gateway_integration_response",
      "name": "options_update_course",
      "provider": "provider[\"registry.terraform.io/hashicorp/aws\"]",
      "instances": [
        {
          "schema_version": 0,
          "attributes": {
            "content_handling": "",
            "http_method": "OPTIONS",
            "id": "agir-gpjae3zjdb-i6j7e3-OPTIONS-200",
            "resource_id": "i6j7e3",
            "response_parameters": {
              "method.response.header.Access-Control-Allow-Headers": "'Content-Type,X-Amz-Date,Authorization,X-Api-Key,X-Amz-Security-Token'",
              "method.response.header.Access-Control-Allow-Methods": "'GET,OPTIONS,POST,PUT,DELETE'",
              "method.response.header.Access-Control-Allow-Origin": "'*'"
            },
            "response_templates": null,
            "rest_api_id": "gpjae3zjdb",
            "selection_pattern": "",
            "status_code": "200"
          },
          "sensitive_attributes": [],
          "private": "bnVsbA==",
          "dependencies": [
            "module.api.aws_api_gateway_integration.options_update_course",
            "module.api.aws_api_gateway_method.options_update_course",
            "module.api.aws_api_gateway_resource.get_all_courses",
            "module.api.aws_api_gateway_resource.update_course",
            "module.api.aws_api_gateway_rest_api.api"
          ]
        }
      ]
    },
    {
      "module": "module.api",
      "mode": "managed",
      "type": "aws_api_gateway_integration_response",
      "name": "save_course",
      "provider": "provider[\"registry.terraform.io/hashicorp/aws\"]",
      "instances": [
        {
          "schema_version": 0,
          "attributes": {
            "content_handling": "",
            "http_method": "POST",
            "id": "agir-gpjae3zjdb-b3d1e6-POST-200",
            "resource_id": "b3d1e6",
            "response_parameters": {
              "method.response.header.Access-Control-Allow-Headers": "'Content-Type,X-Amz-Date,Authorization,X-Api-Key,X-Amz-Security-Token'",
              "method.response.header.Access-Control-Allow-Methods": "'GET,OPTIONS,POST,PUT,DELETE'",
              "method.response.header.Access-Control-Allow-Origin": "'*'"
            },
            "response_templates": null,
            "rest_api_id": "gpjae3zjdb",
            "selection_pattern": "",
            "status_code": "200"
          },
          "sensitive_attributes": [],
          "private": "bnVsbA==",
          "dependencies": [
            "module.api.aws_api_gateway_integration.save_course",
            "module.api.aws_api_gateway_method.save_course",
            "module.api.aws_api_gateway_method_response.save_course",
            "module.api.aws_api_gateway_resource.get_all_courses",
            "module.api.aws_api_gateway_resource.save_course",
            "module.api.aws_api_gateway_rest_api.api",
            "module.iam.aws_iam_role.save_course_role",
            "module.lambda.aws_lambda_function.save-course",
            "module.lambda.data.archive_file.save-course"
          ]
        }
      ]
    },
    {
      "module": "module.api",
      "mode": "managed",
      "type": "aws_api_gateway_integration_response",
      "name": "update_course",
      "provider": "provider[\"registry.terraform.io/hashicorp/aws\"]",
      "instances": [
        {
          "schema_version": 0,
          "attributes": {
            "content_handling": "",
            "http_method": "PUT",
            "id": "agir-gpjae3zjdb-i6j7e3-PUT-200",
            "resource_id": "i6j7e3",
            "response_parameters": {
              "method.response.header.Access-Control-Allow-Headers": "'Content-Type,X-Amz-Date,Authorization,X-Api-Key,X-Amz-Security-Token'",
              "method.response.header.Access-Control-Allow-Methods": "'GET,OPTIONS,POST,PUT,DELETE'",
              "method.response.header.Access-Control-Allow-Origin": "'*'"
            },
            "response_templates": null,
            "rest_api_id": "gpjae3zjdb",
            "selection_pattern": "",
            "status_code": "200"
          },
          "sensitive_attributes": [],
          "private": "bnVsbA==",
          "dependencies": [
            "module.api.aws_api_gateway_integration.update_course",
            "module.api.aws_api_gateway_method.update_course",
            "module.api.aws_api_gateway_method_response.update_course",
            "module.api.aws_api_gateway_resource.get_all_courses",
            "module.api.aws_api_gateway_resource.update_course",
            "module.api.aws_api_gateway_rest_api.api",
            "module.iam.aws_iam_role.update_course_role",
            "module.lambda.aws_lambda_function.update-course",
            "module.lambda.data.archive_file.update-course"
          ]
        }
      ]
    },
    {
      "module": "module.api",
      "mode": "managed",
      "type": "aws_api_gateway_method",
      "name": "delete_course",
      "provider": "provider[\"registry.terraform.io/hashicorp/aws\"]",
      "instances": [
        {
          "schema_version": 0,
          "attributes": {
            "api_key_required": false,
            "authorization": "NONE",
            "authorization_scopes": null,
            "authorizer_id": null,
            "http_method": "DELETE",
            "id": "agm-gpjae3zjdb-qhmfsa-DELETE",
            "operation_name": null,
            "request_models": null,
            "request_parameters": null,
            "request_validator_id": null,
            "resource_id": "qhmfsa",
            "rest_api_id": "gpjae3zjdb"
          },
          "sensitive_attributes": [],
          "private": "bnVsbA==",
          "dependencies": [
            "module.api.aws_api_gateway_resource.deleteCourse",
            "module.api.aws_api_gateway_resource.delete_course",
            "module.api.aws_api_gateway_resource.get_all_courses",
            "module.api.aws_api_gateway_rest_api.api"
          ],
          "create_before_destroy": true
        }
      ]
    },
    {
      "module": "module.api",
      "mode": "managed",
      "type": "aws_api_gateway_method",
      "name": "get_all_authors",
      "provider": "provider[\"registry.terraform.io/hashicorp/aws\"]",
      "instances": [
        {
          "schema_version": 0,
          "attributes": {
            "api_key_required": false,
            "authorization": "NONE",
            "authorization_scopes": null,
            "authorizer_id": null,
            "http_method": "GET",
            "id": "agm-gpjae3zjdb-b8i9ri-GET",
            "operation_name": null,
            "request_models": null,
            "request_parameters": null,
            "request_validator_id": null,
            "resource_id": "b8i9ri",
            "rest_api_id": "gpjae3zjdb"
          },
          "sensitive_attributes": [],
          "private": "bnVsbA==",
          "dependencies": [
            "module.api.aws_api_gateway_resource.get_all_authors",
            "module.api.aws_api_gateway_rest_api.api"
          ],
          "create_before_destroy": true
        }
      ]
    },
    {
      "module": "module.api",
      "mode": "managed",
      "type": "aws_api_gateway_method",
      "name": "get_all_courses",
      "provider": "provider[\"registry.terraform.io/hashicorp/aws\"]",
      "instances": [
        {
          "schema_version": 0,
          "attributes": {
            "api_key_required": false,
            "authorization": "NONE",
            "authorization_scopes": null,
            "authorizer_id": null,
            "http_method": "GET",
            "id": "agm-gpjae3zjdb-ya11j2-GET",
            "operation_name": null,
            "request_models": null,
            "request_parameters": null,
            "request_validator_id": null,
            "resource_id": "ya11j2",
            "rest_api_id": "gpjae3zjdb"
          },
          "sensitive_attributes": [],
          "private": "bnVsbA==",
          "dependencies": [
            "module.api.aws_api_gateway_resource.get_all_courses",
            "module.api.aws_api_gateway_rest_api.api"
          ],
          "create_before_destroy": true
        }
      ]
    },
    {
      "module": "module.api",
      "mode": "managed",
      "type": "aws_api_gateway_method",
      "name": "get_course",
      "provider": "provider[\"registry.terraform.io/hashicorp/aws\"]",
      "instances": [
        {
          "schema_version": 0,
          "attributes": {
            "api_key_required": false,
            "authorization": "NONE",
            "authorization_scopes": null,
            "authorizer_id": null,
            "http_method": "GET",
            "id": "agm-gpjae3zjdb-cu0zpb-GET",
            "operation_name": null,
            "request_models": null,
            "request_parameters": null,
            "request_validator_id": null,
            "resource_id": "cu0zpb",
            "rest_api_id": "gpjae3zjdb"
          },
          "sensitive_attributes": [],
          "private": "bnVsbA==",
          "dependencies": [
            "module.api.aws_api_gateway_resource.getCourse",
            "module.api.aws_api_gateway_resource.get_all_courses",
            "module.api.aws_api_gateway_resource.get_course",
            "module.api.aws_api_gateway_rest_api.api"
          ],
          "create_before_destroy": true
        }
      ]
    },
    {
      "module": "module.api",
      "mode": "managed",
      "type": "aws_api_gateway_method",
      "name": "options_delete_course",
      "provider": "provider[\"registry.terraform.io/hashicorp/aws\"]",
      "instances": [
        {
          "schema_version": 0,
          "attributes": {
            "api_key_required": false,
            "authorization": "NONE",
            "authorization_scopes": null,
            "authorizer_id": null,
            "http_method": "OPTIONS",
            "id": "agm-gpjae3zjdb-qhmfsa-OPTIONS",
            "operation_name": null,
            "request_models": null,
            "request_parameters": null,
            "request_validator_id": null,
            "resource_id": "qhmfsa",
            "rest_api_id": "gpjae3zjdb"
          },
          "sensitive_attributes": [],
          "private": "bnVsbA==",
          "dependencies": [
            "module.api.aws_api_gateway_resource.deleteCourse",
            "module.api.aws_api_gateway_resource.delete_course",
            "module.api.aws_api_gateway_resource.get_all_courses",
            "module.api.aws_api_gateway_rest_api.api"
          ]
        }
      ]
    },
    {
      "module": "module.api",
      "mode": "managed",
      "type": "aws_api_gateway_method",
      "name": "options_get_all_authors",
      "provider": "provider[\"registry.terraform.io/hashicorp/aws\"]",
      "instances": [
        {
          "schema_version": 0,
          "attributes": {
            "api_key_required": false,
            "authorization": "NONE",
            "authorization_scopes": null,
            "authorizer_id": null,
            "http_method": "OPTIONS",
            "id": "agm-gpjae3zjdb-b8i9ri-OPTIONS",
            "operation_name": null,
            "request_models": null,
            "request_parameters": null,
            "request_validator_id": null,
            "resource_id": "b8i9ri",
            "rest_api_id": "gpjae3zjdb"
          },
          "sensitive_attributes": [],
          "private": "bnVsbA==",
          "dependencies": [
            "module.api.aws_api_gateway_resource.get_all_authors",
            "module.api.aws_api_gateway_rest_api.api"
          ]
        }
      ]
    },
    {
      "module": "module.api",
      "mode": "managed",
      "type": "aws_api_gateway_method",
      "name": "options_get_all_courses",
      "provider": "provider[\"registry.terraform.io/hashicorp/aws\"]",
      "instances": [
        {
          "schema_version": 0,
          "attributes": {
            "api_key_required": false,
            "authorization": "NONE",
            "authorization_scopes": null,
            "authorizer_id": null,
            "http_method": "OPTIONS",
            "id": "agm-gpjae3zjdb-ya11j2-OPTIONS",
            "operation_name": null,
            "request_models": null,
            "request_parameters": null,
            "request_validator_id": null,
            "resource_id": "ya11j2",
            "rest_api_id": "gpjae3zjdb"
          },
          "sensitive_attributes": [],
          "private": "bnVsbA==",
          "dependencies": [
            "module.api.aws_api_gateway_resource.get_all_courses",
            "module.api.aws_api_gateway_rest_api.api"
          ]
        }
      ]
    },
    {
      "module": "module.api",
      "mode": "managed",
      "type": "aws_api_gateway_method",
      "name": "options_get_course",
      "provider": "provider[\"registry.terraform.io/hashicorp/aws\"]",
      "instances": [
        {
          "schema_version": 0,
          "attributes": {
            "api_key_required": false,
            "authorization": "NONE",
            "authorization_scopes": null,
            "authorizer_id": null,
            "http_method": "OPTIONS",
            "id": "agm-gpjae3zjdb-cu0zpb-OPTIONS",
            "operation_name": null,
            "request_models": null,
            "request_parameters": null,
            "request_validator_id": null,
            "resource_id": "cu0zpb",
            "rest_api_id": "gpjae3zjdb"
          },
          "sensitive_attributes": [],
          "private": "bnVsbA==",
          "dependencies": [
            "module.api.aws_api_gateway_resource.getCourse",
            "module.api.aws_api_gateway_resource.get_all_courses",
            "module.api.aws_api_gateway_resource.get_course",
            "module.api.aws_api_gateway_rest_api.api"
          ]
        }
      ]
    },
    {
      "module": "module.api",
      "mode": "managed",
      "type": "aws_api_gateway_method",
      "name": "options_save_course",
      "provider": "provider[\"registry.terraform.io/hashicorp/aws\"]",
      "instances": [
        {
          "schema_version": 0,
          "attributes": {
            "api_key_required": false,
            "authorization": "NONE",
            "authorization_scopes": null,
            "authorizer_id": null,
            "http_method": "OPTIONS",
            "id": "agm-gpjae3zjdb-b3d1e6-OPTIONS",
            "operation_name": null,
            "request_models": null,
            "request_parameters": null,
            "request_validator_id": null,
            "resource_id": "b3d1e6",
            "rest_api_id": "gpjae3zjdb"
          },
          "sensitive_attributes": [],
          "private": "bnVsbA==",
          "dependencies": [
            "module.api.aws_api_gateway_resource.get_all_courses",
            "module.api.aws_api_gateway_resource.save_course",
            "module.api.aws_api_gateway_rest_api.api"
          ]
        }
      ]
    },
    {
      "module": "module.api",
      "mode": "managed",
      "type": "aws_api_gateway_method",
      "name": "options_update_course",
      "provider": "provider[\"registry.terraform.io/hashicorp/aws\"]",
      "instances": [
        {
          "schema_version": 0,
          "attributes": {
            "api_key_required": false,
            "authorization": "NONE",
            "authorization_scopes": null,
            "authorizer_id": null,
            "http_method": "OPTIONS",
            "id": "agm-gpjae3zjdb-i6j7e3-OPTIONS",
            "operation_name": null,
            "request_models": null,
            "request_parameters": null,
            "request_validator_id": null,
            "resource_id": "i6j7e3",
            "rest_api_id": "gpjae3zjdb"
          },
          "sensitive_attributes": [],
          "private": "bnVsbA==",
          "dependencies": [
            "module.api.aws_api_gateway_resource.get_all_courses",
            "module.api.aws_api_gateway_resource.update_course",
            "module.api.aws_api_gateway_rest_api.api"
          ]
        }
      ]
    },
    {
      "module": "module.api",
      "mode": "managed",
      "type": "aws_api_gateway_method",
      "name": "save_course",
      "provider": "provider[\"registry.terraform.io/hashicorp/aws\"]",
      "instances": [
        {
          "schema_version": 0,
          "attributes": {
            "api_key_required": false,
            "authorization": "NONE",
            "authorization_scopes": null,
            "authorizer_id": null,
            "http_method": "POST",
            "id": "agm-gpjae3zjdb-b3d1e6-POST",
            "operation_name": null,
            "request_models": null,
            "request_parameters": null,
            "request_validator_id": null,
            "resource_id": "b3d1e6",
            "rest_api_id": "gpjae3zjdb"
          },
          "sensitive_attributes": [],
          "private": "bnVsbA==",
          "dependencies": [
            "module.api.aws_api_gateway_resource.get_all_courses",
            "module.api.aws_api_gateway_resource.save_course",
            "module.api.aws_api_gateway_rest_api.api"
          ],
          "create_before_destroy": true
        }
      ]
    },
    {
      "module": "module.api",
      "mode": "managed",
      "type": "aws_api_gateway_method",
      "name": "update_course",
      "provider": "provider[\"registry.terraform.io/hashicorp/aws\"]",
      "instances": [
        {
          "schema_version": 0,
          "attributes": {
            "api_key_required": false,
            "authorization": "NONE",
            "authorization_scopes": null,
            "authorizer_id": null,
            "http_method": "PUT",
            "id": "agm-gpjae3zjdb-i6j7e3-PUT",
            "operation_name": null,
            "request_models": null,
            "request_parameters": null,
            "request_validator_id": null,
            "resource_id": "i6j7e3",
            "rest_api_id": "gpjae3zjdb"
          },
          "sensitive_attributes": [],
          "private": "bnVsbA==",
          "dependencies": [
            "module.api.aws_api_gateway_resource.get_all_courses",
            "module.api.aws_api_gateway_resource.update_course",
            "module.api.aws_api_gateway_rest_api.api"
          ],
          "create_before_destroy": true
        }
      ]
    },
    {
      "module": "module.api",
      "mode": "managed",
      "type": "aws_api_gateway_method_response",
      "name": "delete_course",
      "provider": "provider[\"registry.terraform.io/hashicorp/aws\"]",
      "instances": [
        {
          "schema_version": 0,
          "attributes": {
            "http_method": "DELETE",
            "id": "agmr-gpjae3zjdb-qhmfsa-DELETE-200",
            "resource_id": "qhmfsa",
            "response_models": null,
            "response_parameters": {
              "method.response.header.Access-Control-Allow-Headers": true,
              "method.response.header.Access-Control-Allow-Methods": true,
              "method.response.header.Access-Control-Allow-Origin": true
            },
            "rest_api_id": "gpjae3zjdb",
            "status_code": "200"
          },
          "sensitive_attributes": [],
          "private": "bnVsbA==",
          "dependencies": [
            "module.api.aws_api_gateway_method.delete_course",
            "module.api.aws_api_gateway_resource.deleteCourse",
            "module.api.aws_api_gateway_resource.delete_course",
            "module.api.aws_api_gateway_resource.get_all_courses",
            "module.api.aws_api_gateway_rest_api.api"
          ]
        }
      ]
    },
    {
      "module": "module.api",
      "mode": "managed",
      "type": "aws_api_gateway_method_response",
      "name": "get_all_authors",
      "provider": "provider[\"registry.terraform.io/hashicorp/aws\"]",
      "instances": [
        {
          "schema_version": 0,
          "attributes": {
            "http_method": "GET",
            "id": "agmr-gpjae3zjdb-b8i9ri-GET-200",
            "resource_id": "b8i9ri",
            "response_models": null,
            "response_parameters": {
              "method.response.header.Access-Control-Allow-Headers": true,
              "method.response.header.Access-Control-Allow-Methods": true,
              "method.response.header.Access-Control-Allow-Origin": true
            },
            "rest_api_id": "gpjae3zjdb",
            "status_code": "200"
          },
          "sensitive_attributes": [],
          "private": "bnVsbA==",
          "dependencies": [
            "module.api.aws_api_gateway_method.get_all_authors",
            "module.api.aws_api_gateway_resource.get_all_authors",
            "module.api.aws_api_gateway_rest_api.api"
          ]
        }
      ]
    },
    {
      "module": "module.api",
      "mode": "managed",
      "type": "aws_api_gateway_method_response",
      "name": "get_all_courses",
      "provider": "provider[\"registry.terraform.io/hashicorp/aws\"]",
      "instances": [
        {
          "schema_version": 0,
          "attributes": {
            "http_method": "GET",
            "id": "agmr-gpjae3zjdb-ya11j2-GET-200",
            "resource_id": "ya11j2",
            "response_models": null,
            "response_parameters": {
              "method.response.header.Access-Control-Allow-Headers": true,
              "method.response.header.Access-Control-Allow-Methods": true,
              "method.response.header.Access-Control-Allow-Origin": true
            },
            "rest_api_id": "gpjae3zjdb",
            "status_code": "200"
          },
          "sensitive_attributes": [],
          "private": "bnVsbA==",
          "dependencies": [
            "module.api.aws_api_gateway_method.get_all_courses",
            "module.api.aws_api_gateway_resource.get_all_courses",
            "module.api.aws_api_gateway_rest_api.api"
          ]
        }
      ]
    },
    {
      "module": "module.api",
      "mode": "managed",
      "type": "aws_api_gateway_method_response",
      "name": "get_course",
      "provider": "provider[\"registry.terraform.io/hashicorp/aws\"]",
      "instances": [
        {
          "schema_version": 0,
          "attributes": {
            "http_method": "GET",
            "id": "agmr-gpjae3zjdb-cu0zpb-GET-200",
            "resource_id": "cu0zpb",
            "response_models": null,
            "response_parameters": {
              "method.response.header.Access-Control-Allow-Headers": true,
              "method.response.header.Access-Control-Allow-Methods": true,
              "method.response.header.Access-Control-Allow-Origin": true
            },
            "rest_api_id": "gpjae3zjdb",
            "status_code": "200"
          },
          "sensitive_attributes": [],
          "private": "bnVsbA==",
          "dependencies": [
            "module.api.aws_api_gateway_method.get_course",
            "module.api.aws_api_gateway_resource.getCourse",
            "module.api.aws_api_gateway_resource.get_all_courses",
            "module.api.aws_api_gateway_resource.get_course",
            "module.api.aws_api_gateway_rest_api.api"
          ]
        }
      ]
    },
    {
      "module": "module.api",
      "mode": "managed",
      "type": "aws_api_gateway_method_response",
      "name": "options_delete_course",
      "provider": "provider[\"registry.terraform.io/hashicorp/aws\"]",
      "instances": [
        {
          "schema_version": 0,
          "attributes": {
            "http_method": "OPTIONS",
            "id": "agmr-gpjae3zjdb-qhmfsa-OPTIONS-200",
            "resource_id": "qhmfsa",
            "response_models": {
              "application/json": "Empty"
            },
            "response_parameters": {
              "method.response.header.Access-Control-Allow-Headers": true,
              "method.response.header.Access-Control-Allow-Methods": true,
              "method.response.header.Access-Control-Allow-Origin": true
            },
            "rest_api_id": "gpjae3zjdb",
            "status_code": "200"
          },
          "sensitive_attributes": [],
          "private": "bnVsbA==",
          "dependencies": [
            "module.api.aws_api_gateway_method.options_delete_course",
            "module.api.aws_api_gateway_resource.deleteCourse",
            "module.api.aws_api_gateway_resource.delete_course",
            "module.api.aws_api_gateway_resource.get_all_courses",
            "module.api.aws_api_gateway_rest_api.api"
          ]
        }
      ]
    },
    {
      "module": "module.api",
      "mode": "managed",
      "type": "aws_api_gateway_method_response",
      "name": "options_get_all_authors",
      "provider": "provider[\"registry.terraform.io/hashicorp/aws\"]",
      "instances": [
        {
          "schema_version": 0,
          "attributes": {
            "http_method": "OPTIONS",
            "id": "agmr-gpjae3zjdb-b8i9ri-OPTIONS-200",
            "resource_id": "b8i9ri",
            "response_models": {
              "application/json": "Empty"
            },
            "response_parameters": {
              "method.response.header.Access-Control-Allow-Headers": true,
              "method.response.header.Access-Control-Allow-Methods": true,
              "method.response.header.Access-Control-Allow-Origin": true
            },
            "rest_api_id": "gpjae3zjdb",
            "status_code": "200"
          },
          "sensitive_attributes": [],
          "private": "bnVsbA==",
          "dependencies": [
            "module.api.aws_api_gateway_method.options_get_all_authors",
            "module.api.aws_api_gateway_resource.get_all_authors",
            "module.api.aws_api_gateway_rest_api.api"
          ]
        }
      ]
    },
    {
      "module": "module.api",
      "mode": "managed",
      "type": "aws_api_gateway_method_response",
      "name": "options_get_all_courses",
      "provider": "provider[\"registry.terraform.io/hashicorp/aws\"]",
      "instances": [
        {
          "schema_version": 0,
          "attributes": {
            "http_method": "OPTIONS",
            "id": "agmr-gpjae3zjdb-ya11j2-OPTIONS-200",
            "resource_id": "ya11j2",
            "response_models": {
              "application/json": "Empty"
            },
            "response_parameters": {
              "method.response.header.Access-Control-Allow-Headers": true,
              "method.response.header.Access-Control-Allow-Methods": true,
              "method.response.header.Access-Control-Allow-Origin": true
            },
            "rest_api_id": "gpjae3zjdb",
            "status_code": "200"
          },
          "sensitive_attributes": [],
          "private": "bnVsbA==",
          "dependencies": [
            "module.api.aws_api_gateway_method.options_get_all_courses",
            "module.api.aws_api_gateway_resource.get_all_courses",
            "module.api.aws_api_gateway_rest_api.api"
          ]
        }
      ]
    },
    {
      "module": "module.api",
      "mode": "managed",
      "type": "aws_api_gateway_method_response",
      "name": "options_get_course",
      "provider": "provider[\"registry.terraform.io/hashicorp/aws\"]",
      "instances": [
        {
          "schema_version": 0,
          "attributes": {
            "http_method": "OPTIONS",
            "id": "agmr-gpjae3zjdb-cu0zpb-OPTIONS-200",
            "resource_id": "cu0zpb",
            "response_models": {
              "application/json": "Empty"
            },
            "response_parameters": {
              "method.response.header.Access-Control-Allow-Headers": true,
              "method.response.header.Access-Control-Allow-Methods": true,
              "method.response.header.Access-Control-Allow-Origin": true
            },
            "rest_api_id": "gpjae3zjdb",
            "status_code": "200"
          },
          "sensitive_attributes": [],
          "private": "bnVsbA==",
          "dependencies": [
            "module.api.aws_api_gateway_method.options_get_course",
            "module.api.aws_api_gateway_resource.getCourse",
            "module.api.aws_api_gateway_resource.get_all_courses",
            "module.api.aws_api_gateway_resource.get_course",
            "module.api.aws_api_gateway_rest_api.api"
          ]
        }
      ]
    },
    {
      "module": "module.api",
      "mode": "managed",
      "type": "aws_api_gateway_method_response",
      "name": "options_save_course",
      "provider": "provider[\"registry.terraform.io/hashicorp/aws\"]",
      "instances": [
        {
          "schema_version": 0,
          "attributes": {
            "http_method": "OPTIONS",
            "id": "agmr-gpjae3zjdb-b3d1e6-OPTIONS-200",
            "resource_id": "b3d1e6",
            "response_models": {
              "application/json": "Empty"
            },
            "response_parameters": {
              "method.response.header.Access-Control-Allow-Headers": true,
              "method.response.header.Access-Control-Allow-Methods": true,
              "method.response.header.Access-Control-Allow-Origin": true
            },
            "rest_api_id": "gpjae3zjdb",
            "status_code": "200"
          },
          "sensitive_attributes": [],
          "private": "bnVsbA==",
          "dependencies": [
            "module.api.aws_api_gateway_method.options_save_course",
            "module.api.aws_api_gateway_resource.get_all_courses",
            "module.api.aws_api_gateway_resource.save_course",
            "module.api.aws_api_gateway_rest_api.api"
          ]
        }
      ]
    },
    {
      "module": "module.api",
      "mode": "managed",
      "type": "aws_api_gateway_method_response",
      "name": "options_update_course",
      "provider": "provider[\"registry.terraform.io/hashicorp/aws\"]",
      "instances": [
        {
          "schema_version": 0,
          "attributes": {
            "http_method": "OPTIONS",
            "id": "agmr-gpjae3zjdb-i6j7e3-OPTIONS-200",
            "resource_id": "i6j7e3",
            "response_models": {
              "application/json": "Empty"
            },
            "response_parameters": {
              "method.response.header.Access-Control-Allow-Headers": true,
              "method.response.header.Access-Control-Allow-Methods": true,
              "method.response.header.Access-Control-Allow-Origin": true
            },
            "rest_api_id": "gpjae3zjdb",
            "status_code": "200"
          },
          "sensitive_attributes": [],
          "private": "bnVsbA==",
          "dependencies": [
            "module.api.aws_api_gateway_method.options_update_course",
            "module.api.aws_api_gateway_resource.get_all_courses",
            "module.api.aws_api_gateway_resource.update_course",
            "module.api.aws_api_gateway_rest_api.api"
          ]
        }
      ]
    },
    {
      "module": "module.api",
      "mode": "managed",
      "type": "aws_api_gateway_method_response",
      "name": "save_course",
      "provider": "provider[\"registry.terraform.io/hashicorp/aws\"]",
      "instances": [
        {
          "schema_version": 0,
          "attributes": {
            "http_method": "POST",
            "id": "agmr-gpjae3zjdb-b3d1e6-POST-200",
            "resource_id": "b3d1e6",
            "response_models": null,
            "response_parameters": {
              "method.response.header.Access-Control-Allow-Headers": true,
              "method.response.header.Access-Control-Allow-Methods": true,
              "method.response.header.Access-Control-Allow-Origin": true
            },
            "rest_api_id": "gpjae3zjdb",
            "status_code": "200"
          },
          "sensitive_attributes": [],
          "private": "bnVsbA==",
          "dependencies": [
            "module.api.aws_api_gateway_method.save_course",
            "module.api.aws_api_gateway_resource.get_all_courses",
            "module.api.aws_api_gateway_resource.save_course",
            "module.api.aws_api_gateway_rest_api.api"
          ]
        }
      ]
    },
    {
      "module": "module.api",
      "mode": "managed",
      "type": "aws_api_gateway_method_response",
      "name": "update_course",
      "provider": "provider[\"registry.terraform.io/hashicorp/aws\"]",
      "instances": [
        {
          "schema_version": 0,
          "attributes": {
            "http_method": "PUT",
            "id": "agmr-gpjae3zjdb-i6j7e3-PUT-200",
            "resource_id": "i6j7e3",
            "response_models": null,
            "response_parameters": {
              "method.response.header.Access-Control-Allow-Headers": true,
              "method.response.header.Access-Control-Allow-Methods": true,
              "method.response.header.Access-Control-Allow-Origin": true
            },
            "rest_api_id": "gpjae3zjdb",
            "status_code": "200"
          },
          "sensitive_attributes": [],
          "private": "bnVsbA==",
          "dependencies": [
            "module.api.aws_api_gateway_method.update_course",
            "module.api.aws_api_gateway_resource.get_all_courses",
            "module.api.aws_api_gateway_resource.update_course",
            "module.api.aws_api_gateway_rest_api.api"
          ]
        }
      ]
    },
    {
      "module": "module.api",
      "mode": "managed",
      "type": "aws_api_gateway_resource",
      "name": "deleteCourse",
      "provider": "provider[\"registry.terraform.io/hashicorp/aws\"]",
      "instances": [
        {
          "schema_version": 0,
          "attributes": {
            "id": "zkvhqy",
            "parent_id": "ya11j2",
            "path": "/courses/delete",
            "path_part": "delete",
            "rest_api_id": "gpjae3zjdb"
          },
          "sensitive_attributes": [],
          "private": "bnVsbA==",
          "dependencies": [
            "module.api.aws_api_gateway_resource.get_all_courses",
            "module.api.aws_api_gateway_rest_api.api"
          ],
          "create_before_destroy": true
        }
      ]
    },
    {
      "module": "module.api",
      "mode": "managed",
      "type": "aws_api_gateway_resource",
      "name": "delete_course",
      "provider": "provider[\"registry.terraform.io/hashicorp/aws\"]",
      "instances": [
        {
          "schema_version": 0,
          "attributes": {
            "id": "qhmfsa",
            "parent_id": "zkvhqy",
            "path": "/courses/delete/{id}",
            "path_part": "{id}",
            "rest_api_id": "gpjae3zjdb"
          },
          "sensitive_attributes": [],
          "private": "bnVsbA==",
          "dependencies": [
            "module.api.aws_api_gateway_resource.deleteCourse",
            "module.api.aws_api_gateway_resource.get_all_courses",
            "module.api.aws_api_gateway_rest_api.api"
          ],
          "create_before_destroy": true
        }
      ]
    },
    {
      "module": "module.api",
      "mode": "managed",
      "type": "aws_api_gateway_resource",
      "name": "getCourse",
      "provider": "provider[\"registry.terraform.io/hashicorp/aws\"]",
      "instances": [
        {
          "schema_version": 0,
          "attributes": {
            "id": "ubz1et",
            "parent_id": "ya11j2",
            "path": "/courses/get",
            "path_part": "get",
            "rest_api_id": "gpjae3zjdb"
          },
          "sensitive_attributes": [],
          "private": "bnVsbA==",
          "dependencies": [
            "module.api.aws_api_gateway_resource.get_all_courses",
            "module.api.aws_api_gateway_rest_api.api"
          ],
          "create_before_destroy": true
        }
      ]
    },
    {
      "module": "module.api",
      "mode": "managed",
      "type": "aws_api_gateway_resource",
      "name": "get_all_authors",
      "provider": "provider[\"registry.terraform.io/hashicorp/aws\"]",
      "instances": [
        {
          "schema_version": 0,
          "attributes": {
            "id": "b8i9ri",
            "parent_id": "avihplvu19",
            "path": "/authors",
            "path_part": "authors",
            "rest_api_id": "gpjae3zjdb"
          },
          "sensitive_attributes": [],
          "private": "bnVsbA==",
          "dependencies": [
            "module.api.aws_api_gateway_rest_api.api"
          ],
          "create_before_destroy": true
        }
      ]
    },
    {
      "module": "module.api",
      "mode": "managed",
      "type": "aws_api_gateway_resource",
      "name": "get_all_courses",
      "provider": "provider[\"registry.terraform.io/hashicorp/aws\"]",
      "instances": [
        {
          "schema_version": 0,
          "attributes": {
            "id": "ya11j2",
            "parent_id": "avihplvu19",
            "path": "/courses",
            "path_part": "courses",
            "rest_api_id": "gpjae3zjdb"
          },
          "sensitive_attributes": [],
          "private": "bnVsbA==",
          "dependencies": [
            "module.api.aws_api_gateway_rest_api.api"
          ],
          "create_before_destroy": true
        }
      ]
    },
    {
      "module": "module.api",
      "mode": "managed",
      "type": "aws_api_gateway_resource",
      "name": "get_course",
      "provider": "provider[\"registry.terraform.io/hashicorp/aws\"]",
      "instances": [
        {
          "schema_version": 0,
          "attributes": {
            "id": "cu0zpb",
            "parent_id": "ubz1et",
            "path": "/courses/get/{id}",
            "path_part": "{id}",
            "rest_api_id": "gpjae3zjdb"
          },
          "sensitive_attributes": [],
          "private": "bnVsbA==",
          "dependencies": [
            "module.api.aws_api_gateway_resource.getCourse",
            "module.api.aws_api_gateway_resource.get_all_courses",
            "module.api.aws_api_gateway_rest_api.api"
          ],
          "create_before_destroy": true
        }
      ]
    },
    {
      "module": "module.api",
      "mode": "managed",
      "type": "aws_api_gateway_resource",
      "name": "save_course",
      "provider": "provider[\"registry.terraform.io/hashicorp/aws\"]",
      "instances": [
        {
          "schema_version": 0,
          "attributes": {
            "id": "b3d1e6",
            "parent_id": "ya11j2",
            "path": "/courses/save",
            "path_part": "save",
            "rest_api_id": "gpjae3zjdb"
          },
          "sensitive_attributes": [],
          "private": "bnVsbA==",
          "dependencies": [
            "module.api.aws_api_gateway_resource.get_all_courses",
            "module.api.aws_api_gateway_rest_api.api"
          ],
          "create_before_destroy": true
        }
      ]
    },
    {
      "module": "module.api",
      "mode": "managed",
      "type": "aws_api_gateway_resource",
      "name": "update_course",
      "provider": "provider[\"registry.terraform.io/hashicorp/aws\"]",
      "instances": [
        {
          "schema_version": 0,
          "attributes": {
            "id": "i6j7e3",
            "parent_id": "ya11j2",
            "path": "/courses/update",
            "path_part": "update",
            "rest_api_id": "gpjae3zjdb"
          },
          "sensitive_attributes": [],
          "private": "bnVsbA==",
          "dependencies": [
            "module.api.aws_api_gateway_resource.get_all_courses",
            "module.api.aws_api_gateway_rest_api.api"
          ],
          "create_before_destroy": true
        }
      ]
    },
    {
      "module": "module.api",
      "mode": "managed",
      "type": "aws_api_gateway_rest_api",
      "name": "api",
      "provider": "provider[\"registry.terraform.io/hashicorp/aws\"]",
      "instances": [
        {
          "schema_version": 0,
          "attributes": {
            "api_key_source": "HEADER",
            "arn": "arn:aws:apigateway:eu-central-1::/restapis/gpjae3zjdb",
            "binary_media_types": [],
            "body": null,
            "created_date": "2024-05-23T20:55:32Z",
            "description": "API Gateway",
            "disable_execute_api_endpoint": false,
            "endpoint_configuration": [
              {
                "types": [
                  "REGIONAL"
                ],
                "vpc_endpoint_ids": []
              }
            ],
            "execution_arn": "arn:aws:execute-api:eu-central-1:637423285372:gpjae3zjdb",
            "fail_on_warnings": null,
            "id": "gpjae3zjdb",
            "minimum_compression_size": "",
            "name": "api",
            "parameters": null,
            "policy": "",
            "put_rest_api_mode": null,
            "root_resource_id": "avihplvu19",
            "tags": null,
            "tags_all": {}
          },
          "sensitive_attributes": [],
          "private": "bnVsbA==",
          "create_before_destroy": true
        }
      ]
    },
    {
      "module": "module.api",
      "mode": "managed",
      "type": "aws_api_gateway_stage",
      "name": "dev",
      "provider": "provider[\"registry.terraform.io/hashicorp/aws\"]",
      "instances": [
        {
          "schema_version": 0,
          "attributes": {
            "access_log_settings": [],
            "arn": "arn:aws:apigateway:eu-central-1::/restapis/gpjae3zjdb/stages/stage",
            "cache_cluster_enabled": false,
            "cache_cluster_size": "",
            "canary_settings": [],
            "client_certificate_id": "",
            "deployment_id": "ipcq05",
            "description": "",
            "documentation_version": "",
            "execution_arn": "arn:aws:execute-api:eu-central-1:637423285372:gpjae3zjdb/stage",
            "id": "ags-gpjae3zjdb-stage",
            "invoke_url": "https://gpjae3zjdb.execute-api.eu-central-1.amazonaws.com/stage",
            "rest_api_id": "gpjae3zjdb",
            "stage_name": "stage",
            "tags": null,
            "tags_all": {},
            "variables": null,
            "web_acl_arn": "",
            "xray_tracing_enabled": false
          },
          "sensitive_attributes": [],
          "private": "bnVsbA==",
          "dependencies": [
            "module.api.aws_api_gateway_deployment.this",
            "module.api.aws_api_gateway_integration.delete_course",
            "module.api.aws_api_gateway_integration.get_all_authors",
            "module.api.aws_api_gateway_integration.get_all_courses",
            "module.api.aws_api_gateway_integration.get_course",
            "module.api.aws_api_gateway_integration.save_course",
            "module.api.aws_api_gateway_integration.update_course",
            "module.api.aws_api_gateway_method.delete_course",
            "module.api.aws_api_gateway_method.get_all_authors",
            "module.api.aws_api_gateway_method.get_all_courses",
            "module.api.aws_api_gateway_method.get_course",
            "module.api.aws_api_gateway_method.save_course",
            "module.api.aws_api_gateway_method.update_course",
            "module.api.aws_api_gateway_resource.deleteCourse",
            "module.api.aws_api_gateway_resource.delete_course",
            "module.api.aws_api_gateway_resource.getCourse",
            "module.api.aws_api_gateway_resource.get_all_authors",
            "module.api.aws_api_gateway_resource.get_all_courses",
            "module.api.aws_api_gateway_resource.get_course",
            "module.api.aws_api_gateway_resource.save_course",
            "module.api.aws_api_gateway_resource.update_course",
            "module.api.aws_api_gateway_rest_api.api",
            "module.iam.aws_iam_role.delete_course_role",
            "module.iam.aws_iam_role.get_all_authors_role",
            "module.iam.aws_iam_role.get_all_courses_role",
            "module.iam.aws_iam_role.get_course_role",
            "module.iam.aws_iam_role.save_course_role",
            "module.iam.aws_iam_role.update_course_role",
            "module.lambda.aws_lambda_function.delete-course",
            "module.lambda.aws_lambda_function.get-course",
            "module.lambda.aws_lambda_function.get_all_authors",
            "module.lambda.aws_lambda_function.get_all_courses",
            "module.lambda.aws_lambda_function.save-course",
            "module.lambda.aws_lambda_function.update-course",
            "module.lambda.data.archive_file.delete-course",
            "module.lambda.data.archive_file.get-course",
            "module.lambda.data.archive_file.get_all_authors",
            "module.lambda.data.archive_file.get_all_courses",
            "module.lambda.data.archive_file.save-course",
            "module.lambda.data.archive_file.update-course"
          ]
        }
      ]
    },
    {
      "module": "module.api",
      "mode": "managed",
      "type": "aws_lambda_permission",
      "name": "delete_course",
      "provider": "provider[\"registry.terraform.io/hashicorp/aws\"]",
      "instances": [
        {
          "schema_version": 0,
          "attributes": {
            "action": "lambda:InvokeFunction",
            "event_source_token": null,
            "function_name": "arn:aws:lambda:eu-central-1:637423285372:function:delete-course",
            "function_url_auth_type": null,
            "id": "AllowExecutionFromAPIGateway",
            "principal": "apigateway.amazonaws.com",
            "principal_org_id": null,
            "qualifier": "",
            "source_account": null,
            "source_arn": "arn:aws:execute-api:eu-central-1:637423285372:gpjae3zjdb/*/*",
            "statement_id": "AllowExecutionFromAPIGateway",
            "statement_id_prefix": ""
          },
          "sensitive_attributes": [],
          "private": "bnVsbA==",
          "dependencies": [
            "module.api.aws_api_gateway_rest_api.api",
            "module.iam.aws_iam_role.delete_course_role",
            "module.lambda.aws_lambda_function.delete-course",
            "module.lambda.data.archive_file.delete-course"
          ]
        }
      ]
    },
    {
      "module": "module.api",
      "mode": "managed",
      "type": "aws_lambda_permission",
      "name": "get_all_authors",
      "provider": "provider[\"registry.terraform.io/hashicorp/aws\"]",
      "instances": [
        {
          "schema_version": 0,
          "attributes": {
            "action": "lambda:InvokeFunction",
            "event_source_token": null,
            "function_name": "arn:aws:lambda:eu-central-1:637423285372:function:get-all-authors",
            "function_url_auth_type": null,
            "id": "AllowExecutionFromAPIGateway",
            "principal": "apigateway.amazonaws.com",
            "principal_org_id": null,
            "qualifier": "",
            "source_account": null,
            "source_arn": "arn:aws:execute-api:eu-central-1:637423285372:gpjae3zjdb/*/*",
            "statement_id": "AllowExecutionFromAPIGateway",
            "statement_id_prefix": ""
          },
          "sensitive_attributes": [],
          "private": "bnVsbA==",
          "dependencies": [
            "module.api.aws_api_gateway_rest_api.api",
            "module.iam.aws_iam_role.get_all_authors_role",
            "module.lambda.aws_lambda_function.get_all_authors",
            "module.lambda.data.archive_file.get_all_authors"
          ]
        }
      ]
    },
    {
      "module": "module.api",
      "mode": "managed",
      "type": "aws_lambda_permission",
      "name": "get_all_courses",
      "provider": "provider[\"registry.terraform.io/hashicorp/aws\"]",
      "instances": [
        {
          "schema_version": 0,
          "attributes": {
            "action": "lambda:InvokeFunction",
            "event_source_token": null,
            "function_name": "arn:aws:lambda:eu-central-1:637423285372:function:get-all-courses",
            "function_url_auth_type": null,
            "id": "AllowExecutionFromAPIGateway",
            "principal": "apigateway.amazonaws.com",
            "principal_org_id": null,
            "qualifier": "",
            "source_account": null,
            "source_arn": "arn:aws:execute-api:eu-central-1:637423285372:gpjae3zjdb/*/*",
            "statement_id": "AllowExecutionFromAPIGateway",
            "statement_id_prefix": ""
          },
          "sensitive_attributes": [],
          "private": "bnVsbA==",
          "dependencies": [
            "module.api.aws_api_gateway_rest_api.api",
            "module.iam.aws_iam_role.get_all_courses_role",
            "module.lambda.aws_lambda_function.get_all_courses",
            "module.lambda.data.archive_file.get_all_courses"
          ]
        }
      ]
    },
    {
      "module": "module.api",
      "mode": "managed",
      "type": "aws_lambda_permission",
      "name": "get_course",
      "provider": "provider[\"registry.terraform.io/hashicorp/aws\"]",
      "instances": [
        {
          "schema_version": 0,
          "attributes": {
            "action": "lambda:InvokeFunction",
            "event_source_token": null,
            "function_name": "arn:aws:lambda:eu-central-1:637423285372:function:get-course",
            "function_url_auth_type": null,
            "id": "AllowExecutionFromAPIGateway",
            "principal": "apigateway.amazonaws.com",
            "principal_org_id": null,
            "qualifier": "",
            "source_account": null,
            "source_arn": "arn:aws:execute-api:eu-central-1:637423285372:gpjae3zjdb/*/*",
            "statement_id": "AllowExecutionFromAPIGateway",
            "statement_id_prefix": ""
          },
          "sensitive_attributes": [],
          "private": "bnVsbA==",
          "dependencies": [
            "module.api.aws_api_gateway_rest_api.api",
            "module.iam.aws_iam_role.get_course_role",
            "module.lambda.aws_lambda_function.get-course",
            "module.lambda.data.archive_file.get-course"
          ]
        }
      ]
    },
    {
      "module": "module.api",
      "mode": "managed",
      "type": "aws_lambda_permission",
      "name": "save_course",
      "provider": "provider[\"registry.terraform.io/hashicorp/aws\"]",
      "instances": [
        {
          "schema_version": 0,
          "attributes": {
            "action": "lambda:InvokeFunction",
            "event_source_token": null,
            "function_name": "arn:aws:lambda:eu-central-1:637423285372:function:save-course",
            "function_url_auth_type": null,
            "id": "AllowExecutionFromAPIGateway",
            "principal": "apigateway.amazonaws.com",
            "principal_org_id": null,
            "qualifier": "",
            "source_account": null,
            "source_arn": "arn:aws:execute-api:eu-central-1:637423285372:gpjae3zjdb/*/*",
            "statement_id": "AllowExecutionFromAPIGateway",
            "statement_id_prefix": ""
          },
          "sensitive_attributes": [],
          "private": "bnVsbA==",
          "dependencies": [
            "module.api.aws_api_gateway_rest_api.api",
            "module.iam.aws_iam_role.save_course_role",
            "module.lambda.aws_lambda_function.save-course",
            "module.lambda.data.archive_file.save-course"
          ]
        }
      ]
    },
    {
      "module": "module.api",
      "mode": "managed",
      "type": "aws_lambda_permission",
      "name": "update_course",
      "provider": "provider[\"registry.terraform.io/hashicorp/aws\"]",
      "instances": [
        {
          "schema_version": 0,
          "attributes": {
            "action": "lambda:InvokeFunction",
            "event_source_token": null,
            "function_name": "arn:aws:lambda:eu-central-1:637423285372:function:update-course",
            "function_url_auth_type": null,
            "id": "AllowExecutionFromAPIGateway",
            "principal": "apigateway.amazonaws.com",
            "principal_org_id": null,
            "qualifier": "",
            "source_account": null,
            "source_arn": "arn:aws:execute-api:eu-central-1:637423285372:gpjae3zjdb/*/*",
            "statement_id": "AllowExecutionFromAPIGateway",
            "statement_id_prefix": ""
          },
          "sensitive_attributes": [],
          "private": "bnVsbA==",
          "dependencies": [
            "module.api.aws_api_gateway_rest_api.api",
            "module.iam.aws_iam_role.update_course_role",
            "module.lambda.aws_lambda_function.update-course",
            "module.lambda.data.archive_file.update-course"
          ]
        }
      ]
    },
    {
      "module": "module.cloudfront",
      "mode": "managed",
      "type": "aws_cloudfront_distribution",
      "name": "s3_distribution",
      "provider": "provider[\"registry.terraform.io/hashicorp/aws\"]",
      "instances": [
        {
          "schema_version": 1,
          "attributes": {
            "aliases": null,
            "arn": "arn:aws:cloudfront::637423285372:distribution/E24O4F2DE4E1YF",
            "caller_reference": "terraform-20240523205534301600000002",
            "comment": "Some comment",
            "continuous_deployment_policy_id": "",
            "custom_error_response": [],
            "default_cache_behavior": [
              {
                "allowed_methods": [
                  "DELETE",
                  "GET",
                  "HEAD",
                  "OPTIONS",
                  "PATCH",
                  "POST",
                  "PUT"
                ],
                "cache_policy_id": "",
                "cached_methods": [
                  "GET",
                  "HEAD"
                ],
                "compress": true,
                "default_ttl": 3600,
                "field_level_encryption_id": "",
                "forwarded_values": [
                  {
                    "cookies": [
                      {
                        "forward": "none",
                        "whitelisted_names": []
                      }
                    ],
                    "headers": [],
                    "query_string": false,
                    "query_string_cache_keys": []
                  }
                ],
                "function_association": [],
                "lambda_function_association": [],
                "max_ttl": 86400,
                "min_ttl": 0,
                "origin_request_policy_id": "",
                "realtime_log_config_arn": "",
                "response_headers_policy_id": "",
                "smooth_streaming": false,
                "target_origin_id": "MYs3_origin_id",
                "trusted_key_groups": [],
                "trusted_signers": [],
                "viewer_protocol_policy": "allow-all"
              }
            ],
            "default_root_object": "index.html",
            "domain_name": "d2blgo7eemrfmn.cloudfront.net",
            "enabled": true,
            "etag": "E2ZJ7VNDGR7X3X",
            "hosted_zone_id": "Z2FDTNDATAQYW2",
            "http_version": "http2",
            "id": "E24O4F2DE4E1YF",
            "in_progress_validation_batches": 0,
            "is_ipv6_enabled": true,
            "last_modified_time": "2024-05-23 20:55:34.424 +0000 UTC",
            "logging_config": [],
            "ordered_cache_behavior": [],
            "origin": [
              {
                "connection_attempts": 3,
                "connection_timeout": 10,
                "custom_header": [],
                "custom_origin_config": [],
                "domain_name": "s3-yurii-lazenko-bucket.s3.eu-central-1.amazonaws.com",
                "origin_access_control_id": "",
                "origin_id": "MYs3_origin_id",
                "origin_path": "",
                "origin_shield": [],
                "s3_origin_config": [
                  {
                    "origin_access_identity": "origin-access-identity/cloudfront/E20S5MSY4UVHKQ"
                  }
                ]
              }
            ],
            "origin_group": [],
            "price_class": "PriceClass_200",
            "restrictions": [
              {
                "geo_restriction": [
                  {
                    "locations": [],
                    "restriction_type": "none"
                  }
                ]
              }
            ],
            "retain_on_delete": false,
            "staging": false,
            "status": "Deployed",
            "tags": null,
            "tags_all": {},
            "trusted_key_groups": [
              {
                "enabled": false,
                "items": []
              }
            ],
            "trusted_signers": [
              {
                "enabled": false,
                "items": []
              }
            ],
            "viewer_certificate": [
              {
                "acm_certificate_arn": "",
                "cloudfront_default_certificate": true,
                "iam_certificate_id": "",
                "minimum_protocol_version": "TLSv1",
                "ssl_support_method": ""
              }
            ],
            "wait_for_deployment": true,
            "web_acl_id": ""
          },
          "sensitive_attributes": [],
          "private": "eyJzY2hlbWFfdmVyc2lvbiI6IjEifQ==",
          "dependencies": [
            "module.cloudfront.aws_cloudfront_origin_access_identity.default",
            "module.s3.aws_s3_bucket.this"
          ]
        }
      ]
    },
    {
      "module": "module.cloudfront",
      "mode": "managed",
      "type": "aws_cloudfront_origin_access_identity",
      "name": "default",
      "provider": "provider[\"registry.terraform.io/hashicorp/aws\"]",
      "instances": [
        {
          "schema_version": 0,
          "attributes": {
            "caller_reference": "terraform-20240523205532743000000001",
            "cloudfront_access_identity_path": "origin-access-identity/cloudfront/E20S5MSY4UVHKQ",
            "comment": "comment",
            "etag": "E21ULQ5QO5NPBR",
            "iam_arn": "arn:aws:iam::cloudfront:user/CloudFront Origin Access Identity E20S5MSY4UVHKQ",
            "id": "E20S5MSY4UVHKQ",
            "s3_canonical_user_id": "4a61ab0ddcfa4f79528ef087376f0253e6ae4024fe8f3e1d1c601dd37d4010f51665fe931612f763d69ea0f409623437"
          },
          "sensitive_attributes": [],
          "private": "bnVsbA=="
        }
      ]
    },
    {
      "module": "module.iam",
      "mode": "managed",
      "type": "aws_iam_policy",
      "name": "delete_course_police",
      "provider": "provider[\"registry.terraform.io/hashicorp/aws\"]",
      "instances": [
        {
          "schema_version": 0,
          "attributes": {
            "arn": "arn:aws:iam::637423285372:policy/delete-course-police",
            "attachment_count": 0,
            "description": "",
            "id": "arn:aws:iam::637423285372:policy/delete-course-police",
            "name": "delete-course-police",
            "name_prefix": "",
            "path": "/",
            "policy": "{\"Statement\":[{\"Action\":[\"logs:CreateLogGroup\",\"logs:CreateLogStream\",\"logs:PutLogEvents\"],\"Effect\":\"Allow\",\"Resource\":\"arn:aws:logs:*:*:*\"},{\"Action\":\"dynamodb:DeleteItem\",\"Effect\":\"Allow\",\"Resource\":\"arn:aws:dynamodb:eu-central-1:637423285372:table/courses\"}],\"Version\":\"2012-10-17\"}",
            "policy_id": "ANPAZI2LDOR6GHYFL6V74",
            "tags": null,
            "tags_all": {}
          },
          "sensitive_attributes": [],
          "private": "bnVsbA==",
          "dependencies": [
            "module.table_courses.aws_dynamodb_table.this"
          ]
        }
      ]
    },
    {
      "module": "module.iam",
      "mode": "managed",
      "type": "aws_iam_policy",
      "name": "get_all_authors_police",
      "provider": "provider[\"registry.terraform.io/hashicorp/aws\"]",
      "instances": [
        {
          "schema_version": 0,
          "attributes": {
            "arn": "arn:aws:iam::637423285372:policy/get-all-authors-police",
            "attachment_count": 0,
            "description": "",
            "id": "arn:aws:iam::637423285372:policy/get-all-authors-police",
            "name": "get-all-authors-police",
            "name_prefix": "",
            "path": "/",
            "policy": "{\"Statement\":[{\"Action\":[\"logs:CreateLogGroup\",\"logs:CreateLogStream\",\"logs:PutLogEvents\"],\"Effect\":\"Allow\",\"Resource\":\"arn:aws:logs:*:*:*\"},{\"Action\":\"dynamodb:Scan\",\"Effect\":\"Allow\",\"Resource\":\"arn:aws:dynamodb:eu-central-1:637423285372:table/authors\"}],\"Version\":\"2012-10-17\"}",
            "policy_id": "ANPAZI2LDOR6JJNOUWZMD",
            "tags": null,
            "tags_all": {}
          },
          "sensitive_attributes": [],
          "private": "bnVsbA==",
          "dependencies": [
            "module.table_authors.aws_dynamodb_table.this"
          ]
        }
      ]
    },
    {
      "module": "module.iam",
      "mode": "managed",
      "type": "aws_iam_policy",
      "name": "get_all_courses_police",
      "provider": "provider[\"registry.terraform.io/hashicorp/aws\"]",
      "instances": [
        {
          "schema_version": 0,
          "attributes": {
            "arn": "arn:aws:iam::637423285372:policy/get-all-courses-police",
            "attachment_count": 0,
            "description": "",
            "id": "arn:aws:iam::637423285372:policy/get-all-courses-police",
            "name": "get-all-courses-police",
            "name_prefix": "",
            "path": "/",
            "policy": "{\"Statement\":[{\"Action\":[\"dynamodb:Scan\"],\"Effect\":\"Allow\",\"Resource\":\"arn:aws:dynamodb:eu-central-1:637423285372:table/courses\"},{\"Action\":[\"logs:CreateLogGroup\",\"logs:CreateLogStream\",\"logs:PutLogEvents\"],\"Effect\":\"Allow\",\"Resource\":\"*\"}],\"Version\":\"2012-10-17\"}",
            "policy_id": "ANPAZI2LDOR6LMYRKAXZ3",
            "tags": null,
            "tags_all": {}
          },
          "sensitive_attributes": [],
          "private": "bnVsbA==",
          "dependencies": [
            "module.table_courses.aws_dynamodb_table.this"
          ]
        }
      ]
    },
    {
      "module": "module.iam",
      "mode": "managed",
      "type": "aws_iam_policy",
      "name": "get_course_police",
      "provider": "provider[\"registry.terraform.io/hashicorp/aws\"]",
      "instances": [
        {
          "schema_version": 0,
          "attributes": {
            "arn": "arn:aws:iam::637423285372:policy/get-course-police",
            "attachment_count": 0,
            "description": "",
            "id": "arn:aws:iam::637423285372:policy/get-course-police",
            "name": "get-course-police",
            "name_prefix": "",
            "path": "/",
            "policy": "{\"Statement\":[{\"Action\":[\"logs:CreateLogGroup\",\"logs:CreateLogStream\",\"logs:PutLogEvents\"],\"Effect\":\"Allow\",\"Resource\":\"arn:aws:logs:*:*:*\"},{\"Action\":\"dynamodb:GetItem\",\"Effect\":\"Allow\",\"Resource\":\"arn:aws:dynamodb:eu-central-1:637423285372:table/courses\"}],\"Version\":\"2012-10-17\"}",
            "policy_id": "ANPAZI2LDOR6JPVPTUWVG",
            "tags": null,
            "tags_all": {}
          },
          "sensitive_attributes": [],
          "private": "bnVsbA==",
          "dependencies": [
            "module.table_courses.aws_dynamodb_table.this"
          ]
        }
      ]
    },
    {
      "module": "module.iam",
      "mode": "managed",
      "type": "aws_iam_policy",
      "name": "save_course_police",
      "provider": "provider[\"registry.terraform.io/hashicorp/aws\"]",
      "instances": [
        {
          "schema_version": 0,
          "attributes": {
            "arn": "arn:aws:iam::637423285372:policy/save-course-police",
            "attachment_count": 0,
            "description": "",
            "id": "arn:aws:iam::637423285372:policy/save-course-police",
            "name": "save-course-police",
            "name_prefix": "",
            "path": "/",
            "policy": "{\"Statement\":[{\"Action\":[\"logs:CreateLogGroup\",\"logs:CreateLogStream\",\"logs:PutLogEvents\"],\"Effect\":\"Allow\",\"Resource\":\"arn:aws:logs:*:*:*\"},{\"Action\":\"dynamodb:PutItem\",\"Effect\":\"Allow\",\"Resource\":\"arn:aws:dynamodb:eu-central-1:637423285372:table/courses\"}],\"Version\":\"2012-10-17\"}",
            "policy_id": "ANPAZI2LDOR6AFDYHT454",
            "tags": null,
            "tags_all": {}
          },
          "sensitive_attributes": [],
          "private": "bnVsbA==",
          "dependencies": [
            "module.table_courses.aws_dynamodb_table.this"
          ]
        }
      ]
    },
    {
      "module": "module.iam",
      "mode": "managed",
      "type": "aws_iam_policy",
      "name": "sns_lambda_policy",
      "provider": "provider[\"registry.terraform.io/hashicorp/aws\"]",
      "instances": [
        {
          "schema_version": 0,
          "attributes": {
            "arn": "arn:aws:iam::637423285372:policy/sns-lambda-policy",
            "attachment_count": 0,
            "description": "",
            "id": "arn:aws:iam::637423285372:policy/sns-lambda-policy",
            "name": "sns-lambda-policy",
            "name_prefix": "",
            "path": "/",
            "policy": "{\"Statement\":[{\"Action\":[\"sns:Publish\"],\"Effect\":\"Allow\",\"Resource\":\"arn:aws:sns:eu-central-1:637423285372:my-topic\"},{\"Action\":[\"logs:CreateLogGroup\",\"logs:CreateLogStream\",\"logs:PutLogEvents\"],\"Effect\":\"Allow\",\"Resource\":\"*\"}],\"Version\":\"2012-10-17\"}",
            "policy_id": "ANPAZI2LDOR6GDEZCVXJZ",
            "tags": null,
            "tags_all": {}
          },
          "sensitive_attributes": [],
          "private": "bnVsbA==",
          "dependencies": [
            "module.sns.aws_sns_topic.this"
          ]
        }
      ]
    },
    {
      "module": "module.iam",
      "mode": "managed",
      "type": "aws_iam_policy",
      "name": "update_course_police",
      "provider": "provider[\"registry.terraform.io/hashicorp/aws\"]",
      "instances": [
        {
          "schema_version": 0,
          "attributes": {
            "arn": "arn:aws:iam::637423285372:policy/update-course-police",
            "attachment_count": 0,
            "description": "",
            "id": "arn:aws:iam::637423285372:policy/update-course-police",
            "name": "update-course-police",
            "name_prefix": "",
            "path": "/",
            "policy": "{\"Statement\":[{\"Action\":[\"logs:CreateLogGroup\",\"logs:CreateLogStream\",\"logs:PutLogEvents\"],\"Effect\":\"Allow\",\"Resource\":\"arn:aws:logs:*:*:*\"},{\"Action\":\"dynamodb:PutItem\",\"Effect\":\"Allow\",\"Resource\":\"arn:aws:dynamodb:eu-central-1:637423285372:table/courses\"}],\"Version\":\"2012-10-17\"}",
            "policy_id": "ANPAZI2LDOR6ODE6BW5OD",
            "tags": null,
            "tags_all": {}
          },
          "sensitive_attributes": [],
          "private": "bnVsbA==",
          "dependencies": [
            "module.table_courses.aws_dynamodb_table.this"
          ]
        }
      ]
    },
    {
      "module": "module.iam",
      "mode": "managed",
      "type": "aws_iam_role",
      "name": "delete_course_role",
      "provider": "provider[\"registry.terraform.io/hashicorp/aws\"]",
      "instances": [
        {
          "schema_version": 0,
          "attributes": {
            "arn": "arn:aws:iam::637423285372:role/delete-course-role",
            "assume_role_policy": "{\"Statement\":[{\"Action\":\"sts:AssumeRole\",\"Effect\":\"Allow\",\"Principal\":{\"Service\":\"lambda.amazonaws.com\"}}],\"Version\":\"2012-10-17\"}",
            "create_date": "2024-05-23T20:55:33Z",
            "description": "",
            "force_detach_policies": false,
            "id": "delete-course-role",
            "inline_policy": [],
            "managed_policy_arns": [],
            "max_session_duration": 3600,
            "name": "delete-course-role",
            "name_prefix": "",
            "path": "/",
            "permissions_boundary": "",
            "tags": null,
            "tags_all": {},
            "unique_id": "AROAZI2LDOR6MBFPEYXJM"
          },
          "sensitive_attributes": [],
          "private": "bnVsbA==",
          "create_before_destroy": true
        }
      ]
    },
    {
      "module": "module.iam",
      "mode": "managed",
      "type": "aws_iam_role",
      "name": "get_all_authors_role",
      "provider": "provider[\"registry.terraform.io/hashicorp/aws\"]",
      "instances": [
        {
          "schema_version": 0,
          "attributes": {
            "arn": "arn:aws:iam::637423285372:role/get-all-authors-role",
            "assume_role_policy": "{\"Statement\":[{\"Action\":\"sts:AssumeRole\",\"Effect\":\"Allow\",\"Principal\":{\"Service\":\"lambda.amazonaws.com\"}}],\"Version\":\"2012-10-17\"}",
            "create_date": "2024-05-23T20:55:33Z",
            "description": "",
            "force_detach_policies": false,
            "id": "get-all-authors-role",
            "inline_policy": [],
            "managed_policy_arns": [],
            "max_session_duration": 3600,
            "name": "get-all-authors-role",
            "name_prefix": "",
            "path": "/",
            "permissions_boundary": "",
            "tags": null,
            "tags_all": {},
            "unique_id": "AROAZI2LDOR6LWG5WP3FH"
          },
          "sensitive_attributes": [],
          "private": "bnVsbA==",
          "create_before_destroy": true
        }
      ]
    },
    {
      "module": "module.iam",
      "mode": "managed",
      "type": "aws_iam_role",
      "name": "get_all_courses_role",
      "provider": "provider[\"registry.terraform.io/hashicorp/aws\"]",
      "instances": [
        {
          "schema_version": 0,
          "attributes": {
            "arn": "arn:aws:iam::637423285372:role/get-all-courses-role",
            "assume_role_policy": "{\"Statement\":[{\"Action\":\"sts:AssumeRole\",\"Effect\":\"Allow\",\"Principal\":{\"Service\":\"lambda.amazonaws.com\"}}],\"Version\":\"2012-10-17\"}",
            "create_date": "2024-05-23T20:55:33Z",
            "description": "",
            "force_detach_policies": false,
            "id": "get-all-courses-role",
            "inline_policy": [],
            "managed_policy_arns": [],
            "max_session_duration": 3600,
            "name": "get-all-courses-role",
            "name_prefix": "",
            "path": "/",
            "permissions_boundary": "",
            "tags": null,
            "tags_all": {},
            "unique_id": "AROAZI2LDOR6DXX525NO4"
          },
          "sensitive_attributes": [],
          "private": "bnVsbA==",
          "create_before_destroy": true
        }
      ]
    },
    {
      "module": "module.iam",
      "mode": "managed",
      "type": "aws_iam_role",
      "name": "get_course_role",
      "provider": "provider[\"registry.terraform.io/hashicorp/aws\"]",
      "instances": [
        {
          "schema_version": 0,
          "attributes": {
            "arn": "arn:aws:iam::637423285372:role/get-course-role",
            "assume_role_policy": "{\"Statement\":[{\"Action\":\"sts:AssumeRole\",\"Effect\":\"Allow\",\"Principal\":{\"Service\":\"lambda.amazonaws.com\"}}],\"Version\":\"2012-10-17\"}",
            "create_date": "2024-05-23T20:55:32Z",
            "description": "",
            "force_detach_policies": false,
            "id": "get-course-role",
            "inline_policy": [],
            "managed_policy_arns": [],
            "max_session_duration": 3600,
            "name": "get-course-role",
            "name_prefix": "",
            "path": "/",
            "permissions_boundary": "",
            "tags": null,
            "tags_all": {},
            "unique_id": "AROAZI2LDOR6EYY6A3DYR"
          },
          "sensitive_attributes": [],
          "private": "bnVsbA==",
          "create_before_destroy": true
        }
      ]
    },
    {
      "module": "module.iam",
      "mode": "managed",
      "type": "aws_iam_role",
      "name": "save_course_role",
      "provider": "provider[\"registry.terraform.io/hashicorp/aws\"]",
      "instances": [
        {
          "schema_version": 0,
          "attributes": {
            "arn": "arn:aws:iam::637423285372:role/save-course-role",
            "assume_role_policy": "{\"Statement\":[{\"Action\":\"sts:AssumeRole\",\"Effect\":\"Allow\",\"Principal\":{\"Service\":\"lambda.amazonaws.com\"}}],\"Version\":\"2012-10-17\"}",
            "create_date": "2024-05-23T20:55:32Z",
            "description": "",
            "force_detach_policies": false,
            "id": "save-course-role",
            "inline_policy": [],
            "managed_policy_arns": [],
            "max_session_duration": 3600,
            "name": "save-course-role",
            "name_prefix": "",
            "path": "/",
            "permissions_boundary": "",
            "tags": null,
            "tags_all": {},
            "unique_id": "AROAZI2LDOR6HYMCYYR7T"
          },
          "sensitive_attributes": [],
          "private": "bnVsbA==",
          "create_before_destroy": true
        }
      ]
    },
    {
      "module": "module.iam",
      "mode": "managed",
      "type": "aws_iam_role",
      "name": "sns_lambda_role",
      "provider": "provider[\"registry.terraform.io/hashicorp/aws\"]",
      "instances": [
        {
          "schema_version": 0,
          "attributes": {
            "arn": "arn:aws:iam::637423285372:role/sns-lambda-role",
            "assume_role_policy": "{\"Statement\":[{\"Action\":\"sts:AssumeRole\",\"Effect\":\"Allow\",\"Principal\":{\"Service\":\"lambda.amazonaws.com\"}}],\"Version\":\"2012-10-17\"}",
            "create_date": "2024-05-23T20:55:33Z",
            "description": "",
            "force_detach_policies": false,
            "id": "sns-lambda-role",
            "inline_policy": [],
            "managed_policy_arns": [],
            "max_session_duration": 3600,
            "name": "sns-lambda-role",
            "name_prefix": "",
            "path": "/",
            "permissions_boundary": "",
            "tags": null,
            "tags_all": {},
            "unique_id": "AROAZI2LDOR6CCWMG26CV"
          },
          "sensitive_attributes": [],
          "private": "bnVsbA=="
        }
      ]
    },
    {
      "module": "module.iam",
      "mode": "managed",
      "type": "aws_iam_role",
      "name": "update_course_role",
      "provider": "provider[\"registry.terraform.io/hashicorp/aws\"]",
      "instances": [
        {
          "schema_version": 0,
          "attributes": {
            "arn": "arn:aws:iam::637423285372:role/update-course-role",
            "assume_role_policy": "{\"Statement\":[{\"Action\":\"sts:AssumeRole\",\"Effect\":\"Allow\",\"Principal\":{\"Service\":\"lambda.amazonaws.com\"}}],\"Version\":\"2012-10-17\"}",
            "create_date": "2024-05-23T20:55:33Z",
            "description": "",
            "force_detach_policies": false,
            "id": "update-course-role",
            "inline_policy": [],
            "managed_policy_arns": [],
            "max_session_duration": 3600,
            "name": "update-course-role",
            "name_prefix": "",
            "path": "/",
            "permissions_boundary": "",
            "tags": null,
            "tags_all": {},
            "unique_id": "AROAZI2LDOR6IH54GDR4V"
          },
          "sensitive_attributes": [],
          "private": "bnVsbA==",
          "create_before_destroy": true
        }
      ]
    },
    {
      "module": "module.iam",
      "mode": "managed",
      "type": "aws_iam_role_policy_attachment",
      "name": "delete_course_police_attachment",
      "provider": "provider[\"registry.terraform.io/hashicorp/aws\"]",
      "instances": [
        {
          "schema_version": 0,
          "attributes": {
            "id": "delete-course-role-20240523205542602800000007",
            "policy_arn": "arn:aws:iam::637423285372:policy/delete-course-police",
            "role": "delete-course-role"
          },
          "sensitive_attributes": [],
          "private": "bnVsbA==",
          "dependencies": [
            "module.iam.aws_iam_policy.delete_course_police",
            "module.iam.aws_iam_role.delete_course_role",
            "module.table_courses.aws_dynamodb_table.this"
          ]
        }
      ]
    },
    {
      "module": "module.iam",
      "mode": "managed",
      "type": "aws_iam_role_policy_attachment",
      "name": "get_all_authors_policy_attachment",
      "provider": "provider[\"registry.terraform.io/hashicorp/aws\"]",
      "instances": [
        {
          "schema_version": 0,
          "attributes": {
            "id": "get-all-authors-role-20240523205541971300000004",
            "policy_arn": "arn:aws:iam::637423285372:policy/get-all-authors-police",
            "role": "get-all-authors-role"
          },
          "sensitive_attributes": [],
          "private": "bnVsbA==",
          "dependencies": [
            "module.iam.aws_iam_policy.get_all_authors_police",
            "module.iam.aws_iam_role.get_all_authors_role",
            "module.table_authors.aws_dynamodb_table.this"
          ]
        }
      ]
    },
    {
      "module": "module.iam",
      "mode": "managed",
      "type": "aws_iam_role_policy_attachment",
      "name": "get_all_courses_policy_attachment",
      "provider": "provider[\"registry.terraform.io/hashicorp/aws\"]",
      "instances": [
        {
          "schema_version": 0,
          "attributes": {
            "id": "get-all-courses-role-20240523205542944100000009",
            "policy_arn": "arn:aws:iam::637423285372:policy/get-all-courses-police",
            "role": "get-all-courses-role"
          },
          "sensitive_attributes": [],
          "private": "bnVsbA==",
          "dependencies": [
            "module.iam.aws_iam_policy.get_all_courses_police",
            "module.iam.aws_iam_role.get_all_courses_role",
            "module.table_courses.aws_dynamodb_table.this"
          ]
        }
      ]
    },
    {
      "module": "module.iam",
      "mode": "managed",
      "type": "aws_iam_role_policy_attachment",
      "name": "get_course_police_attachment",
      "provider": "provider[\"registry.terraform.io/hashicorp/aws\"]",
      "instances": [
        {
          "schema_version": 0,
          "attributes": {
            "id": "get-course-role-20240523205542397500000006",
            "policy_arn": "arn:aws:iam::637423285372:policy/get-course-police",
            "role": "get-course-role"
          },
          "sensitive_attributes": [],
          "private": "bnVsbA==",
          "dependencies": [
            "module.iam.aws_iam_policy.get_course_police",
            "module.iam.aws_iam_role.get_course_role",
            "module.table_courses.aws_dynamodb_table.this"
          ]
        }
      ]
    },
    {
      "module": "module.iam",
      "mode": "managed",
      "type": "aws_iam_role_policy_attachment",
      "name": "save_course_police_attachment",
      "provider": "provider[\"registry.terraform.io/hashicorp/aws\"]",
      "instances": [
        {
          "schema_version": 0,
          "attributes": {
            "id": "save-course-role-20240523205542750200000008",
            "policy_arn": "arn:aws:iam::637423285372:policy/save-course-police",
            "role": "save-course-role"
          },
          "sensitive_attributes": [],
          "private": "bnVsbA==",
          "dependencies": [
            "module.iam.aws_iam_policy.save_course_police",
            "module.iam.aws_iam_role.save_course_role",
            "module.table_courses.aws_dynamodb_table.this"
          ]
        }
      ]
    },
    {
      "module": "module.iam",
      "mode": "managed",
      "type": "aws_iam_role_policy_attachment",
      "name": "sns_lambda_policy_attachment",
      "provider": "provider[\"registry.terraform.io/hashicorp/aws\"]",
      "instances": [
        {
          "schema_version": 0,
          "attributes": {
            "id": "sns-lambda-role-20240523205540100700000003",
            "policy_arn": "arn:aws:iam::637423285372:policy/sns-lambda-policy",
            "role": "sns-lambda-role"
          },
          "sensitive_attributes": [],
          "private": "bnVsbA==",
          "dependencies": [
            "module.iam.aws_iam_policy.sns_lambda_policy",
            "module.iam.aws_iam_role.sns_lambda_role",
            "module.sns.aws_sns_topic.this"
          ]
        }
      ]
    },
    {
      "module": "module.iam",
      "mode": "managed",
      "type": "aws_iam_role_policy_attachment",
      "name": "update_course_police_attachment",
      "provider": "provider[\"registry.terraform.io/hashicorp/aws\"]",
      "instances": [
        {
          "schema_version": 0,
          "attributes": {
            "id": "update-course-role-20240523205542283500000005",
            "policy_arn": "arn:aws:iam::637423285372:policy/update-course-police",
            "role": "update-course-role"
          },
          "sensitive_attributes": [],
          "private": "bnVsbA==",
          "dependencies": [
            "module.iam.aws_iam_policy.update_course_police",
            "module.iam.aws_iam_role.update_course_role",
            "module.table_courses.aws_dynamodb_table.this"
          ]
        }
      ]
    },
    {
      "module": "module.lambda",
      "mode": "data",
      "type": "archive_file",
      "name": "delete-course",
      "provider": "provider[\"registry.terraform.io/hashicorp/archive\"]",
      "instances": [
        {
          "schema_version": 0,
          "attributes": {
            "exclude_symlink_directories": null,
            "excludes": null,
            "id": "d5558627a392182bfa131b263d9c283afca2f43e",
            "output_base64sha256": "yNi6H5FP8Y4n6wkQ21k1w00bkIHqd8EofJDoDWicx1c=",
            "output_base64sha512": "Ah91pdxMe3Sq9A3LWTehbgB1rjie+XWGzv5P1Q663QyenxLlQFVkTUo1Io7TyvaPB3dNJxwv7CHfAIlhkbcHbA==",
            "output_file_mode": null,
            "output_md5": "cfd0a9831d673146e59947c9a63b687a",
            "output_path": "modules/lambda/functions/delete-course/delete-course.zip",
            "output_sha": "d5558627a392182bfa131b263d9c283afca2f43e",
            "output_sha256": "c8d8ba1f914ff18e27eb0910db5935c34d1b9081ea77c1287c90e80d689cc757",
            "output_sha512": "021f75a5dc4c7b74aaf40dcb5937a16e0075ae389ef97586cefe4fd50ebadd0c9e9f12e54055644d4a35228ed3caf68f07774d271c2fec21df00896191b7076c",
            "output_size": 427,
            "source": [],
            "source_content": null,
            "source_content_filename": null,
            "source_dir": null,
            "source_file": "modules/lambda/functions/delete-course/delete-course.js",
            "type": "zip"
          },
          "sensitive_attributes": []
        }
      ]
    },
    {
      "module": "module.lambda",
      "mode": "data",
      "type": "archive_file",
      "name": "get-course",
      "provider": "provider[\"registry.terraform.io/hashicorp/archive\"]",
      "instances": [
        {
          "schema_version": 0,
          "attributes": {
            "exclude_symlink_directories": null,
            "excludes": null,
            "id": "39889708898676c487c15b4f1e609c05dd9c0853",
            "output_base64sha256": "8Ca3B5Q6wQJLDBXOWwFHzOw07vYBJDSGQ55g+nkSWaY=",
            "output_base64sha512": "tlpVTp1WwrtPbqinc8NKaMUHrYLTv4/IEG4kqBoA5xu/C/1OQTRVJUp8UX2r/2X504Pb6R+1qIxgG/zJmlK28Q==",
            "output_file_mode": null,
            "output_md5": "e1c260742d5624543be41298e807ce78",
            "output_path": "modules/lambda/functions/get-course/get-course.zip",
            "output_sha": "39889708898676c487c15b4f1e609c05dd9c0853",
            "output_sha256": "f026b707943ac1024b0c15ce5b0147ccec34eef601243486439e60fa791259a6",
            "output_sha512": "b65a554e9d56c2bb4f6ea8a773c34a68c507ad82d3bf8fc8106e24a81a00e71bbf0bfd4e413455254a7c517dabff65f9d383dbe91fb5a88c601bfcc99a52b6f1",
            "output_size": 487,
            "source": [],
            "source_content": null,
            "source_content_filename": null,
            "source_dir": null,
            "source_file": "modules/lambda/functions/get-course/get-course.js",
            "type": "zip"
          },
          "sensitive_attributes": []
        }
      ]
    },
    {
      "module": "module.lambda",
      "mode": "data",
      "type": "archive_file",
      "name": "get_all_authors",
      "provider": "provider[\"registry.terraform.io/hashicorp/archive\"]",
      "instances": [
        {
          "schema_version": 0,
          "attributes": {
            "exclude_symlink_directories": null,
            "excludes": null,
            "id": "1bd4ea7f02971ed4bb6b92f7fccaf7028d6417dd",
            "output_base64sha256": "Dze41Av/9zDKRwDtwfR0f64wV4ho4Qhh2h46SAp/6DI=",
            "output_base64sha512": "frvkd2Liy4QK/l6cW6dlcjkmHOi+Ls+rMeXlDUuSL7yaBqHQP2MkLA4Q+cVf1CsZdyqH4lOfiMn/uxNKIAxHUg==",
            "output_file_mode": null,
            "output_md5": "3b6d12496fe6e327bb802a5fa8c0e85d",
            "output_path": "modules/lambda/functions/get-all-authors/get-all-authors.zip",
            "output_sha": "1bd4ea7f02971ed4bb6b92f7fccaf7028d6417dd",
            "output_sha256": "0f37b8d40bfff730ca4700edc1f4747fae30578868e10861da1e3a480a7fe832",
            "output_sha512": "7ebbe47762e2cb840afe5e9c5ba7657239261ce8be2ecfab31e5e50d4b922fbc9a06a1d03f63242c0e10f9c55fd42b19772a87e2539f88c9ffbb134a200c4752",
            "output_size": 466,
            "source": [],
            "source_content": null,
            "source_content_filename": null,
            "source_dir": null,
            "source_file": "modules/lambda/functions/get-all-authors/get-all-authors.js",
            "type": "zip"
          },
          "sensitive_attributes": []
        }
      ]
    },
    {
      "module": "module.lambda",
      "mode": "data",
      "type": "archive_file",
      "name": "get_all_courses",
      "provider": "provider[\"registry.terraform.io/hashicorp/archive\"]",
      "instances": [
        {
          "schema_version": 0,
          "attributes": {
            "exclude_symlink_directories": null,
            "excludes": null,
            "id": "e7e6a93fe97638456131d3057e0dbd2b9782f066",
            "output_base64sha256": "ZklDONJyWM4fLl99iueKpNA+Hlv03htp6JHkcx9Q5RE=",
            "output_base64sha512": "wrYO/3aWH/6c9BaUNGsl6sOULaKfZO1HabBYmKFW/2oE11qmzq/1CTpvxBwp6gyaQ7bSr1TwSKNLIqF6RcjdWA==",
            "output_file_mode": null,
            "output_md5": "108b91657aa1637f325c34ce8d3b3864",
            "output_path": "modules/lambda/functions/get-all-courses/get-all-courses.zip",
            "output_sha": "e7e6a93fe97638456131d3057e0dbd2b9782f066",
            "output_sha256": "66494338d27258ce1f2e5f7d8ae78aa4d03e1e5bf4de1b69e891e4731f50e511",
            "output_sha512": "c2b60eff76961ffe9cf41694346b25eac3942da29f64ed4769b05898a156ff6a04d75aa6ceaff5093a6fc41c29ea0c9a43b6d2af54f048a34b22a17a45c8dd58",
            "output_size": 501,
            "source": [],
            "source_content": null,
            "source_content_filename": null,
            "source_dir": null,
            "source_file": "modules/lambda/functions/get-all-courses/get-all-courses.js",
            "type": "zip"
          },
          "sensitive_attributes": []
        }
      ]
    },
    {
      "module": "module.lambda",
      "mode": "data",
      "type": "archive_file",
      "name": "save-course",
      "provider": "provider[\"registry.terraform.io/hashicorp/archive\"]",
      "instances": [
        {
          "schema_version": 0,
          "attributes": {
            "exclude_symlink_directories": null,
            "excludes": null,
            "id": "a02053f3d72a85b83e2431f285c5f8469255191e",
            "output_base64sha256": "sMDYnaY5tzWhI4BQcDh4+zZd3QNo6sCAdyjYyEshiMQ=",
            "output_base64sha512": "IQmDVaJMHUS/+QXgtDFIJCLKvwsfpme0H6Hdfls1LSRFkvOSiQuLCAR1VVidpRfFcYWvmyla/nryhrGGSEeBbw==",
            "output_file_mode": null,
            "output_md5": "9148d57ea48c93648aa514927f8e8fdf",
            "output_path": "modules/lambda/functions/save-course/save-course.zip",
            "output_sha": "a02053f3d72a85b83e2431f285c5f8469255191e",
            "output_sha256": "b0c0d89da639b735a1238050703878fb365ddd0368eac0807728d8c84b2188c4",
            "output_sha512": "21098355a24c1d44bff905e0b431482422cabf0b1fa667b41fa1dd7e5b352d244592f392890b8b08047555589da517c57185af9b295afe7af286b1864847816f",
            "output_size": 634,
            "source": [],
            "source_content": null,
            "source_content_filename": null,
            "source_dir": null,
            "source_file": "modules/lambda/functions/save-course/save-course.js",
            "type": "zip"
          },
          "sensitive_attributes": []
        }
      ]
    },
    {
      "module": "module.lambda",
      "mode": "data",
      "type": "archive_file",
      "name": "sns",
      "provider": "provider[\"registry.terraform.io/hashicorp/archive\"]",
      "instances": [
        {
          "schema_version": 0,
          "attributes": {
            "exclude_symlink_directories": null,
            "excludes": null,
            "id": "e525a9a3de28ed5f78954508faa0ea4ed847723e",
            "output_base64sha256": "YA82LmDUriq40huGhQqGZHPlVEV9fgZyUrJDZvFUZ3E=",
            "output_base64sha512": "NfI77UiI9L+sIaPaajOw29yyUOGC4R5afthG7kg3mphGULFgh3bBTk9YFtwK77p3vRiKPWy9cru2N4nAwoyyug==",
            "output_file_mode": null,
            "output_md5": "6b637dc316bbf29cda687a1a887e5595",
            "output_path": "modules/lambda/functions/sns-notify/sns-notify.zip",
            "output_sha": "e525a9a3de28ed5f78954508faa0ea4ed847723e",
            "output_sha256": "600f362e60d4ae2ab8d21b86850a866473e554457d7e067252b24366f1546771",
            "output_sha512": "35f23bed4888f4bfac21a3da6a33b0dbdcb250e182e11e5a7ed846ee48379a984650b1608776c14e4f5816dc0aefba77bd188a3d6cbd72bbb63789c0c28cb2ba",
            "output_size": 483,
            "source": [],
            "source_content": null,
            "source_content_filename": null,
            "source_dir": null,
            "source_file": "modules/lambda/functions/sns-notify/sns-notify.py",
            "type": "zip"
          },
          "sensitive_attributes": []
        }
      ]
    },
    {
      "module": "module.lambda",
      "mode": "data",
      "type": "archive_file",
      "name": "update-course",
      "provider": "provider[\"registry.terraform.io/hashicorp/archive\"]",
      "instances": [
        {
          "schema_version": 0,
          "attributes": {
            "exclude_symlink_directories": null,
            "excludes": null,
            "id": "b5ea649dc847db0bb755c4d7ae08e53914726aef",
            "output_base64sha256": "nhjRNeyl4fbm8pFDRmKL7elR8b2w3A6ixDmGOrKb/o4=",
            "output_base64sha512": "0gMiHIPOT6eeEL07utsevftehCGB3PUYuZSJSeTUIH4Yys2hsMxNfSVdiLCXRFJLo1NGXRaWQW4PA1uTuhAnjA==",
            "output_file_mode": null,
            "output_md5": "a75c99829741c031bb02c90bef60762f",
            "output_path": "modules/lambda/functions/update-course/update-course.zip",
            "output_sha": "b5ea649dc847db0bb755c4d7ae08e53914726aef",
            "output_sha256": "9e18d135eca5e1f6e6f2914346628bede951f1bdb0dc0ea2c439863ab29bfe8e",
            "output_sha512": "d203221c83ce4fa79e10bd3bbadb1ebdfb5e842181dcf518b9948949e4d4207e18cacda1b0cc4d7d255d88b09744524ba353465d1696416e0f035b93ba10278c",
            "output_size": 535,
            "source": [],
            "source_content": null,
            "source_content_filename": null,
            "source_dir": null,
            "source_file": "modules/lambda/functions/update-course/update-course.js",
            "type": "zip"
          },
          "sensitive_attributes": []
        }
      ]
    },
    {
      "module": "module.lambda",
      "mode": "managed",
      "type": "aws_lambda_function",
      "name": "delete-course",
      "provider": "provider[\"registry.terraform.io/hashicorp/aws\"]",
      "instances": [
        {
          "schema_version": 0,
          "attributes": {
            "architectures": [
              "x86_64"
            ],
            "arn": "arn:aws:lambda:eu-central-1:637423285372:function:delete-course",
            "code_signing_config_arn": "",
            "dead_letter_config": [],
            "description": "",
            "environment": [],
            "ephemeral_storage": [
              {
                "size": 512
              }
            ],
            "file_system_config": [],
            "filename": "modules/lambda/functions/delete-course/delete-course.zip",
            "function_name": "delete-course",
            "handler": "delete-course.handler",
            "id": "delete-course",
            "image_config": [],
            "image_uri": "",
            "invoke_arn": "arn:aws:apigateway:eu-central-1:lambda:path/2015-03-31/functions/arn:aws:lambda:eu-central-1:637423285372:function:delete-course/invocations",
            "kms_key_arn": "",
            "last_modified": "2024-05-23T20:56:03.438+0000",
            "layers": null,
            "logging_config": [
              {
                "application_log_level": "",
                "log_format": "Text",
                "log_group": "/aws/lambda/delete-course",
                "system_log_level": ""
              }
            ],
            "memory_size": 128,
            "package_type": "Zip",
            "publish": false,
            "qualified_arn": "arn:aws:lambda:eu-central-1:637423285372:function:delete-course:$LATEST",
            "qualified_invoke_arn": "arn:aws:apigateway:eu-central-1:lambda:path/2015-03-31/functions/arn:aws:lambda:eu-central-1:637423285372:function:delete-course:$LATEST/invocations",
            "replace_security_groups_on_destroy": null,
            "replacement_security_group_ids": null,
            "reserved_concurrent_executions": -1,
            "role": "arn:aws:iam::637423285372:role/delete-course-role",
            "runtime": "nodejs16.x",
            "s3_bucket": null,
            "s3_key": null,
            "s3_object_version": null,
            "signing_job_arn": "",
            "signing_profile_version_arn": "",
            "skip_destroy": false,
            "snap_start": [],
            "source_code_hash": "yNi6H5FP8Y4n6wkQ21k1w00bkIHqd8EofJDoDWicx1c=",
            "source_code_size": 427,
            "tags": null,
            "tags_all": {},
            "timeout": 3,
            "timeouts": null,
            "tracing_config": [
              {
                "mode": "PassThrough"
              }
            ],
            "version": "$LATEST",
            "vpc_config": []
          },
          "sensitive_attributes": [],
          "private": "eyJlMmJmYjczMC1lY2FhLTExZTYtOGY4OC0zNDM2M2JjN2M0YzAiOnsiY3JlYXRlIjo2MDAwMDAwMDAwMDAsImRlbGV0ZSI6NjAwMDAwMDAwMDAwLCJ1cGRhdGUiOjYwMDAwMDAwMDAwMH19",
          "dependencies": [
            "module.iam.aws_iam_role.delete_course_role",
            "module.lambda.data.archive_file.delete-course"
          ],
          "create_before_destroy": true
        }
      ]
    },
    {
      "module": "module.lambda",
      "mode": "managed",
      "type": "aws_lambda_function",
      "name": "get-course",
      "provider": "provider[\"registry.terraform.io/hashicorp/aws\"]",
      "instances": [
        {
          "schema_version": 0,
          "attributes": {
            "architectures": [
              "x86_64"
            ],
            "arn": "arn:aws:lambda:eu-central-1:637423285372:function:get-course",
            "code_signing_config_arn": "",
            "dead_letter_config": [],
            "description": "",
            "environment": [],
            "ephemeral_storage": [
              {
                "size": 512
              }
            ],
            "file_system_config": [],
            "filename": "modules/lambda/functions/get-course/get-course.zip",
            "function_name": "get-course",
            "handler": "get-course.handler",
            "id": "get-course",
            "image_config": [],
            "image_uri": "",
            "invoke_arn": "arn:aws:apigateway:eu-central-1:lambda:path/2015-03-31/functions/arn:aws:lambda:eu-central-1:637423285372:function:get-course/invocations",
            "kms_key_arn": "",
            "last_modified": "2024-05-23T20:55:41.959+0000",
            "layers": null,
            "logging_config": [
              {
                "application_log_level": "",
                "log_format": "Text",
                "log_group": "/aws/lambda/get-course",
                "system_log_level": ""
              }
            ],
            "memory_size": 128,
            "package_type": "Zip",
            "publish": false,
            "qualified_arn": "arn:aws:lambda:eu-central-1:637423285372:function:get-course:$LATEST",
            "qualified_invoke_arn": "arn:aws:apigateway:eu-central-1:lambda:path/2015-03-31/functions/arn:aws:lambda:eu-central-1:637423285372:function:get-course:$LATEST/invocations",
            "replace_security_groups_on_destroy": null,
            "replacement_security_group_ids": null,
            "reserved_concurrent_executions": -1,
            "role": "arn:aws:iam::637423285372:role/get-course-role",
            "runtime": "nodejs16.x",
            "s3_bucket": null,
            "s3_key": null,
            "s3_object_version": null,
            "signing_job_arn": "",
            "signing_profile_version_arn": "",
            "skip_destroy": false,
            "snap_start": [],
            "source_code_hash": "8Ca3B5Q6wQJLDBXOWwFHzOw07vYBJDSGQ55g+nkSWaY=",
            "source_code_size": 487,
            "tags": null,
            "tags_all": {},
            "timeout": 3,
            "timeouts": null,
            "tracing_config": [
              {
                "mode": "PassThrough"
              }
            ],
            "version": "$LATEST",
            "vpc_config": []
          },
          "sensitive_attributes": [],
          "private": "eyJlMmJmYjczMC1lY2FhLTExZTYtOGY4OC0zNDM2M2JjN2M0YzAiOnsiY3JlYXRlIjo2MDAwMDAwMDAwMDAsImRlbGV0ZSI6NjAwMDAwMDAwMDAwLCJ1cGRhdGUiOjYwMDAwMDAwMDAwMH19",
          "dependencies": [
            "module.iam.aws_iam_role.get_course_role",
            "module.lambda.data.archive_file.get-course"
          ],
          "create_before_destroy": true
        }
      ]
    },
    {
      "module": "module.lambda",
      "mode": "managed",
      "type": "aws_lambda_function",
      "name": "get_all_authors",
      "provider": "provider[\"registry.terraform.io/hashicorp/aws\"]",
      "instances": [
        {
          "schema_version": 0,
          "attributes": {
            "architectures": [
              "x86_64"
            ],
            "arn": "arn:aws:lambda:eu-central-1:637423285372:function:get-all-authors",
            "code_signing_config_arn": "",
            "dead_letter_config": [],
            "description": "",
            "environment": [],
            "ephemeral_storage": [
              {
                "size": 512
              }
            ],
            "file_system_config": [],
            "filename": "modules/lambda/functions/get-all-authors/get-all-authors.zip",
            "function_name": "get-all-authors",
            "handler": "get-all-authors.handler",
            "id": "get-all-authors",
            "image_config": [],
            "image_uri": "",
            "invoke_arn": "arn:aws:apigateway:eu-central-1:lambda:path/2015-03-31/functions/arn:aws:lambda:eu-central-1:637423285372:function:get-all-authors/invocations",
            "kms_key_arn": "",
            "last_modified": "2024-05-23T20:56:08.807+0000",
            "layers": null,
            "logging_config": [
              {
                "application_log_level": "",
                "log_format": "Text",
                "log_group": "/aws/lambda/get-all-authors",
                "system_log_level": ""
              }
            ],
            "memory_size": 128,
            "package_type": "Zip",
            "publish": false,
            "qualified_arn": "arn:aws:lambda:eu-central-1:637423285372:function:get-all-authors:$LATEST",
            "qualified_invoke_arn": "arn:aws:apigateway:eu-central-1:lambda:path/2015-03-31/functions/arn:aws:lambda:eu-central-1:637423285372:function:get-all-authors:$LATEST/invocations",
            "replace_security_groups_on_destroy": null,
            "replacement_security_group_ids": null,
            "reserved_concurrent_executions": -1,
            "role": "arn:aws:iam::637423285372:role/get-all-authors-role",
            "runtime": "nodejs16.x",
            "s3_bucket": null,
            "s3_key": null,
            "s3_object_version": null,
            "signing_job_arn": "",
            "signing_profile_version_arn": "",
            "skip_destroy": false,
            "snap_start": [],
            "source_code_hash": "Dze41Av/9zDKRwDtwfR0f64wV4ho4Qhh2h46SAp/6DI=",
            "source_code_size": 466,
            "tags": null,
            "tags_all": {},
            "timeout": 3,
            "timeouts": null,
            "tracing_config": [
              {
                "mode": "PassThrough"
              }
            ],
            "version": "$LATEST",
            "vpc_config": []
          },
          "sensitive_attributes": [],
          "private": "eyJlMmJmYjczMC1lY2FhLTExZTYtOGY4OC0zNDM2M2JjN2M0YzAiOnsiY3JlYXRlIjo2MDAwMDAwMDAwMDAsImRlbGV0ZSI6NjAwMDAwMDAwMDAwLCJ1cGRhdGUiOjYwMDAwMDAwMDAwMH19",
          "dependencies": [
            "module.iam.aws_iam_role.get_all_authors_role",
            "module.lambda.data.archive_file.get_all_authors"
          ],
          "create_before_destroy": true
        }
      ]
    },
    {
      "module": "module.lambda",
      "mode": "managed",
      "type": "aws_lambda_function",
      "name": "get_all_courses",
      "provider": "provider[\"registry.terraform.io/hashicorp/aws\"]",
      "instances": [
        {
          "schema_version": 0,
          "attributes": {
            "architectures": [
              "x86_64"
            ],
            "arn": "arn:aws:lambda:eu-central-1:637423285372:function:get-all-courses",
            "code_signing_config_arn": "",
            "dead_letter_config": [],
            "description": "",
            "environment": [],
            "ephemeral_storage": [
              {
                "size": 512
              }
            ],
            "file_system_config": [],
            "filename": "modules/lambda/functions/get-all-courses/get-all-courses.zip",
            "function_name": "get-all-courses",
            "handler": "get-all-courses.handler",
            "id": "get-all-courses",
            "image_config": [],
            "image_uri": "",
            "invoke_arn": "arn:aws:apigateway:eu-central-1:lambda:path/2015-03-31/functions/arn:aws:lambda:eu-central-1:637423285372:function:get-all-courses/invocations",
            "kms_key_arn": "",
            "last_modified": "2024-05-23T20:55:52.696+0000",
            "layers": null,
            "logging_config": [
              {
                "application_log_level": "",
                "log_format": "Text",
                "log_group": "/aws/lambda/get-all-courses",
                "system_log_level": ""
              }
            ],
            "memory_size": 128,
            "package_type": "Zip",
            "publish": false,
            "qualified_arn": "arn:aws:lambda:eu-central-1:637423285372:function:get-all-courses:$LATEST",
            "qualified_invoke_arn": "arn:aws:apigateway:eu-central-1:lambda:path/2015-03-31/functions/arn:aws:lambda:eu-central-1:637423285372:function:get-all-courses:$LATEST/invocations",
            "replace_security_groups_on_destroy": null,
            "replacement_security_group_ids": null,
            "reserved_concurrent_executions": -1,
            "role": "arn:aws:iam::637423285372:role/get-all-courses-role",
            "runtime": "nodejs16.x",
            "s3_bucket": null,
            "s3_key": null,
            "s3_object_version": null,
            "signing_job_arn": "",
            "signing_profile_version_arn": "",
            "skip_destroy": false,
            "snap_start": [],
            "source_code_hash": "ZklDONJyWM4fLl99iueKpNA+Hlv03htp6JHkcx9Q5RE=",
            "source_code_size": 501,
            "tags": null,
            "tags_all": {},
            "timeout": 3,
            "timeouts": null,
            "tracing_config": [
              {
                "mode": "PassThrough"
              }
            ],
            "version": "$LATEST",
            "vpc_config": []
          },
          "sensitive_attributes": [],
          "private": "eyJlMmJmYjczMC1lY2FhLTExZTYtOGY4OC0zNDM2M2JjN2M0YzAiOnsiY3JlYXRlIjo2MDAwMDAwMDAwMDAsImRlbGV0ZSI6NjAwMDAwMDAwMDAwLCJ1cGRhdGUiOjYwMDAwMDAwMDAwMH19",
          "dependencies": [
            "module.iam.aws_iam_role.get_all_courses_role",
            "module.lambda.data.archive_file.get_all_courses"
          ],
          "create_before_destroy": true
        }
      ]
    },
    {
      "module": "module.lambda",
      "mode": "managed",
      "type": "aws_lambda_function",
      "name": "save-course",
      "provider": "provider[\"registry.terraform.io/hashicorp/aws\"]",
      "instances": [
        {
          "schema_version": 0,
          "attributes": {
            "architectures": [
              "x86_64"
            ],
            "arn": "arn:aws:lambda:eu-central-1:637423285372:function:save-course",
            "code_signing_config_arn": "",
            "dead_letter_config": [],
            "description": "",
            "environment": [],
            "ephemeral_storage": [
              {
                "size": 512
              }
            ],
            "file_system_config": [],
            "filename": "modules/lambda/functions/save-course/save-course.zip",
            "function_name": "save-course",
            "handler": "save-course.handler",
            "id": "save-course",
            "image_config": [],
            "image_uri": "",
            "invoke_arn": "arn:aws:apigateway:eu-central-1:lambda:path/2015-03-31/functions/arn:aws:lambda:eu-central-1:637423285372:function:save-course/invocations",
            "kms_key_arn": "",
            "last_modified": "2024-05-23T20:55:47.321+0000",
            "layers": null,
            "logging_config": [
              {
                "application_log_level": "",
                "log_format": "Text",
                "log_group": "/aws/lambda/save-course",
                "system_log_level": ""
              }
            ],
            "memory_size": 128,
            "package_type": "Zip",
            "publish": false,
            "qualified_arn": "arn:aws:lambda:eu-central-1:637423285372:function:save-course:$LATEST",
            "qualified_invoke_arn": "arn:aws:apigateway:eu-central-1:lambda:path/2015-03-31/functions/arn:aws:lambda:eu-central-1:637423285372:function:save-course:$LATEST/invocations",
            "replace_security_groups_on_destroy": null,
            "replacement_security_group_ids": null,
            "reserved_concurrent_executions": -1,
            "role": "arn:aws:iam::637423285372:role/save-course-role",
            "runtime": "nodejs16.x",
            "s3_bucket": null,
            "s3_key": null,
            "s3_object_version": null,
            "signing_job_arn": "",
            "signing_profile_version_arn": "",
            "skip_destroy": false,
            "snap_start": [],
            "source_code_hash": "sMDYnaY5tzWhI4BQcDh4+zZd3QNo6sCAdyjYyEshiMQ=",
            "source_code_size": 634,
            "tags": null,
            "tags_all": {},
            "timeout": 3,
            "timeouts": null,
            "tracing_config": [
              {
                "mode": "PassThrough"
              }
            ],
            "version": "$LATEST",
            "vpc_config": []
          },
          "sensitive_attributes": [],
          "private": "eyJlMmJmYjczMC1lY2FhLTExZTYtOGY4OC0zNDM2M2JjN2M0YzAiOnsiY3JlYXRlIjo2MDAwMDAwMDAwMDAsImRlbGV0ZSI6NjAwMDAwMDAwMDAwLCJ1cGRhdGUiOjYwMDAwMDAwMDAwMH19",
          "dependencies": [
            "module.iam.aws_iam_role.save_course_role",
            "module.lambda.data.archive_file.save-course"
          ],
          "create_before_destroy": true
        }
      ]
    },
    {
      "module": "module.lambda",
      "mode": "managed",
      "type": "aws_lambda_function",
      "name": "sns",
      "provider": "provider[\"registry.terraform.io/hashicorp/aws\"]",
      "instances": [
        {
          "schema_version": 0,
          "attributes": {
            "architectures": [
              "x86_64"
            ],
            "arn": "arn:aws:lambda:eu-central-1:637423285372:function:sns-notify",
            "code_signing_config_arn": "",
            "dead_letter_config": [],
            "description": "",
            "environment": [],
            "ephemeral_storage": [
              {
                "size": 512
              }
            ],
            "file_system_config": [],
            "filename": "modules/lambda/functions/sns-notify/sns-notify.zip",
            "function_name": "sns-notify",
            "handler": "sns-notify.lambda_handler",
            "id": "sns-notify",
            "image_config": [],
            "image_uri": "",
            "invoke_arn": "arn:aws:apigateway:eu-central-1:lambda:path/2015-03-31/functions/arn:aws:lambda:eu-central-1:637423285372:function:sns-notify/invocations",
            "kms_key_arn": "",
            "last_modified": "2024-05-23T20:56:14.181+0000",
            "layers": null,
            "logging_config": [
              {
                "application_log_level": "",
                "log_format": "Text",
                "log_group": "/aws/lambda/sns-notify",
                "system_log_level": ""
              }
            ],
            "memory_size": 128,
            "package_type": "Zip",
            "publish": false,
            "qualified_arn": "arn:aws:lambda:eu-central-1:637423285372:function:sns-notify:$LATEST",
            "qualified_invoke_arn": "arn:aws:apigateway:eu-central-1:lambda:path/2015-03-31/functions/arn:aws:lambda:eu-central-1:637423285372:function:sns-notify:$LATEST/invocations",
            "replace_security_groups_on_destroy": null,
            "replacement_security_group_ids": null,
            "reserved_concurrent_executions": -1,
            "role": "arn:aws:iam::637423285372:role/sns-lambda-role",
            "runtime": "python3.9",
            "s3_bucket": null,
            "s3_key": null,
            "s3_object_version": null,
            "signing_job_arn": "",
            "signing_profile_version_arn": "",
            "skip_destroy": false,
            "snap_start": [],
            "source_code_hash": "YA82LmDUriq40huGhQqGZHPlVEV9fgZyUrJDZvFUZ3E=",
            "source_code_size": 483,
            "tags": null,
            "tags_all": {},
            "timeout": 3,
            "timeouts": null,
            "tracing_config": [
              {
                "mode": "PassThrough"
              }
            ],
            "version": "$LATEST",
            "vpc_config": []
          },
          "sensitive_attributes": [],
          "private": "eyJlMmJmYjczMC1lY2FhLTExZTYtOGY4OC0zNDM2M2JjN2M0YzAiOnsiY3JlYXRlIjo2MDAwMDAwMDAwMDAsImRlbGV0ZSI6NjAwMDAwMDAwMDAwLCJ1cGRhdGUiOjYwMDAwMDAwMDAwMH19",
          "dependencies": [
            "module.iam.aws_iam_role.sns_lambda_role",
            "module.lambda.data.archive_file.sns"
          ]
        }
      ]
    },
    {
      "module": "module.lambda",
      "mode": "managed",
      "type": "aws_lambda_function",
      "name": "update-course",
      "provider": "provider[\"registry.terraform.io/hashicorp/aws\"]",
      "instances": [
        {
          "schema_version": 0,
          "attributes": {
            "architectures": [
              "x86_64"
            ],
            "arn": "arn:aws:lambda:eu-central-1:637423285372:function:update-course",
            "code_signing_config_arn": "",
            "dead_letter_config": [],
            "description": "",
            "environment": [],
            "ephemeral_storage": [
              {
                "size": 512
              }
            ],
            "file_system_config": [],
            "filename": "modules/lambda/functions/update-course/update-course.zip",
            "function_name": "update-course",
            "handler": "update-course.handler",
            "id": "update-course",
            "image_config": [],
            "image_uri": "",
            "invoke_arn": "arn:aws:apigateway:eu-central-1:lambda:path/2015-03-31/functions/arn:aws:lambda:eu-central-1:637423285372:function:update-course/invocations",
            "kms_key_arn": "",
            "last_modified": "2024-05-23T20:55:58.048+0000",
            "layers": null,
            "logging_config": [
              {
                "application_log_level": "",
                "log_format": "Text",
                "log_group": "/aws/lambda/update-course",
                "system_log_level": ""
              }
            ],
            "memory_size": 128,
            "package_type": "Zip",
            "publish": false,
            "qualified_arn": "arn:aws:lambda:eu-central-1:637423285372:function:update-course:$LATEST",
            "qualified_invoke_arn": "arn:aws:apigateway:eu-central-1:lambda:path/2015-03-31/functions/arn:aws:lambda:eu-central-1:637423285372:function:update-course:$LATEST/invocations",
            "replace_security_groups_on_destroy": null,
            "replacement_security_group_ids": null,
            "reserved_concurrent_executions": -1,
            "role": "arn:aws:iam::637423285372:role/update-course-role",
            "runtime": "nodejs16.x",
            "s3_bucket": null,
            "s3_key": null,
            "s3_object_version": null,
            "signing_job_arn": "",
            "signing_profile_version_arn": "",
            "skip_destroy": false,
            "snap_start": [],
            "source_code_hash": "nhjRNeyl4fbm8pFDRmKL7elR8b2w3A6ixDmGOrKb/o4=",
            "source_code_size": 535,
            "tags": null,
            "tags_all": {},
            "timeout": 3,
            "timeouts": null,
            "tracing_config": [
              {
                "mode": "PassThrough"
              }
            ],
            "version": "$LATEST",
            "vpc_config": []
          },
          "sensitive_attributes": [],
          "private": "eyJlMmJmYjczMC1lY2FhLTExZTYtOGY4OC0zNDM2M2JjN2M0YzAiOnsiY3JlYXRlIjo2MDAwMDAwMDAwMDAsImRlbGV0ZSI6NjAwMDAwMDAwMDAwLCJ1cGRhdGUiOjYwMDAwMDAwMDAwMH19",
          "dependencies": [
            "module.iam.aws_iam_role.update_course_role",
            "module.lambda.data.archive_file.update-course"
          ],
          "create_before_destroy": true
        }
      ]
    },
    {
      "module": "module.s3",
      "mode": "managed",
      "type": "aws_s3_bucket",
      "name": "this",
      "provider": "provider[\"registry.terraform.io/hashicorp/aws\"]",
      "instances": [
        {
          "schema_version": 0,
          "attributes": {
            "acceleration_status": "",
            "acl": null,
            "arn": "arn:aws:s3:::s3-yurii-lazenko-bucket",
            "bucket": "s3-yurii-lazenko-bucket",
            "bucket_domain_name": "s3-yurii-lazenko-bucket.s3.amazonaws.com",
            "bucket_prefix": "",
            "bucket_regional_domain_name": "s3-yurii-lazenko-bucket.s3.eu-central-1.amazonaws.com",
            "cors_rule": [],
            "force_destroy": false,
            "grant": [
              {
                "id": "5ab428870713175542d813b40fb2b13b11eabe46b853e211205195d478de22b4",
                "permissions": [
                  "FULL_CONTROL"
                ],
                "type": "CanonicalUser",
                "uri": ""
              }
            ],
            "hosted_zone_id": "Z21DNDUVLTQW6Q",
            "id": "s3-yurii-lazenko-bucket",
            "lifecycle_rule": [],
            "logging": [],
            "object_lock_configuration": [],
            "object_lock_enabled": false,
            "policy": "",
            "region": "eu-central-1",
            "replication_configuration": [],
            "request_payer": "BucketOwner",
            "server_side_encryption_configuration": [
              {
                "rule": [
                  {
                    "apply_server_side_encryption_by_default": [
                      {
                        "kms_master_key_id": "",
                        "sse_algorithm": "AES256"
                      }
                    ],
                    "bucket_key_enabled": false
                  }
                ]
              }
            ],
            "tags": null,
            "tags_all": {},
            "timeouts": null,
            "versioning": [
              {
                "enabled": false,
                "mfa_delete": false
              }
            ],
            "website": [],
            "website_domain": null,
            "website_endpoint": null
          },
          "sensitive_attributes": [],
          "private": "eyJlMmJmYjczMC1lY2FhLTExZTYtOGY4OC0zNDM2M2JjN2M0YzAiOnsiY3JlYXRlIjoxMjAwMDAwMDAwMDAwLCJkZWxldGUiOjM2MDAwMDAwMDAwMDAsInJlYWQiOjEyMDAwMDAwMDAwMDAsInVwZGF0ZSI6MTIwMDAwMDAwMDAwMH19"
        }
      ]
    },
    {
      "module": "module.s3",
      "mode": "managed",
      "type": "aws_s3_bucket_policy",
      "name": "this",
      "provider": "provider[\"registry.terraform.io/hashicorp/aws\"]",
      "instances": [
        {
          "schema_version": 0,
          "attributes": {
            "bucket": "s3-yurii-lazenko-bucket",
            "id": "s3-yurii-lazenko-bucket",
            "policy": "{\"Id\":\"AllowGetObjects\",\"Statement\":[{\"Action\":\"s3:GetObject\",\"Effect\":\"Allow\",\"Principal\":\"*\",\"Resource\":\"arn:aws:s3:::s3-yurii-lazenko-bucket/**\",\"Sid\":\"AllowPublic\"}],\"Version\":\"2012-10-17\"}"
          },
          "sensitive_attributes": [],
          "private": "bnVsbA==",
          "dependencies": [
            "module.s3.aws_s3_bucket.this",
            "module.s3.aws_s3_bucket_public_access_block.this"
          ]
        }
      ]
    },
    {
      "module": "module.s3",
      "mode": "managed",
      "type": "aws_s3_bucket_public_access_block",
      "name": "this",
      "provider": "provider[\"registry.terraform.io/hashicorp/aws\"]",
      "instances": [
        {
          "schema_version": 0,
          "attributes": {
            "block_public_acls": true,
            "block_public_policy": false,
            "bucket": "s3-yurii-lazenko-bucket",
            "id": "s3-yurii-lazenko-bucket",
            "ignore_public_acls": true,
            "restrict_public_buckets": false
          },
          "sensitive_attributes": [],
          "private": "bnVsbA==",
          "dependencies": [
            "module.s3.aws_s3_bucket.this"
          ]
        }
      ]
    },
    {
      "module": "module.s3",
      "mode": "managed",
      "type": "aws_s3_bucket_website_configuration",
      "name": "this",
      "provider": "provider[\"registry.terraform.io/hashicorp/aws\"]",
      "instances": [
        {
          "schema_version": 0,
          "attributes": {
            "bucket": "s3-yurii-lazenko-bucket",
            "error_document": [
              {
                "key": "index.html"
              }
            ],
            "expected_bucket_owner": "",
            "id": "s3-yurii-lazenko-bucket",
            "index_document": [
              {
                "suffix": "index.html"
              }
            ],
            "redirect_all_requests_to": [],
            "routing_rule": [],
            "routing_rules": "",
            "website_domain": "s3-website.eu-central-1.amazonaws.com",
            "website_endpoint": "s3-yurii-lazenko-bucket.s3-website.eu-central-1.amazonaws.com"
          },
          "sensitive_attributes": [],
          "private": "bnVsbA==",
          "dependencies": [
            "module.s3.aws_s3_bucket.this"
          ]
        }
      ]
    },
    {
      "module": "module.sns",
      "mode": "managed",
      "type": "aws_cloudwatch_log_metric_filter",
      "name": "delete_course",
      "provider": "provider[\"registry.terraform.io/hashicorp/aws\"]",
      "instances": [
        {
          "schema_version": 0,
          "attributes": {
            "id": "delete-course-metric-filter",
            "log_group_name": "/aws/lambda/delete-course",
            "metric_transformation": [
              {
                "default_value": "",
                "dimensions": null,
                "name": "EventCount",
                "namespace": "delete-course-metric-namespace",
                "unit": "None",
                "value": "1"
              }
            ],
            "name": "delete-course-metric-filter",
            "pattern": "ERROR"
          },
          "sensitive_attributes": [],
          "private": "bnVsbA=="
        }
      ]
    },
    {
      "module": "module.sns",
      "mode": "managed",
      "type": "aws_cloudwatch_log_metric_filter",
      "name": "get_all_authors",
      "provider": "provider[\"registry.terraform.io/hashicorp/aws\"]",
      "instances": [
        {
          "schema_version": 0,
          "attributes": {
            "id": "get-all-authors-metric-filter",
            "log_group_name": "/aws/lambda/get-all-authors",
            "metric_transformation": [
              {
                "default_value": "",
                "dimensions": null,
                "name": "EventCount",
                "namespace": "get-all-authors-metric-namespace",
                "unit": "None",
                "value": "1"
              }
            ],
            "name": "get-all-authors-metric-filter",
            "pattern": "ERROR"
          },
          "sensitive_attributes": [],
          "private": "bnVsbA=="
        }
      ]
    },
    {
      "module": "module.sns",
      "mode": "managed",
      "type": "aws_cloudwatch_log_metric_filter",
      "name": "get_all_courses",
      "provider": "provider[\"registry.terraform.io/hashicorp/aws\"]",
      "instances": [
        {
          "schema_version": 0,
          "attributes": {
            "id": "get-all-courses-metric-filter",
            "log_group_name": "/aws/lambda/get-all-courses",
            "metric_transformation": [
              {
                "default_value": "",
                "dimensions": null,
                "name": "EventCount",
                "namespace": "get-all-courses-metric-namespace",
                "unit": "None",
                "value": "1"
              }
            ],
            "name": "get-all-courses-metric-filter",
            "pattern": "ERROR"
          },
          "sensitive_attributes": [],
          "private": "bnVsbA=="
        }
      ]
    },
    {
      "module": "module.sns",
      "mode": "managed",
      "type": "aws_cloudwatch_log_metric_filter",
      "name": "get_course",
      "provider": "provider[\"registry.terraform.io/hashicorp/aws\"]",
      "instances": [
        {
          "schema_version": 0,
          "attributes": {
            "id": "get-course-metric-filter",
            "log_group_name": "/aws/lambda/get-course",
            "metric_transformation": [
              {
                "default_value": "",
                "dimensions": null,
                "name": "EventCount",
                "namespace": "get-course-metric-namespace",
                "unit": "None",
                "value": "1"
              }
            ],
            "name": "get-course-metric-filter",
            "pattern": "ERROR"
          },
          "sensitive_attributes": [],
          "private": "bnVsbA=="
        }
      ]
    },
    {
      "module": "module.sns",
      "mode": "managed",
      "type": "aws_cloudwatch_log_metric_filter",
      "name": "save_course",
      "provider": "provider[\"registry.terraform.io/hashicorp/aws\"]",
      "instances": [
        {
          "schema_version": 0,
          "attributes": {
            "id": "save-course-metric-filter",
            "log_group_name": "/aws/lambda/save-course",
            "metric_transformation": [
              {
                "default_value": "",
                "dimensions": null,
                "name": "EventCount",
                "namespace": "save-course-metric-namespace",
                "unit": "None",
                "value": "1"
              }
            ],
            "name": "save-course-metric-filter",
            "pattern": "ERROR"
          },
          "sensitive_attributes": [],
          "private": "bnVsbA=="
        }
      ]
    },
    {
      "module": "module.sns",
      "mode": "managed",
      "type": "aws_cloudwatch_log_metric_filter",
      "name": "update_course",
      "provider": "provider[\"registry.terraform.io/hashicorp/aws\"]",
      "instances": [
        {
          "schema_version": 0,
          "attributes": {
            "id": "update-course-metric-filter",
            "log_group_name": "/aws/lambda/update-course",
            "metric_transformation": [
              {
                "default_value": "",
                "dimensions": null,
                "name": "EventCount",
                "namespace": "update-course-metric-namespace",
                "unit": "None",
                "value": "1"
              }
            ],
            "name": "update-course-metric-filter",
            "pattern": "ERROR"
          },
          "sensitive_attributes": [],
          "private": "bnVsbA=="
        }
      ]
    },
    {
      "module": "module.sns",
      "mode": "managed",
      "type": "aws_cloudwatch_metric_alarm",
      "name": "delete_course-alarm",
      "provider": "provider[\"registry.terraform.io/hashicorp/aws\"]",
      "instances": [
        {
          "schema_version": 1,
          "attributes": {
            "actions_enabled": true,
            "alarm_actions": [
              "arn:aws:sns:eu-central-1:637423285372:my-topic"
            ],
            "alarm_description": "",
            "alarm_name": "delete-course-alarm",
            "arn": "arn:aws:cloudwatch:eu-central-1:637423285372:alarm:delete-course-alarm",
            "comparison_operator": "GreaterThanOrEqualToThreshold",
            "datapoints_to_alarm": 0,
            "dimensions": null,
            "evaluate_low_sample_count_percentiles": "",
            "evaluation_periods": 2,
            "extended_statistic": "",
            "id": "delete-course-alarm",
            "insufficient_data_actions": null,
            "metric_name": "EventCount",
            "metric_query": [],
            "namespace": "delete-course-metric-namespace",
            "ok_actions": null,
            "period": 60,
            "statistic": "Sum",
            "tags": null,
            "tags_all": {},
            "threshold": 1,
            "threshold_metric_id": "",
            "treat_missing_data": "missing",
            "unit": ""
          },
          "sensitive_attributes": [],
          "private": "eyJzY2hlbWFfdmVyc2lvbiI6IjEifQ==",
          "dependencies": [
            "module.sns.aws_cloudwatch_log_metric_filter.delete_course",
            "module.sns.aws_sns_topic.this"
          ]
        }
      ]
    },
    {
      "module": "module.sns",
      "mode": "managed",
      "type": "aws_cloudwatch_metric_alarm",
      "name": "get_all_authors-alarm",
      "provider": "provider[\"registry.terraform.io/hashicorp/aws\"]",
      "instances": [
        {
          "schema_version": 1,
          "attributes": {
            "actions_enabled": true,
            "alarm_actions": [
              "arn:aws:sns:eu-central-1:637423285372:my-topic"
            ],
            "alarm_description": "",
            "alarm_name": "get-all-authors-alarm",
            "arn": "arn:aws:cloudwatch:eu-central-1:637423285372:alarm:get-all-authors-alarm",
            "comparison_operator": "GreaterThanOrEqualToThreshold",
            "datapoints_to_alarm": 0,
            "dimensions": null,
            "evaluate_low_sample_count_percentiles": "",
            "evaluation_periods": 2,
            "extended_statistic": "",
            "id": "get-all-authors-alarm",
            "insufficient_data_actions": null,
            "metric_name": "EventCount",
            "metric_query": [],
            "namespace": "get-all-authors-metric-namespace",
            "ok_actions": null,
            "period": 60,
            "statistic": "Sum",
            "tags": null,
            "tags_all": {},
            "threshold": 1,
            "threshold_metric_id": "",
            "treat_missing_data": "missing",
            "unit": ""
          },
          "sensitive_attributes": [],
          "private": "eyJzY2hlbWFfdmVyc2lvbiI6IjEifQ==",
          "dependencies": [
            "module.sns.aws_cloudwatch_log_metric_filter.get_all_authors",
            "module.sns.aws_sns_topic.this"
          ]
        }
      ]
    },
    {
      "module": "module.sns",
      "mode": "managed",
      "type": "aws_cloudwatch_metric_alarm",
      "name": "get_all_courses-alarm",
      "provider": "provider[\"registry.terraform.io/hashicorp/aws\"]",
      "instances": [
        {
          "schema_version": 1,
          "attributes": {
            "actions_enabled": true,
            "alarm_actions": [
              "arn:aws:sns:eu-central-1:637423285372:my-topic"
            ],
            "alarm_description": "",
            "alarm_name": "get-all-courses-alarm",
            "arn": "arn:aws:cloudwatch:eu-central-1:637423285372:alarm:get-all-courses-alarm",
            "comparison_operator": "GreaterThanOrEqualToThreshold",
            "datapoints_to_alarm": 0,
            "dimensions": null,
            "evaluate_low_sample_count_percentiles": "",
            "evaluation_periods": 2,
            "extended_statistic": "",
            "id": "get-all-courses-alarm",
            "insufficient_data_actions": null,
            "metric_name": "EventCount",
            "metric_query": [],
            "namespace": "get-all-courses-metric-namespace",
            "ok_actions": null,
            "period": 60,
            "statistic": "Sum",
            "tags": null,
            "tags_all": {},
            "threshold": 1,
            "threshold_metric_id": "",
            "treat_missing_data": "missing",
            "unit": ""
          },
          "sensitive_attributes": [],
          "private": "eyJzY2hlbWFfdmVyc2lvbiI6IjEifQ==",
          "dependencies": [
            "module.sns.aws_cloudwatch_log_metric_filter.get_all_courses",
            "module.sns.aws_sns_topic.this"
          ]
        }
      ]
    },
    {
      "module": "module.sns",
      "mode": "managed",
      "type": "aws_cloudwatch_metric_alarm",
      "name": "get_course-alarm",
      "provider": "provider[\"registry.terraform.io/hashicorp/aws\"]",
      "instances": [
        {
          "schema_version": 1,
          "attributes": {
            "actions_enabled": true,
            "alarm_actions": [
              "arn:aws:sns:eu-central-1:637423285372:my-topic"
            ],
            "alarm_description": "",
            "alarm_name": "get-course-alarm",
            "arn": "arn:aws:cloudwatch:eu-central-1:637423285372:alarm:get-course-alarm",
            "comparison_operator": "GreaterThanOrEqualToThreshold",
            "datapoints_to_alarm": 0,
            "dimensions": null,
            "evaluate_low_sample_count_percentiles": "",
            "evaluation_periods": 2,
            "extended_statistic": "",
            "id": "get-course-alarm",
            "insufficient_data_actions": null,
            "metric_name": "EventCount",
            "metric_query": [],
            "namespace": "get-course-metric-namespace",
            "ok_actions": null,
            "period": 60,
            "statistic": "Sum",
            "tags": null,
            "tags_all": {},
            "threshold": 1,
            "threshold_metric_id": "",
            "treat_missing_data": "missing",
            "unit": ""
          },
          "sensitive_attributes": [],
          "private": "eyJzY2hlbWFfdmVyc2lvbiI6IjEifQ==",
          "dependencies": [
            "module.sns.aws_cloudwatch_log_metric_filter.get_course",
            "module.sns.aws_sns_topic.this"
          ]
        }
      ]
    },
    {
      "module": "module.sns",
      "mode": "managed",
      "type": "aws_cloudwatch_metric_alarm",
      "name": "save_course-alarm",
      "provider": "provider[\"registry.terraform.io/hashicorp/aws\"]",
      "instances": [
        {
          "schema_version": 1,
          "attributes": {
            "actions_enabled": true,
            "alarm_actions": [
              "arn:aws:sns:eu-central-1:637423285372:my-topic"
            ],
            "alarm_description": "",
            "alarm_name": "save-course-alarm",
            "arn": "arn:aws:cloudwatch:eu-central-1:637423285372:alarm:save-course-alarm",
            "comparison_operator": "GreaterThanOrEqualToThreshold",
            "datapoints_to_alarm": 0,
            "dimensions": null,
            "evaluate_low_sample_count_percentiles": "",
            "evaluation_periods": 2,
            "extended_statistic": "",
            "id": "save-course-alarm",
            "insufficient_data_actions": null,
            "metric_name": "EventCount",
            "metric_query": [],
            "namespace": "save-course-metric-namespace",
            "ok_actions": null,
            "period": 60,
            "statistic": "Sum",
            "tags": null,
            "tags_all": {},
            "threshold": 1,
            "threshold_metric_id": "",
            "treat_missing_data": "missing",
            "unit": ""
          },
          "sensitive_attributes": [],
          "private": "eyJzY2hlbWFfdmVyc2lvbiI6IjEifQ==",
          "dependencies": [
            "module.sns.aws_cloudwatch_log_metric_filter.save_course",
            "module.sns.aws_sns_topic.this"
          ]
        }
      ]
    },
    {
      "module": "module.sns",
      "mode": "managed",
      "type": "aws_cloudwatch_metric_alarm",
      "name": "update_course-alarm",
      "provider": "provider[\"registry.terraform.io/hashicorp/aws\"]",
      "instances": [
        {
          "schema_version": 1,
          "attributes": {
            "actions_enabled": true,
            "alarm_actions": [
              "arn:aws:sns:eu-central-1:637423285372:my-topic"
            ],
            "alarm_description": "",
            "alarm_name": "update-course-alarm",
            "arn": "arn:aws:cloudwatch:eu-central-1:637423285372:alarm:update-course-alarm",
            "comparison_operator": "GreaterThanOrEqualToThreshold",
            "datapoints_to_alarm": 0,
            "dimensions": null,
            "evaluate_low_sample_count_percentiles": "",
            "evaluation_periods": 2,
            "extended_statistic": "",
            "id": "update-course-alarm",
            "insufficient_data_actions": null,
            "metric_name": "EventCount",
            "metric_query": [],
            "namespace": "update-course-metric-namespace",
            "ok_actions": null,
            "period": 60,
            "statistic": "Sum",
            "tags": null,
            "tags_all": {},
            "threshold": 1,
            "threshold_metric_id": "",
            "treat_missing_data": "missing",
            "unit": ""
          },
          "sensitive_attributes": [],
          "private": "eyJzY2hlbWFfdmVyc2lvbiI6IjEifQ==",
          "dependencies": [
            "module.sns.aws_cloudwatch_log_metric_filter.update_course",
            "module.sns.aws_sns_topic.this"
          ]
        }
      ]
    },
    {
      "module": "module.sns",
      "mode": "managed",
      "type": "aws_sns_topic",
      "name": "billing",
      "provider": "provider[\"registry.terraform.io/hashicorp/aws\"]",
      "instances": [
        {
          "schema_version": 0,
          "attributes": {
            "application_failure_feedback_role_arn": "",
            "application_success_feedback_role_arn": "",
            "application_success_feedback_sample_rate": 0,
            "archive_policy": "",
            "arn": "arn:aws:sns:eu-central-1:637423285372:billing-alarm-notification-usd-dev",
            "beginning_archive_time": "",
            "content_based_deduplication": false,
            "delivery_policy": "{\"http\":{\"defaultHealthyRetryPolicy\":{\"minDelayTarget\":20,\"maxDelayTarget\":20,\"numRetries\":3,\"numMaxDelayRetries\":0,\"numNoDelayRetries\":0,\"numMinDelayRetries\":0,\"backoffFunction\":\"linear\"},\"disableSubscriptionOverrides\":false,\"defaultThrottlePolicy\":{\"maxReceivesPerSecond\":1}}}",
            "display_name": "",
            "fifo_topic": false,
            "firehose_failure_feedback_role_arn": "",
            "firehose_success_feedback_role_arn": "",
            "firehose_success_feedback_sample_rate": 0,
            "http_failure_feedback_role_arn": "",
            "http_success_feedback_role_arn": "",
            "http_success_feedback_sample_rate": 0,
            "id": "arn:aws:sns:eu-central-1:637423285372:billing-alarm-notification-usd-dev",
            "kms_master_key_id": "",
            "lambda_failure_feedback_role_arn": "",
            "lambda_success_feedback_role_arn": "",
            "lambda_success_feedback_sample_rate": 0,
            "name": "billing-alarm-notification-usd-dev",
            "name_prefix": "",
            "owner": "637423285372",
            "policy": "{\"Id\":\"__default_policy_ID\",\"Statement\":[{\"Action\":[\"SNS:GetTopicAttributes\",\"SNS:SetTopicAttributes\",\"SNS:AddPermission\",\"SNS:RemovePermission\",\"SNS:DeleteTopic\",\"SNS:Subscribe\",\"SNS:ListSubscriptionsByTopic\",\"SNS:Publish\"],\"Condition\":{\"StringEquals\":{\"AWS:SourceOwner\":\"637423285372\"}},\"Effect\":\"Allow\",\"Principal\":{\"AWS\":\"*\"},\"Resource\":\"arn:aws:sns:eu-central-1:637423285372:billing-alarm-notification-usd-dev\",\"Sid\":\"__default_statement_ID\"}],\"Version\":\"2008-10-17\"}",
            "signature_version": 0,
            "sqs_failure_feedback_role_arn": "",
            "sqs_success_feedback_role_arn": "",
            "sqs_success_feedback_sample_rate": 0,
            "tags": null,
            "tags_all": {},
            "tracing_config": ""
          },
          "sensitive_attributes": [],
          "private": "bnVsbA=="
        }
      ]
    },
    {
      "module": "module.sns",
      "mode": "managed",
      "type": "aws_sns_topic",
      "name": "this",
      "provider": "provider[\"registry.terraform.io/hashicorp/aws\"]",
      "instances": [
        {
          "schema_version": 0,
          "attributes": {
            "application_failure_feedback_role_arn": "",
            "application_success_feedback_role_arn": "",
            "application_success_feedback_sample_rate": 0,
            "archive_policy": "",
            "arn": "arn:aws:sns:eu-central-1:637423285372:my-topic",
            "beginning_archive_time": "",
            "content_based_deduplication": false,
            "delivery_policy": "{\"http\":{\"defaultHealthyRetryPolicy\":{\"minDelayTarget\":20,\"maxDelayTarget\":20,\"numRetries\":3,\"numMaxDelayRetries\":0,\"numNoDelayRetries\":0,\"numMinDelayRetries\":0,\"backoffFunction\":\"linear\"},\"disableSubscriptionOverrides\":false,\"defaultThrottlePolicy\":{\"maxReceivesPerSecond\":1}}}",
            "display_name": "",
            "fifo_topic": false,
            "firehose_failure_feedback_role_arn": "",
            "firehose_success_feedback_role_arn": "",
            "firehose_success_feedback_sample_rate": 0,
            "http_failure_feedback_role_arn": "",
            "http_success_feedback_role_arn": "",
            "http_success_feedback_sample_rate": 0,
            "id": "arn:aws:sns:eu-central-1:637423285372:my-topic",
            "kms_master_key_id": "",
            "lambda_failure_feedback_role_arn": "",
            "lambda_success_feedback_role_arn": "",
            "lambda_success_feedback_sample_rate": 0,
            "name": "my-topic",
            "name_prefix": "",
            "owner": "637423285372",
            "policy": "{\"Id\":\"__default_policy_ID\",\"Statement\":[{\"Action\":[\"SNS:GetTopicAttributes\",\"SNS:SetTopicAttributes\",\"SNS:AddPermission\",\"SNS:RemovePermission\",\"SNS:DeleteTopic\",\"SNS:Subscribe\",\"SNS:ListSubscriptionsByTopic\",\"SNS:Publish\"],\"Condition\":{\"StringEquals\":{\"AWS:SourceOwner\":\"637423285372\"}},\"Effect\":\"Allow\",\"Principal\":{\"AWS\":\"*\"},\"Resource\":\"arn:aws:sns:eu-central-1:637423285372:my-topic\",\"Sid\":\"__default_statement_ID\"}],\"Version\":\"2008-10-17\"}",
            "signature_version": 0,
            "sqs_failure_feedback_role_arn": "",
            "sqs_success_feedback_role_arn": "",
            "sqs_success_feedback_sample_rate": 0,
            "tags": null,
            "tags_all": {},
            "tracing_config": ""
          },
          "sensitive_attributes": [],
          "private": "bnVsbA=="
        }
      ]
    },
    {
      "module": "module.sns",
      "mode": "managed",
      "type": "aws_sns_topic_subscription",
      "name": "topic_billing_email_subscription",
      "provider": "provider[\"registry.terraform.io/hashicorp/aws\"]",
      "instances": [
        {
          "schema_version": 0,
          "attributes": {
            "arn": "arn:aws:sns:eu-central-1:637423285372:billing-alarm-notification-usd-dev:59fd6138-55d7-4e57-8934-de4f1b227dd8",
            "confirmation_timeout_in_minutes": 1,
            "confirmation_was_authenticated": false,
            "delivery_policy": "",
            "endpoint": "yurii.lazenko.ri.2022@lpnu.ua",
            "endpoint_auto_confirms": false,
            "filter_policy": "",
            "filter_policy_scope": "",
            "id": "arn:aws:sns:eu-central-1:637423285372:billing-alarm-notification-usd-dev:59fd6138-55d7-4e57-8934-de4f1b227dd8",
            "owner_id": "637423285372",
            "pending_confirmation": true,
            "protocol": "email",
            "raw_message_delivery": false,
            "redrive_policy": "",
            "replay_policy": "",
            "subscription_role_arn": "",
            "topic_arn": "arn:aws:sns:eu-central-1:637423285372:billing-alarm-notification-usd-dev"
          },
          "sensitive_attributes": [],
          "private": "bnVsbA==",
          "dependencies": [
            "module.sns.aws_sns_topic.billing"
          ]
        }
      ]
    },
    {
      "module": "module.sns",
      "mode": "managed",
      "type": "aws_sns_topic_subscription",
      "name": "topic_email_subscription",
      "provider": "provider[\"registry.terraform.io/hashicorp/aws\"]",
      "instances": [
        {
          "schema_version": 0,
          "attributes": {
            "arn": "arn:aws:sns:eu-central-1:637423285372:my-topic:f6ff2477-9bc3-486f-b8c3-6b07e14c06fa",
            "confirmation_timeout_in_minutes": 1,
            "confirmation_was_authenticated": false,
            "delivery_policy": "",
            "endpoint": "yurii.lazenko.ri.2022@lpnu.ua",
            "endpoint_auto_confirms": false,
            "filter_policy": "",
            "filter_policy_scope": "",
            "id": "arn:aws:sns:eu-central-1:637423285372:my-topic:f6ff2477-9bc3-486f-b8c3-6b07e14c06fa",
            "owner_id": "637423285372",
            "pending_confirmation": true,
            "protocol": "email",
            "raw_message_delivery": false,
            "redrive_policy": "",
            "replay_policy": "",
            "subscription_role_arn": "",
            "topic_arn": "arn:aws:sns:eu-central-1:637423285372:my-topic"
          },
          "sensitive_attributes": [],
          "private": "bnVsbA==",
          "dependencies": [
            "module.sns.aws_sns_topic.this"
          ]
        }
      ]
    },
    {
      "module": "module.sns",
      "mode": "managed",
      "type": "aws_sns_topic_subscription",
      "name": "topic_slack_subscription",
      "provider": "provider[\"registry.terraform.io/hashicorp/aws\"]",
      "instances": [
        {
          "schema_version": 0,
          "attributes": {
            "arn": "arn:aws:sns:eu-central-1:637423285372:my-topic:c1fb49ca-44c4-40f8-99f7-63bdec9da507",
            "confirmation_timeout_in_minutes": 1,
            "confirmation_was_authenticated": true,
            "delivery_policy": "",
            "endpoint": "arn:aws:lambda:eu-central-1:637423285372:function:sns-notify",
            "endpoint_auto_confirms": false,
            "filter_policy": "",
            "filter_policy_scope": "",
            "id": "arn:aws:sns:eu-central-1:637423285372:my-topic:c1fb49ca-44c4-40f8-99f7-63bdec9da507",
            "owner_id": "637423285372",
            "pending_confirmation": false,
            "protocol": "lambda",
            "raw_message_delivery": false,
            "redrive_policy": "",
            "replay_policy": "",
            "subscription_role_arn": "",
            "topic_arn": "arn:aws:sns:eu-central-1:637423285372:my-topic"
          },
          "sensitive_attributes": [],
          "private": "bnVsbA==",
          "dependencies": [
            "module.iam.aws_iam_role.sns_lambda_role",
            "module.lambda.aws_lambda_function.sns",
            "module.lambda.data.archive_file.sns",
            "module.sns.aws_sns_topic.this"
          ]
        }
      ]
    },
    {
      "module": "module.sns.module.billing_alert",
      "mode": "managed",
      "type": "aws_cloudwatch_metric_alarm",
      "name": "billing",
      "provider": "provider[\"registry.terraform.io/hashicorp/aws\"]",
      "instances": [
        {
          "schema_version": 1,
          "attributes": {
            "actions_enabled": true,
            "alarm_actions": [
              "arn:aws:sns:eu-central-1:637423285372:billing-alarm-notification-usd-dev"
            ],
            "alarm_description": "",
            "alarm_name": "billing-alarm-usd-dev",
            "arn": "arn:aws:cloudwatch:eu-central-1:637423285372:alarm:billing-alarm-usd-dev",
            "comparison_operator": "GreaterThanOrEqualToThreshold",
            "datapoints_to_alarm": 0,
            "dimensions": {
              "Currency": "USD"
            },
            "evaluate_low_sample_count_percentiles": "",
            "evaluation_periods": 1,
            "extended_statistic": "",
            "id": "billing-alarm-usd-dev",
            "insufficient_data_actions": null,
            "metric_name": "EstimatedCharges",
            "metric_query": [],
            "namespace": "AWS/Billing",
            "ok_actions": null,
            "period": 28800,
            "statistic": "Maximum",
            "tags": null,
            "tags_all": {},
            "threshold": 1,
            "threshold_metric_id": "",
            "treat_missing_data": "missing",
            "unit": ""
          },
          "sensitive_attributes": [],
          "private": "eyJzY2hlbWFfdmVyc2lvbiI6IjEifQ==",
          "dependencies": [
            "module.sns.module.billing_alert.aws_sns_topic.sns_alert_topic"
          ]
        }
      ]
    },
    {
      "module": "module.sns.module.billing_alert",
      "mode": "managed",
      "type": "aws_sns_topic",
      "name": "sns_alert_topic",
      "provider": "provider[\"registry.terraform.io/hashicorp/aws\"]",
      "instances": [
        {
          "schema_version": 0,
          "attributes": {
            "application_failure_feedback_role_arn": "",
            "application_success_feedback_role_arn": "",
            "application_success_feedback_sample_rate": 0,
            "archive_policy": "",
            "arn": "arn:aws:sns:eu-central-1:637423285372:billing-alarm-notification-usd-dev",
            "beginning_archive_time": "",
            "content_based_deduplication": false,
            "delivery_policy": "{\"http\":{\"defaultHealthyRetryPolicy\":{\"minDelayTarget\":20,\"maxDelayTarget\":20,\"numRetries\":3,\"numMaxDelayRetries\":0,\"numNoDelayRetries\":0,\"numMinDelayRetries\":0,\"backoffFunction\":\"linear\"},\"disableSubscriptionOverrides\":false,\"defaultThrottlePolicy\":{\"maxReceivesPerSecond\":1}}}",
            "display_name": "",
            "fifo_topic": false,
            "firehose_failure_feedback_role_arn": "",
            "firehose_success_feedback_role_arn": "",
            "firehose_success_feedback_sample_rate": 0,
            "http_failure_feedback_role_arn": "",
            "http_success_feedback_role_arn": "",
            "http_success_feedback_sample_rate": 0,
            "id": "arn:aws:sns:eu-central-1:637423285372:billing-alarm-notification-usd-dev",
            "kms_master_key_id": "",
            "lambda_failure_feedback_role_arn": "",
            "lambda_success_feedback_role_arn": "",
            "lambda_success_feedback_sample_rate": 0,
            "name": "billing-alarm-notification-usd-dev",
            "name_prefix": "",
            "owner": "637423285372",
            "policy": "{\"Id\":\"__default_policy_ID\",\"Statement\":[{\"Action\":[\"SNS:GetTopicAttributes\",\"SNS:SetTopicAttributes\",\"SNS:AddPermission\",\"SNS:RemovePermission\",\"SNS:DeleteTopic\",\"SNS:Subscribe\",\"SNS:ListSubscriptionsByTopic\",\"SNS:Publish\"],\"Condition\":{\"StringEquals\":{\"AWS:SourceOwner\":\"637423285372\"}},\"Effect\":\"Allow\",\"Principal\":{\"AWS\":\"*\"},\"Resource\":\"arn:aws:sns:eu-central-1:637423285372:billing-alarm-notification-usd-dev\",\"Sid\":\"__default_statement_ID\"}],\"Version\":\"2008-10-17\"}",
            "signature_version": 0,
            "sqs_failure_feedback_role_arn": "",
            "sqs_success_feedback_role_arn": "",
            "sqs_success_feedback_sample_rate": 0,
            "tags": null,
            "tags_all": {},
            "tracing_config": ""
          },
          "sensitive_attributes": [],
          "private": "bnVsbA=="
        }
      ]
    },
    {
      "module": "module.table_authors",
      "mode": "managed",
      "type": "aws_dynamodb_table",
      "name": "this",
      "provider": "provider[\"registry.terraform.io/hashicorp/aws\"]",
      "instances": [
        {
          "schema_version": 1,
          "attributes": {
            "arn": "arn:aws:dynamodb:eu-central-1:637423285372:table/authors",
            "attribute": [
              {
                "name": "id",
                "type": "S"
              }
            ],
            "billing_mode": "PAY_PER_REQUEST",
            "deletion_protection_enabled": false,
            "global_secondary_index": [],
            "hash_key": "id",
            "id": "authors",
            "import_table": [],
            "local_secondary_index": [],
            "name": "authors",
            "point_in_time_recovery": [
              {
                "enabled": false
              }
            ],
            "range_key": null,
            "read_capacity": 0,
            "replica": [],
            "restore_date_time": null,
            "restore_source_name": null,
            "restore_to_latest_time": null,
            "server_side_encryption": [],
            "stream_arn": "",
            "stream_enabled": false,
            "stream_label": "",
            "stream_view_type": "",
            "table_class": "STANDARD",
            "tags": null,
            "tags_all": {},
            "timeouts": null,
            "ttl": [
              {
                "attribute_name": "",
                "enabled": false
              }
            ],
            "write_capacity": 0
          },
          "sensitive_attributes": [],
          "private": "eyJlMmJmYjczMC1lY2FhLTExZTYtOGY4OC0zNDM2M2JjN2M0YzAiOnsiY3JlYXRlIjoxODAwMDAwMDAwMDAwLCJkZWxldGUiOjYwMDAwMDAwMDAwMCwidXBkYXRlIjozNjAwMDAwMDAwMDAwfSwic2NoZW1hX3ZlcnNpb24iOiIxIn0="
        }
      ]
    },
    {
      "module": "module.table_courses",
      "mode": "managed",
      "type": "aws_dynamodb_table",
      "name": "this",
      "provider": "provider[\"registry.terraform.io/hashicorp/aws\"]",
      "instances": [
        {
          "schema_version": 1,
          "attributes": {
            "arn": "arn:aws:dynamodb:eu-central-1:637423285372:table/courses",
            "attribute": [
              {
                "name": "id",
                "type": "S"
              }
            ],
            "billing_mode": "PAY_PER_REQUEST",
            "deletion_protection_enabled": false,
            "global_secondary_index": [],
            "hash_key": "id",
            "id": "courses",
            "import_table": [],
            "local_secondary_index": [],
            "name": "courses",
            "point_in_time_recovery": [
              {
                "enabled": false
              }
            ],
            "range_key": null,
            "read_capacity": 0,
            "replica": [],
            "restore_date_time": null,
            "restore_source_name": null,
            "restore_to_latest_time": null,
            "server_side_encryption": [],
            "stream_arn": "",
            "stream_enabled": false,
            "stream_label": "",
            "stream_view_type": "",
            "table_class": "STANDARD",
            "tags": null,
            "tags_all": {},
            "timeouts": null,
            "ttl": [
              {
                "attribute_name": "",
                "enabled": false
              }
            ],
            "write_capacity": 0
          },
          "sensitive_attributes": [],
          "private": "eyJlMmJmYjczMC1lY2FhLTExZTYtOGY4OC0zNDM2M2JjN2M0YzAiOnsiY3JlYXRlIjoxODAwMDAwMDAwMDAwLCJkZWxldGUiOjYwMDAwMDAwMDAwMCwidXBkYXRlIjozNjAwMDAwMDAwMDAwfSwic2NoZW1hX3ZlcnNpb24iOiIxIn0="
        }
      ]
    }
  ],
  "check_results": [
    {
      "object_kind": "var",
      "config_addr": "module.s3.var.label_value_case",
      "status": "unknown",
      "objects": [
        {
          "object_addr": "module.s3.var.label_value_case",
          "status": "unknown"
        }
      ]
    },
    {
      "object_kind": "var",
      "config_addr": "module.api.module.this.var.label_value_case",
      "status": "unknown",
      "objects": [
        {
          "object_addr": "module.api.module.this.var.label_value_case",
          "status": "unknown"
        }
      ]
    },
    {
      "object_kind": "var",
      "config_addr": "module.sns.module.labels.var.id_length_limit",
      "status": "unknown",
      "objects": [
        {
          "object_addr": "module.sns.module.labels.var.id_length_limit",
          "status": "unknown"
        }
      ]
    },
    {
      "object_kind": "var",
      "config_addr": "module.table_courses.var.label_value_case",
      "status": "unknown",
      "objects": [
        {
          "object_addr": "module.table_courses.var.label_value_case",
          "status": "unknown"
        }
      ]
    },
    {
      "object_kind": "var",
      "config_addr": "module.sns.module.this.var.context",
      "status": "unknown",
      "objects": [
        {
          "object_addr": "module.sns.module.this.var.context",
          "status": "unknown"
        }
      ]
    },
    {
      "object_kind": "var",
      "config_addr": "module.sns.module.labels.var.label_key_case",
      "status": "unknown",
      "objects": [
        {
          "object_addr": "module.sns.module.labels.var.label_key_case",
          "status": "unknown"
        }
      ]
    },
    {
      "object_kind": "var",
      "config_addr": "module.this.var.label_value_case",
      "status": "unknown",
      "objects": [
        {
          "object_addr": "module.this.var.label_value_case",
          "status": "unknown"
        }
      ]
    },
    {
      "object_kind": "var",
      "config_addr": "module.api.module.this.var.label_key_case",
      "status": "unknown",
      "objects": [
        {
          "object_addr": "module.api.module.this.var.label_key_case",
          "status": "unknown"
        }
      ]
    },
    {
      "object_kind": "var",
      "config_addr": "module.cloudfront.module.labels.var.id_length_limit",
      "status": "unknown",
      "objects": [
        {
          "object_addr": "module.cloudfront.module.labels.var.id_length_limit",
          "status": "unknown"
        }
      ]
    },
    {
      "object_kind": "var",
      "config_addr": "module.sns.var.label_key_case",
      "status": "unknown",
      "objects": [
        {
          "object_addr": "module.sns.var.label_key_case",
          "status": "unknown"
        }
      ]
    },
    {
      "object_kind": "var",
      "config_addr": "module.sns.var.id_length_limit",
      "status": "unknown",
      "objects": [
        {
          "object_addr": "module.sns.var.id_length_limit",
          "status": "unknown"
        }
      ]
    },
    {
      "object_kind": "var",
      "config_addr": "module.table_authors.module.this.var.id_length_limit",
      "status": "unknown",
      "objects": [
        {
          "object_addr": "module.table_authors.module.this.var.id_length_limit",
          "status": "unknown"
        }
      ]
    },
    {
      "object_kind": "var",
      "config_addr": "module.cloudfront.module.this.var.label_value_case",
      "status": "unknown",
      "objects": [
        {
          "object_addr": "module.cloudfront.module.this.var.label_value_case",
          "status": "unknown"
        }
      ]
    },
    {
      "object_kind": "var",
      "config_addr": "module.iam.var.label_value_case",
      "status": "unknown",
      "objects": [
        {
          "object_addr": "module.iam.var.label_value_case",
          "status": "unknown"
        }
      ]
    },
    {
      "object_kind": "var",
      "config_addr": "module.table_authors.module.this.var.label_value_case",
      "status": "unknown",
      "objects": [
        {
          "object_addr": "module.table_authors.module.this.var.label_value_case",
          "status": "unknown"
        }
      ]
    },
    {
      "object_kind": "var",
      "config_addr": "module.cloudfront.var.label_key_case",
      "status": "unknown",
      "objects": [
        {
          "object_addr": "module.cloudfront.var.label_key_case",
          "status": "unknown"
        }
      ]
    },
    {
      "object_kind": "var",
      "config_addr": "module.cloudfront.var.label_value_case",
      "status": "unknown",
      "objects": [
        {
          "object_addr": "module.cloudfront.var.label_value_case",
          "status": "unknown"
        }
      ]
    },
    {
      "object_kind": "var",
      "config_addr": "var.label_key_case",
      "status": "pass",
      "objects": [
        {
          "object_addr": "var.label_key_case",
          "status": "pass"
        }
      ]
    },
    {
      "object_kind": "var",
      "config_addr": "module.table_authors.module.this.var.context",
      "status": "unknown",
      "objects": [
        {
          "object_addr": "module.table_authors.module.this.var.context",
          "status": "unknown"
        }
      ]
    },
    {
      "object_kind": "var",
      "config_addr": "module.api.module.this.var.id_length_limit",
      "status": "unknown",
      "objects": [
        {
          "object_addr": "module.api.module.this.var.id_length_limit",
          "status": "unknown"
        }
      ]
    },
    {
      "object_kind": "var",
      "config_addr": "module.s3.module.this.var.label_key_case",
      "status": "unknown",
      "objects": [
        {
          "object_addr": "module.s3.module.this.var.label_key_case",
          "status": "unknown"
        }
      ]
    },
    {
      "object_kind": "var",
      "config_addr": "module.iam.module.this.var.label_value_case",
      "status": "unknown",
      "objects": [
        {
          "object_addr": "module.iam.module.this.var.label_value_case",
          "status": "unknown"
        }
      ]
    },
    {
      "object_kind": "var",
      "config_addr": "var.label_value_case",
      "status": "pass",
      "objects": [
        {
          "object_addr": "var.label_value_case",
          "status": "pass"
        }
      ]
    },
    {
      "object_kind": "var",
      "config_addr": "module.s3.var.id_length_limit",
      "status": "unknown",
      "objects": [
        {
          "object_addr": "module.s3.var.id_length_limit",
          "status": "unknown"
        }
      ]
    },
    {
      "object_kind": "var",
      "config_addr": "module.s3.var.label_key_case",
      "status": "unknown",
      "objects": [
        {
          "object_addr": "module.s3.var.label_key_case",
          "status": "unknown"
        }
      ]
    },
    {
      "object_kind": "var",
      "config_addr": "module.sns.var.context",
      "status": "unknown",
      "objects": [
        {
          "object_addr": "module.sns.var.context",
          "status": "unknown"
        }
      ]
    },
    {
      "object_kind": "var",
      "config_addr": "module.this.var.id_length_limit",
      "status": "unknown",
      "objects": [
        {
          "object_addr": "module.this.var.id_length_limit",
          "status": "unknown"
        }
      ]
    },
    {
      "object_kind": "var",
      "config_addr": "module.sns.module.labels.var.label_value_case",
      "status": "unknown",
      "objects": [
        {
          "object_addr": "module.sns.module.labels.var.label_value_case",
          "status": "unknown"
        }
      ]
    },
    {
      "object_kind": "var",
      "config_addr": "module.s3.module.this.var.context",
      "status": "unknown",
      "objects": [
        {
          "object_addr": "module.s3.module.this.var.context",
          "status": "unknown"
        }
      ]
    },
    {
      "object_kind": "var",
      "config_addr": "module.this.var.context",
      "status": "unknown",
      "objects": [
        {
          "object_addr": "module.this.var.context",
          "status": "unknown"
        }
      ]
    },
    {
      "object_kind": "var",
      "config_addr": "module.sns.module.this.var.label_key_case",
      "status": "unknown",
      "objects": [
        {
          "object_addr": "module.sns.module.this.var.label_key_case",
          "status": "unknown"
        }
      ]
    },
    {
      "object_kind": "var",
      "config_addr": "module.api.var.label_value_case",
      "status": "unknown",
      "objects": [
        {
          "object_addr": "module.api.var.label_value_case",
          "status": "unknown"
        }
      ]
    },
    {
      "object_kind": "var",
      "config_addr": "module.table_authors.var.label_value_case",
      "status": "unknown",
      "objects": [
        {
          "object_addr": "module.table_authors.var.label_value_case",
          "status": "unknown"
        }
      ]
    },
    {
      "object_kind": "var",
      "config_addr": "module.table_courses.module.this.var.id_length_limit",
      "status": "unknown",
      "objects": [
        {
          "object_addr": "module.table_courses.module.this.var.id_length_limit",
          "status": "unknown"
        }
      ]
    },
    {
      "object_kind": "var",
      "config_addr": "module.table_authors.var.context",
      "status": "unknown",
      "objects": [
        {
          "object_addr": "module.table_authors.var.context",
          "status": "unknown"
        }
      ]
    },
    {
      "object_kind": "var",
      "config_addr": "module.s3.module.labels.var.id_length_limit",
      "status": "pass",
      "objects": [
        {
          "object_addr": "module.s3.module.labels.var.id_length_limit",
          "status": "pass"
        }
      ]
    },
    {
      "object_kind": "var",
      "config_addr": "module.api.var.id_length_limit",
      "status": "unknown",
      "objects": [
        {
          "object_addr": "module.api.var.id_length_limit",
          "status": "unknown"
        }
      ]
    },
    {
      "object_kind": "var",
      "config_addr": "module.table_courses.module.this.var.context",
      "status": "unknown",
      "objects": [
        {
          "object_addr": "module.table_courses.module.this.var.context",
          "status": "unknown"
        }
      ]
    },
    {
      "object_kind": "var",
      "config_addr": "module.s3.var.context",
      "status": "unknown",
      "objects": [
        {
          "object_addr": "module.s3.var.context",
          "status": "unknown"
        }
      ]
    },
    {
      "object_kind": "var",
      "config_addr": "module.table_courses.var.id_length_limit",
      "status": "unknown",
      "objects": [
        {
          "object_addr": "module.table_courses.var.id_length_limit",
          "status": "unknown"
        }
      ]
    },
    {
      "object_kind": "var",
      "config_addr": "var.id_length_limit",
      "status": "pass",
      "objects": [
        {
          "object_addr": "var.id_length_limit",
          "status": "pass"
        }
      ]
    },
    {
      "object_kind": "var",
      "config_addr": "module.iam.var.id_length_limit",
      "status": "unknown",
      "objects": [
        {
          "object_addr": "module.iam.var.id_length_limit",
          "status": "unknown"
        }
      ]
    },
    {
      "object_kind": "var",
      "config_addr": "module.cloudfront.module.labels.var.label_value_case",
      "status": "unknown",
      "objects": [
        {
          "object_addr": "module.cloudfront.module.labels.var.label_value_case",
          "status": "unknown"
        }
      ]
    },
    {
      "object_kind": "var",
      "config_addr": "module.table_courses.var.label_key_case",
      "status": "unknown",
      "objects": [
        {
          "object_addr": "module.table_courses.var.label_key_case",
          "status": "unknown"
        }
      ]
    },
    {
      "object_kind": "var",
      "config_addr": "module.cloudfront.var.context",
      "status": "unknown",
      "objects": [
        {
          "object_addr": "module.cloudfront.var.context",
          "status": "unknown"
        }
      ]
    },
    {
      "object_kind": "var",
      "config_addr": "module.s3.module.this.var.label_value_case",
      "status": "unknown",
      "objects": [
        {
          "object_addr": "module.s3.module.this.var.label_value_case",
          "status": "unknown"
        }
      ]
    },
    {
      "object_kind": "var",
      "config_addr": "module.iam.var.label_key_case",
      "status": "unknown",
      "objects": [
        {
          "object_addr": "module.iam.var.label_key_case",
          "status": "unknown"
        }
      ]
    },
    {
      "object_kind": "var",
      "config_addr": "module.iam.var.context",
      "status": "unknown",
      "objects": [
        {
          "object_addr": "module.iam.var.context",
          "status": "unknown"
        }
      ]
    },
    {
      "object_kind": "var",
      "config_addr": "module.table_courses.var.context",
      "status": "unknown",
      "objects": [
        {
          "object_addr": "module.table_courses.var.context",
          "status": "unknown"
        }
      ]
    },
    {
      "object_kind": "var",
      "config_addr": "module.cloudfront.module.this.var.id_length_limit",
      "status": "unknown",
      "objects": [
        {
          "object_addr": "module.cloudfront.module.this.var.id_length_limit",
          "status": "unknown"
        }
      ]
    },
    {
      "object_kind": "var",
      "config_addr": "module.iam.module.this.var.id_length_limit",
      "status": "unknown",
      "objects": [
        {
          "object_addr": "module.iam.module.this.var.id_length_limit",
          "status": "unknown"
        }
      ]
    },
    {
      "object_kind": "var",
      "config_addr": "module.table_authors.var.label_key_case",
      "status": "unknown",
      "objects": [
        {
          "object_addr": "module.table_authors.var.label_key_case",
          "status": "unknown"
        }
      ]
    },
    {
      "object_kind": "var",
      "config_addr": "module.this.var.label_key_case",
      "status": "unknown",
      "objects": [
        {
          "object_addr": "module.this.var.label_key_case",
          "status": "unknown"
        }
      ]
    },
    {
      "object_kind": "var",
      "config_addr": "module.cloudfront.var.id_length_limit",
      "status": "unknown",
      "objects": [
        {
          "object_addr": "module.cloudfront.var.id_length_limit",
          "status": "unknown"
        }
      ]
    },
    {
      "object_kind": "var",
      "config_addr": "module.s3.module.labels.var.label_key_case",
      "status": "pass",
      "objects": [
        {
          "object_addr": "module.s3.module.labels.var.label_key_case",
          "status": "pass"
        }
      ]
    },
    {
      "object_kind": "var",
      "config_addr": "module.sns.module.this.var.label_value_case",
      "status": "unknown",
      "objects": [
        {
          "object_addr": "module.sns.module.this.var.label_value_case",
          "status": "unknown"
        }
      ]
    },
    {
      "object_kind": "var",
      "config_addr": "module.cloudfront.module.labels.var.label_key_case",
      "status": "unknown",
      "objects": [
        {
          "object_addr": "module.cloudfront.module.labels.var.label_key_case",
          "status": "unknown"
        }
      ]
    },
    {
      "object_kind": "var",
      "config_addr": "module.s3.module.this.var.id_length_limit",
      "status": "unknown",
      "objects": [
        {
          "object_addr": "module.s3.module.this.var.id_length_limit",
          "status": "unknown"
        }
      ]
    },
    {
      "object_kind": "var",
      "config_addr": "module.s3.module.labels.var.label_value_case",
      "status": "pass",
      "objects": [
        {
          "object_addr": "module.s3.module.labels.var.label_value_case",
          "status": "pass"
        }
      ]
    },
    {
      "object_kind": "var",
      "config_addr": "module.cloudfront.module.labels.var.context",
      "status": "unknown",
      "objects": [
        {
          "object_addr": "module.cloudfront.module.labels.var.context",
          "status": "unknown"
        }
      ]
    },
    {
      "object_kind": "var",
      "config_addr": "module.table_authors.var.id_length_limit",
      "status": "unknown",
      "objects": [
        {
          "object_addr": "module.table_authors.var.id_length_limit",
          "status": "unknown"
        }
      ]
    },
    {
      "object_kind": "var",
      "config_addr": "module.sns.module.this.var.id_length_limit",
      "status": "unknown",
      "objects": [
        {
          "object_addr": "module.sns.module.this.var.id_length_limit",
          "status": "unknown"
        }
      ]
    },
    {
      "object_kind": "var",
      "config_addr": "module.table_courses.module.this.var.label_value_case",
      "status": "unknown",
      "objects": [
        {
          "object_addr": "module.table_courses.module.this.var.label_value_case",
          "status": "unknown"
        }
      ]
    },
    {
      "object_kind": "var",
      "config_addr": "module.cloudfront.module.this.var.context",
      "status": "unknown",
      "objects": [
        {
          "object_addr": "module.cloudfront.module.this.var.context",
          "status": "unknown"
        }
      ]
    },
    {
      "object_kind": "var",
      "config_addr": "module.table_authors.module.this.var.label_key_case",
      "status": "unknown",
      "objects": [
        {
          "object_addr": "module.table_authors.module.this.var.label_key_case",
          "status": "unknown"
        }
      ]
    },
    {
      "object_kind": "var",
      "config_addr": "module.sns.module.labels.var.context",
      "status": "unknown",
      "objects": [
        {
          "object_addr": "module.sns.module.labels.var.context",
          "status": "unknown"
        }
      ]
    },
    {
      "object_kind": "var",
      "config_addr": "module.table_courses.module.this.var.label_key_case",
      "status": "unknown",
      "objects": [
        {
          "object_addr": "module.table_courses.module.this.var.label_key_case",
          "status": "unknown"
        }
      ]
    },
    {
      "object_kind": "var",
      "config_addr": "module.iam.module.this.var.label_key_case",
      "status": "unknown",
      "objects": [
        {
          "object_addr": "module.iam.module.this.var.label_key_case",
          "status": "unknown"
        }
      ]
    },
    {
      "object_kind": "var",
      "config_addr": "module.iam.module.this.var.context",
      "status": "unknown",
      "objects": [
        {
          "object_addr": "module.iam.module.this.var.context",
          "status": "unknown"
        }
      ]
    },
    {
      "object_kind": "var",
      "config_addr": "module.s3.module.labels.var.context",
      "status": "pass",
      "objects": [
        {
          "object_addr": "module.s3.module.labels.var.context",
          "status": "pass"
        }
      ]
    },
    {
      "object_kind": "var",
      "config_addr": "module.api.var.label_key_case",
      "status": "unknown",
      "objects": [
        {
          "object_addr": "module.api.var.label_key_case",
          "status": "unknown"
        }
      ]
    },
    {
      "object_kind": "var",
      "config_addr": "var.context",
      "status": "pass",
      "objects": [
        {
          "object_addr": "var.context",
          "status": "pass"
        }
      ]
    },
    {
      "object_kind": "var",
      "config_addr": "module.sns.var.label_value_case",
      "status": "unknown",
      "objects": [
        {
          "object_addr": "module.sns.var.label_value_case",
          "status": "unknown"
        }
      ]
    },
    {
      "object_kind": "var",
      "config_addr": "module.cloudfront.module.this.var.label_key_case",
      "status": "unknown",
      "objects": [
        {
          "object_addr": "module.cloudfront.module.this.var.label_key_case",
          "status": "unknown"
        }
      ]
    },
    {
      "object_kind": "var",
      "config_addr": "module.api.var.context",
      "status": "unknown",
      "objects": [
        {
          "object_addr": "module.api.var.context",
          "status": "unknown"
        }
      ]
    },
    {
      "object_kind": "var",
      "config_addr": "module.api.module.this.var.context",
      "status": "unknown",
      "objects": [
        {
          "object_addr": "module.api.module.this.var.context",
          "status": "unknown"
        }
      ]
    }
  ]
}
